{
  "version": 4,
  "terraform_version": "1.5.3",
  "serial": 345,
  "lineage": "2c2bbe22-0674-012d-1a06-2fd080180404",
  "outputs": {
    "cluster": {
      "value": {
        "arn": "arn:aws:eks:ap-northeast-2:480936841767:cluster/interface-test",
        "ca_cert": "LS0tLS1CRUdJTiBDRVJUSUZJQ0FURS0tLS0tCk1JSUMvakNDQWVhZ0F3SUJBZ0lCQURBTkJna3Foa2lHOXcwQkFRc0ZBREFWTVJNd0VRWURWUVFERXdwcmRXSmwKY201bGRHVnpNQjRYRFRJek1EY3lNREV5TlRjeU5Wb1hEVE16TURjeE56RXlOVGN5TlZvd0ZURVRNQkVHQTFVRQpBeE1LYTNWaVpYSnVaWFJsY3pDQ0FTSXdEUVlKS29aSWh2Y05BUUVCQlFBRGdnRVBBRENDQVFvQ2dnRUJBUGVyClduR08wazZRS3RHSWd0RGNFN2ZTVlBSN3JTL095YXNJMGNJVGdCdkExM25GMXpFTjZuUVRQZGpGNGpFQkVUb2gKd1J5OWQxeDNPQnlRUDJtcGFScVdkOWdhWUY5ZGJsUWNzTmxhNG1Od1lDSjdNdUJQYzZwRGhMRWdtTzhEcjRuUQo4cEFDMlRwMWFSdmVhekc4elZOQUZWc0dLeDRBSllnWldsSWpYNmlvZUJVZVdsWHRmdFdzOTZnVktYaVRwejV0CnJxVkV6bmJWZ1NIc2QveGxFcDZ4YXRNVi9NaWVTUmpzSHRMQ0h0Mjk5aEN5ZzU1V2x1NkNDS01Xelg5ZWduc1oKbVRDd25Ndkxrb2NMQXA2Rnk5WWdTRTFubW9lYzZRZWNYZEtxemNPM0Q1aGxpUnFnczBOMGpkbERqZUR2QzdBZQpHcHBpcU1MalB1SDBCeGFQZzEwQ0F3RUFBYU5aTUZjd0RnWURWUjBQQVFIL0JBUURBZ0trTUE4R0ExVWRFd0VCCi93UUZNQU1CQWY4d0hRWURWUjBPQkJZRUZEcWZYVVdDMTg4akQ3QU54YmdqRWsyN282c1pNQlVHQTFVZEVRUU8KTUF5Q0NtdDFZbVZ5Ym1WMFpYTXdEUVlKS29aSWh2Y05BUUVMQlFBRGdnRUJBSzlUeitVRkJmNXlFSUFpcUtBagpibmNwbUNrU1VISGRIQXpHdE5Sa1loSkdLNFppV0N6azBxdVZzK3hmcjNHVjhiRVJ6RG9BZWNIZ0ZPdG5RNnYrCmdhK1FmWStFSnFueVMrU05DZWo4OWZYVkxVVnRFU1loS3BVNEZ2dGNoTFBEVVR4UXBWYXZDZk9FdDVMS2dvWDgKbW5VQThPckZmcGFMOC9UbUFHRE9sSzJOTzJjSXU4MlR4YkdmS1V3eXFoUjRiWVJoeTRTV0FNYU8xaXR0U3I4Rwp0VXY0ZllXeDJTdDZnbFFucmN4dGlhcE11a2RudUxJZFNjWDNRSDREeTNVMG03MzVNdlc1Sy9zaFBQY1FObzhaClZwOVQxQUNFektRSWJBdDhUOGRIMlp3KzArREZZSGRUeWVpc2Y2MU1uYzNzYU5lT0hES294dnFDeTZZL2ZqR1EKQzNnPQotLS0tLUVORCBDRVJUSUZJQ0FURS0tLS0tCg==",
        "endpoint": "https://E2F652A1469FF7207146A1587E9712DA.gr7.ap-northeast-2.eks.amazonaws.com",
        "iam_roles": {
          "control_plane": {
            "arn": "arn:aws:iam::480936841767:role/eks-interface-test-control-plane",
            "description": "Role for the EKS cluster(interface-test) control plane",
            "effective_date": null,
            "expiration_date": null,
            "inline_policies": [],
            "instance_profile_arn": null,
            "instance_profile_name": null,
            "instance_profile_unique_id": null,
            "mfa_required": false,
            "mfa_ttl": 86400,
            "name": "eks-interface-test-control-plane",
            "policies": [
              "arn:aws:iam::aws:policy/AmazonEKSClusterPolicy",
              "arn:aws:iam::aws:policy/AmazonEKSVPCResourceController"
            ],
            "source_ip_blacklist": [],
            "source_ip_whitelist": [],
            "unique_id": "AROAW76QR2ITYOWW7XVYB"
          },
          "fargate_profile": {
            "arn": "arn:aws:iam::480936841767:role/eks-interface-test-fargate-profile",
            "description": "Role for the EKS cluster(interface-test) Fargate profiles",
            "effective_date": null,
            "expiration_date": null,
            "inline_policies": [],
            "instance_profile_arn": null,
            "instance_profile_name": null,
            "instance_profile_unique_id": null,
            "mfa_required": false,
            "mfa_ttl": 86400,
            "name": "eks-interface-test-fargate-profile",
            "policies": [
              "arn:aws:iam::aws:policy/AmazonEKSFargatePodExecutionRolePolicy"
            ],
            "source_ip_blacklist": [],
            "source_ip_whitelist": [],
            "unique_id": "AROAW76QR2ITQUIXZAN2N"
          },
          "node": {
            "arn": "arn:aws:iam::480936841767:role/eks-interface-test-node",
            "description": "Role for the EKS cluster(interface-test) nodes",
            "effective_date": null,
            "expiration_date": null,
            "inline_policies": [],
            "instance_profile_arn": "arn:aws:iam::480936841767:instance-profile/eks-interface-test-node",
            "instance_profile_name": "eks-interface-test-node",
            "instance_profile_unique_id": "AIPAW76QR2ITQ4D43SXMW",
            "mfa_required": false,
            "mfa_ttl": 86400,
            "name": "eks-interface-test-node",
            "policies": [
              "arn:aws:iam::aws:policy/AmazonEKSWorkerNodePolicy",
              "arn:aws:iam::aws:policy/AmazonEKS_CNI_Policy",
              "arn:aws:iam::aws:policy/AmazonEC2ContainerRegistryReadOnly"
            ],
            "source_ip_blacklist": [],
            "source_ip_whitelist": [],
            "unique_id": "AROAW76QR2IT4WCNWQ4AR"
          }
        },
        "log_group_arn": "arn:aws:logs:ap-northeast-2:480936841767:log-group:/aws/eks/interface-test/cluster",
        "log_group_name": "/aws/eks/interface-test/cluster",
        "log_types": [],
        "name": "interface-test",
        "oidc_provider_arn": "arn:aws:iam::480936841767:oidc-provider/oidc.eks.ap-northeast-2.amazonaws.com/id/E2F652A1469FF7207146A1587E9712DA",
        "oidc_provider_url": "https://oidc.eks.ap-northeast-2.amazonaws.com/id/E2F652A1469FF7207146A1587E9712DA",
        "oidc_provider_urn": "oidc.eks.ap-northeast-2.amazonaws.com/id/E2F652A1469FF7207146A1587E9712DA",
        "platform_version": "eks.3",
        "security_group_ids": {
          "cluster": "sg-0f27555639d41a8cd",
          "control_plane": "sg-0589b758f9c6b20eb",
          "node": "sg-036691aa0243bcbaa",
          "pod": "sg-07f9327f92d82416e"
        },
        "service_cidr": "172.20.0.0/16",
        "status": "ACTIVE",
        "subnet_ids": [
          "subnet-039bbc479baf85052",
          "subnet-0d196beb5d59735f0"
        ],
        "version": "1.27",
        "vpc_id": "vpc-061d391c2c51349fc"
      },
      "type": [
        "object",
        {
          "arn": "string",
          "ca_cert": "string",
          "endpoint": "string",
          "iam_roles": [
            "object",
            {
              "control_plane": [
                "object",
                {
                  "arn": "string",
                  "description": "string",
                  "effective_date": "string",
                  "expiration_date": "string",
                  "inline_policies": [
                    "list",
                    "string"
                  ],
                  "instance_profile_arn": "dynamic",
                  "instance_profile_name": "dynamic",
                  "instance_profile_unique_id": "dynamic",
                  "mfa_required": "bool",
                  "mfa_ttl": "number",
                  "name": "string",
                  "policies": [
                    "list",
                    "string"
                  ],
                  "source_ip_blacklist": [
                    "list",
                    "string"
                  ],
                  "source_ip_whitelist": [
                    "list",
                    "string"
                  ],
                  "unique_id": "string"
                }
              ],
              "fargate_profile": [
                "object",
                {
                  "arn": "string",
                  "description": "string",
                  "effective_date": "string",
                  "expiration_date": "string",
                  "inline_policies": [
                    "list",
                    "string"
                  ],
                  "instance_profile_arn": "dynamic",
                  "instance_profile_name": "dynamic",
                  "instance_profile_unique_id": "dynamic",
                  "mfa_required": "bool",
                  "mfa_ttl": "number",
                  "name": "string",
                  "policies": [
                    "list",
                    "string"
                  ],
                  "source_ip_blacklist": [
                    "list",
                    "string"
                  ],
                  "source_ip_whitelist": [
                    "list",
                    "string"
                  ],
                  "unique_id": "string"
                }
              ],
              "node": [
                "object",
                {
                  "arn": "string",
                  "description": "string",
                  "effective_date": "string",
                  "expiration_date": "string",
                  "inline_policies": [
                    "list",
                    "string"
                  ],
                  "instance_profile_arn": "string",
                  "instance_profile_name": "string",
                  "instance_profile_unique_id": "string",
                  "mfa_required": "bool",
                  "mfa_ttl": "number",
                  "name": "string",
                  "policies": [
                    "list",
                    "string"
                  ],
                  "source_ip_blacklist": [
                    "list",
                    "string"
                  ],
                  "source_ip_whitelist": [
                    "list",
                    "string"
                  ],
                  "unique_id": "string"
                }
              ]
            }
          ],
          "log_group_arn": "string",
          "log_group_name": "string",
          "log_types": [
            "set",
            "string"
          ],
          "name": "string",
          "oidc_provider_arn": "string",
          "oidc_provider_url": "string",
          "oidc_provider_urn": "string",
          "platform_version": "string",
          "security_group_ids": [
            "object",
            {
              "cluster": "string",
              "control_plane": "string",
              "node": "string",
              "pod": "string"
            }
          ],
          "service_cidr": "string",
          "status": "string",
          "subnet_ids": [
            "set",
            "string"
          ],
          "version": "string",
          "vpc_id": "string"
        }
      ]
    },
    "irsa": {
      "value": {
        "aws-load-balancer-controller": {
          "arn": "arn:aws:iam::480936841767:role/irsa-interface-test-addon-aws-load-balancer-controller",
          "description": "EKS IAM Role for Service Account of AWS LoadBalancer Controller Addon.",
          "effective_date": null,
          "expiration_date": null,
          "inline_policies": [
            "this"
          ],
          "mfa_required": false,
          "mfa_ttl": 86400,
          "name": "irsa-interface-test-addon-aws-load-balancer-controller",
          "policies": [],
          "source_ip_blacklist": [],
          "source_ip_whitelist": [],
          "unique_id": "AROAW76QR2IT7A57REK44"
        },
        "irsa-test": {
          "arn": "arn:aws:iam::480936841767:role/irsa-interface-test-app-irsa-test",
          "description": "EKS IAM Role for Service Account of irsa-test app.",
          "effective_date": null,
          "expiration_date": null,
          "inline_policies": [
            "this"
          ],
          "mfa_required": false,
          "mfa_ttl": 86400,
          "name": "irsa-interface-test-app-irsa-test",
          "policies": [],
          "source_ip_blacklist": [],
          "source_ip_whitelist": [],
          "unique_id": "AROAW76QR2IT6MHL34HMR"
        },
        "kubernetes-external-secrets": {
          "arn": "arn:aws:iam::480936841767:role/irsa-interface-test-addon-kubernetes-external-secrets",
          "description": "EKS IAM Role for Service Account of Kubernetes External Secrets.",
          "effective_date": null,
          "expiration_date": null,
          "inline_policies": [
            "this"
          ],
          "mfa_required": false,
          "mfa_ttl": 86400,
          "name": "irsa-interface-test-addon-kubernetes-external-secrets",
          "policies": [],
          "source_ip_blacklist": [],
          "source_ip_whitelist": [],
          "unique_id": "AROAW76QR2IT5C2ZYBF6D"
        }
      },
      "type": [
        "object",
        {
          "aws-load-balancer-controller": [
            "object",
            {
              "arn": "string",
              "description": "string",
              "effective_date": "string",
              "expiration_date": "string",
              "inline_policies": [
                "list",
                "string"
              ],
              "mfa_required": "bool",
              "mfa_ttl": "number",
              "name": "string",
              "policies": [
                "list",
                "string"
              ],
              "source_ip_blacklist": [
                "list",
                "string"
              ],
              "source_ip_whitelist": [
                "list",
                "string"
              ],
              "unique_id": "string"
            }
          ],
          "irsa-test": [
            "object",
            {
              "arn": "string",
              "description": "string",
              "effective_date": "string",
              "expiration_date": "string",
              "inline_policies": [
                "list",
                "string"
              ],
              "mfa_required": "bool",
              "mfa_ttl": "number",
              "name": "string",
              "policies": [
                "list",
                "string"
              ],
              "source_ip_blacklist": [
                "list",
                "string"
              ],
              "source_ip_whitelist": [
                "list",
                "string"
              ],
              "unique_id": "string"
            }
          ],
          "kubernetes-external-secrets": [
            "object",
            {
              "arn": "string",
              "description": "string",
              "effective_date": "string",
              "expiration_date": "string",
              "inline_policies": [
                "list",
                "string"
              ],
              "mfa_required": "bool",
              "mfa_ttl": "number",
              "name": "string",
              "policies": [
                "list",
                "string"
              ],
              "source_ip_blacklist": [
                "list",
                "string"
              ],
              "source_ip_whitelist": [
                "list",
                "string"
              ],
              "unique_id": "string"
            }
          ]
        }
      ]
    },
    "latest_instance_ami": {
      "value": {
        "1.20": {
          "id": "ami-0be2179250cd5fcb7",
          "name": "amazon-eks-node-1.20-v20230105",
          "owner": "amazon"
        },
        "1.21": {
          "id": "ami-038a2e90254da13a0",
          "name": "amazon-eks-node-1.21-v20230304",
          "owner": "amazon"
        }
      },
      "type": [
        "object",
        {
          "1.20": [
            "object",
            {
              "id": "string",
              "name": "string",
              "owner": "string"
            }
          ],
          "1.21": [
            "object",
            {
              "id": "string",
              "name": "string",
              "owner": "string"
            }
          ]
        }
      ]
    },
    "node_groups": {
      "value": {
        "app": {
          "asg_arn": "arn:aws:autoscaling:ap-northeast-2:480936841767:autoScalingGroup:391138d1-17ac-4b14-8415-d3027a470508:autoScalingGroupName/interface-test-app-v1.21-20230720130103304000000009",
          "asg_id": "interface-test-app-v1.21-20230720130103304000000009",
          "asg_name": "interface-test-app-v1.21-20230720130103304000000009",
          "desired_size": 3,
          "instance_ami": "ami-0073aeb06ceb4b0dc",
          "instance_profile": "eks-interface-test-node",
          "instance_ssh_key": "RSAinterface",
          "instance_type": "t3.small",
          "max_size": 3,
          "min_size": 1,
          "name": "interface-test-app-v1.21"
        }
      },
      "type": [
        "object",
        {
          "app": [
            "object",
            {
              "asg_arn": "string",
              "asg_id": "string",
              "asg_name": "string",
              "desired_size": "number",
              "instance_ami": "string",
              "instance_profile": "string",
              "instance_ssh_key": "string",
              "instance_type": "string",
              "max_size": "number",
              "min_size": "number",
              "name": "string"
            }
          ]
        }
      ]
    }
  },
  "resources": [
    {
      "mode": "data",
      "type": "aws_ami",
      "name": "latest",
      "provider": "provider[\"registry.terraform.io/hashicorp/aws\"]",
      "instances": [
        {
          "index_key": "1.20",
          "schema_version": 0,
          "attributes": {
            "architecture": "x86_64",
            "arn": "arn:aws:ec2:ap-northeast-2::image/ami-0be2179250cd5fcb7",
            "block_device_mappings": [
              {
                "device_name": "/dev/xvda",
                "ebs": {
                  "delete_on_termination": "true",
                  "encrypted": "false",
                  "iops": "0",
                  "snapshot_id": "snap-0c3628503d45b2035",
                  "throughput": "0",
                  "volume_size": "20",
                  "volume_type": "gp2"
                },
                "no_device": "",
                "virtual_name": ""
              }
            ],
            "creation_date": "2023-01-05T17:36:51.000Z",
            "description": "EKS Kubernetes Worker AMI with AmazonLinux2 image, (k8s: 1.20.15, docker: 20.10.17-1.amzn2.0.1, containerd: 1.6.6-1.amzn2.0.2)",
            "ena_support": true,
            "executable_users": null,
            "filter": [
              {
                "name": "name",
                "values": [
                  "amazon-eks-node-1.20-v*"
                ]
              }
            ],
            "hypervisor": "xen",
            "id": "ami-0be2179250cd5fcb7",
            "image_id": "ami-0be2179250cd5fcb7",
            "image_location": "amazon/amazon-eks-node-1.20-v20230105",
            "image_owner_alias": "amazon",
            "image_type": "machine",
            "kernel_id": null,
            "most_recent": true,
            "name": "amazon-eks-node-1.20-v20230105",
            "name_regex": null,
            "owner_id": "602401143452",
            "owners": [
              "602401143452"
            ],
            "platform": null,
            "platform_details": "Linux/UNIX",
            "product_codes": [],
            "public": true,
            "ramdisk_id": null,
            "root_device_name": "/dev/xvda",
            "root_device_type": "ebs",
            "root_snapshot_id": "snap-0c3628503d45b2035",
            "sriov_net_support": "simple",
            "state": "available",
            "state_reason": {
              "code": "UNSET",
              "message": "UNSET"
            },
            "tags": {},
            "usage_operation": "RunInstances",
            "virtualization_type": "hvm"
          },
          "sensitive_attributes": []
        },
        {
          "index_key": "1.21",
          "schema_version": 0,
          "attributes": {
            "architecture": "x86_64",
            "arn": "arn:aws:ec2:ap-northeast-2::image/ami-038a2e90254da13a0",
            "block_device_mappings": [
              {
                "device_name": "/dev/xvda",
                "ebs": {
                  "delete_on_termination": "true",
                  "encrypted": "false",
                  "iops": "0",
                  "snapshot_id": "snap-04ccf8a47d39619f3",
                  "throughput": "0",
                  "volume_size": "20",
                  "volume_type": "gp2"
                },
                "no_device": "",
                "virtual_name": ""
              }
            ],
            "creation_date": "2023-03-05T17:39:20.000Z",
            "description": "EKS Kubernetes Worker AMI with AmazonLinux2 image, (k8s: 1.21.14, docker: 20.10.17-1.amzn2.0.1, containerd: 1.6.6-1.amzn2.0.2)",
            "ena_support": true,
            "executable_users": null,
            "filter": [
              {
                "name": "name",
                "values": [
                  "amazon-eks-node-1.21-v*"
                ]
              }
            ],
            "hypervisor": "xen",
            "id": "ami-038a2e90254da13a0",
            "image_id": "ami-038a2e90254da13a0",
            "image_location": "amazon/amazon-eks-node-1.21-v20230304",
            "image_owner_alias": "amazon",
            "image_type": "machine",
            "kernel_id": null,
            "most_recent": true,
            "name": "amazon-eks-node-1.21-v20230304",
            "name_regex": null,
            "owner_id": "602401143452",
            "owners": [
              "602401143452"
            ],
            "platform": null,
            "platform_details": "Linux/UNIX",
            "product_codes": [],
            "public": true,
            "ramdisk_id": null,
            "root_device_name": "/dev/xvda",
            "root_device_type": "ebs",
            "root_snapshot_id": "snap-04ccf8a47d39619f3",
            "sriov_net_support": "simple",
            "state": "available",
            "state_reason": {
              "code": "UNSET",
              "message": "UNSET"
            },
            "tags": {},
            "usage_operation": "RunInstances",
            "virtualization_type": "hvm"
          },
          "sensitive_attributes": []
        }
      ]
    },
    {
      "mode": "data",
      "type": "aws_eks_cluster_auth",
      "name": "this",
      "provider": "provider[\"registry.terraform.io/hashicorp/aws\"]",
      "instances": [
        {
          "schema_version": 0,
          "attributes": {
            "id": "interface-test",
            "name": "interface-test",
            "token": "k8s-aws-v1.aHR0cHM6Ly9zdHMuYXAtbm9ydGhlYXN0LTIuYW1hem9uYXdzLmNvbS8_QWN0aW9uPUdldENhbGxlcklkZW50aXR5JlZlcnNpb249MjAxMS0wNi0xNSZYLUFtei1BbGdvcml0aG09QVdTNC1ITUFDLVNIQTI1NiZYLUFtei1DcmVkZW50aWFsPUFLSUFXNzZRUjJJVFQzWkVNR1Y2JTJGMjAyMzA3MjAlMkZhcC1ub3J0aGVhc3QtMiUyRnN0cyUyRmF3czRfcmVxdWVzdCZYLUFtei1EYXRlPTIwMjMwNzIwVDEzMDcwOVomWC1BbXotRXhwaXJlcz0wJlgtQW16LVNpZ25lZEhlYWRlcnM9aG9zdCUzQngtazhzLWF3cy1pZCZYLUFtei1TaWduYXR1cmU9MzQxNDE3NTAzZTFjNWI3N2QxOWIxZDNmZGMwODc1MmIyMjMwYmNjMzgyMzcxZDJhMDI3YzhkZjE0MWY5M2ZiNw"
          },
          "sensitive_attributes": []
        }
      ]
    },
    {
      "mode": "data",
      "type": "terraform_remote_state",
      "name": "network",
      "provider": "provider[\"terraform.io/builtin/terraform\"]",
      "instances": [
        {
          "schema_version": 0,
          "attributes": {
            "backend": "local",
            "config": {
              "value": {
                "path": "./../../terraform-aws-ubuntu/network/terraform.tfstate"
              },
              "type": [
                "object",
                {
                  "path": "string"
                }
              ]
            },
            "defaults": null,
            "outputs": {
              "value": {
                "subnet_groups": {
                  "private": {
                    "arns": [
                      "arn:aws:ec2:ap-northeast-2:480936841767:subnet/subnet-093d4dad9d49aa074",
                      "arn:aws:ec2:ap-northeast-2:480936841767:subnet/subnet-0332b29791ece1b7c"
                    ],
                    "availability_zone_ids": [
                      "apne2-az1",
                      "apne2-az2"
                    ],
                    "availability_zones": [
                      "ap-northeast-2a",
                      "ap-northeast-2b"
                    ],
                    "cache_subnet_group_id": null,
                    "cidr_blocks": [
                      "10.222.2.0/24",
                      "10.222.3.0/24"
                    ],
                    "dax_subnet_group_id": null,
                    "db_subnet_group_arn": null,
                    "db_subnet_group_id": null,
                    "dms_replication_subnet_group_id": null,
                    "docdb_subnet_group_arn": null,
                    "docdb_subnet_group_id": null,
                    "ids": [
                      "subnet-093d4dad9d49aa074",
                      "subnet-0332b29791ece1b7c"
                    ],
                    "ipv6_cidr_blocks": [],
                    "name": "interface-test-private",
                    "neptune_subnet_group_arn": null,
                    "neptune_subnet_group_id": null,
                    "redshift_subnet_group_arn": null,
                    "redshift_subnet_group_id": null,
                    "subnets": [
                      {
                        "arn": "arn:aws:ec2:ap-northeast-2:480936841767:subnet/subnet-093d4dad9d49aa074",
                        "assign_ipv6_address_on_creation": false,
                        "availability_zone": "ap-northeast-2a",
                        "availability_zone_id": "apne2-az1",
                        "cidr_block": "10.222.2.0/24",
                        "customer_owned_ipv4_pool": "",
                        "enable_dns64": false,
                        "enable_resource_name_dns_a_record_on_launch": false,
                        "enable_resource_name_dns_aaaa_record_on_launch": false,
                        "id": "subnet-093d4dad9d49aa074",
                        "ipv6_cidr_block": "",
                        "ipv6_cidr_block_association_id": "",
                        "ipv6_native": false,
                        "map_customer_owned_ip_on_launch": false,
                        "map_public_ip_on_launch": false,
                        "outpost_arn": "",
                        "owner_id": "480936841767",
                        "private_dns_hostname_type_on_launch": "ip-name",
                        "tags": {
                          "Name": "interface-test-private-001/az1",
                          "Owner": "mark",
                          "Project": "interface_test",
                          "module.terraform.io/full-name": "terraform-aws-network/subnet-group",
                          "module.terraform.io/instance": "interface-test-private",
                          "module.terraform.io/name": "subnet-group",
                          "module.terraform.io/package": "terraform-aws-network",
                          "module.terraform.io/version": "0.24.0"
                        },
                        "tags_all": {
                          "Name": "interface-test-private-001/az1",
                          "Owner": "mark",
                          "Project": "interface_test",
                          "module.terraform.io/full-name": "terraform-aws-network/subnet-group",
                          "module.terraform.io/instance": "interface-test-private",
                          "module.terraform.io/name": "subnet-group",
                          "module.terraform.io/package": "terraform-aws-network",
                          "module.terraform.io/version": "0.24.0"
                        },
                        "timeouts": null,
                        "vpc_id": "vpc-061d391c2c51349fc"
                      },
                      {
                        "arn": "arn:aws:ec2:ap-northeast-2:480936841767:subnet/subnet-0332b29791ece1b7c",
                        "assign_ipv6_address_on_creation": false,
                        "availability_zone": "ap-northeast-2b",
                        "availability_zone_id": "apne2-az2",
                        "cidr_block": "10.222.3.0/24",
                        "customer_owned_ipv4_pool": "",
                        "enable_dns64": false,
                        "enable_resource_name_dns_a_record_on_launch": false,
                        "enable_resource_name_dns_aaaa_record_on_launch": false,
                        "id": "subnet-0332b29791ece1b7c",
                        "ipv6_cidr_block": "",
                        "ipv6_cidr_block_association_id": "",
                        "ipv6_native": false,
                        "map_customer_owned_ip_on_launch": false,
                        "map_public_ip_on_launch": false,
                        "outpost_arn": "",
                        "owner_id": "480936841767",
                        "private_dns_hostname_type_on_launch": "ip-name",
                        "tags": {
                          "Name": "interface-test-private-002/az2",
                          "Owner": "mark",
                          "Project": "interface_test",
                          "module.terraform.io/full-name": "terraform-aws-network/subnet-group",
                          "module.terraform.io/instance": "interface-test-private",
                          "module.terraform.io/name": "subnet-group",
                          "module.terraform.io/package": "terraform-aws-network",
                          "module.terraform.io/version": "0.24.0"
                        },
                        "tags_all": {
                          "Name": "interface-test-private-002/az2",
                          "Owner": "mark",
                          "Project": "interface_test",
                          "module.terraform.io/full-name": "terraform-aws-network/subnet-group",
                          "module.terraform.io/instance": "interface-test-private",
                          "module.terraform.io/name": "subnet-group",
                          "module.terraform.io/package": "terraform-aws-network",
                          "module.terraform.io/version": "0.24.0"
                        },
                        "timeouts": null,
                        "vpc_id": "vpc-061d391c2c51349fc"
                      }
                    ],
                    "vpc_id": "vpc-061d391c2c51349fc"
                  },
                  "public": {
                    "arns": [
                      "arn:aws:ec2:ap-northeast-2:480936841767:subnet/subnet-0d196beb5d59735f0",
                      "arn:aws:ec2:ap-northeast-2:480936841767:subnet/subnet-039bbc479baf85052"
                    ],
                    "availability_zone_ids": [
                      "apne2-az1",
                      "apne2-az2"
                    ],
                    "availability_zones": [
                      "ap-northeast-2a",
                      "ap-northeast-2b"
                    ],
                    "cache_subnet_group_id": null,
                    "cidr_blocks": [
                      "10.222.0.0/24",
                      "10.222.1.0/24"
                    ],
                    "dax_subnet_group_id": null,
                    "db_subnet_group_arn": null,
                    "db_subnet_group_id": null,
                    "dms_replication_subnet_group_id": null,
                    "docdb_subnet_group_arn": null,
                    "docdb_subnet_group_id": null,
                    "ids": [
                      "subnet-0d196beb5d59735f0",
                      "subnet-039bbc479baf85052"
                    ],
                    "ipv6_cidr_blocks": [],
                    "name": "interface-test-public",
                    "neptune_subnet_group_arn": null,
                    "neptune_subnet_group_id": null,
                    "redshift_subnet_group_arn": null,
                    "redshift_subnet_group_id": null,
                    "subnets": [
                      {
                        "arn": "arn:aws:ec2:ap-northeast-2:480936841767:subnet/subnet-0d196beb5d59735f0",
                        "assign_ipv6_address_on_creation": false,
                        "availability_zone": "ap-northeast-2a",
                        "availability_zone_id": "apne2-az1",
                        "cidr_block": "10.222.0.0/24",
                        "customer_owned_ipv4_pool": "",
                        "enable_dns64": false,
                        "enable_resource_name_dns_a_record_on_launch": false,
                        "enable_resource_name_dns_aaaa_record_on_launch": false,
                        "id": "subnet-0d196beb5d59735f0",
                        "ipv6_cidr_block": "",
                        "ipv6_cidr_block_association_id": "",
                        "ipv6_native": false,
                        "map_customer_owned_ip_on_launch": false,
                        "map_public_ip_on_launch": true,
                        "outpost_arn": "",
                        "owner_id": "480936841767",
                        "private_dns_hostname_type_on_launch": "ip-name",
                        "tags": {
                          "Name": "interface-test-public-001/az1",
                          "Owner": "mark",
                          "Project": "interface_test",
                          "module.terraform.io/full-name": "terraform-aws-network/subnet-group",
                          "module.terraform.io/instance": "interface-test-public",
                          "module.terraform.io/name": "subnet-group",
                          "module.terraform.io/package": "terraform-aws-network",
                          "module.terraform.io/version": "0.24.0"
                        },
                        "tags_all": {
                          "Name": "interface-test-public-001/az1",
                          "Owner": "mark",
                          "Project": "interface_test",
                          "module.terraform.io/full-name": "terraform-aws-network/subnet-group",
                          "module.terraform.io/instance": "interface-test-public",
                          "module.terraform.io/name": "subnet-group",
                          "module.terraform.io/package": "terraform-aws-network",
                          "module.terraform.io/version": "0.24.0"
                        },
                        "timeouts": null,
                        "vpc_id": "vpc-061d391c2c51349fc"
                      },
                      {
                        "arn": "arn:aws:ec2:ap-northeast-2:480936841767:subnet/subnet-039bbc479baf85052",
                        "assign_ipv6_address_on_creation": false,
                        "availability_zone": "ap-northeast-2b",
                        "availability_zone_id": "apne2-az2",
                        "cidr_block": "10.222.1.0/24",
                        "customer_owned_ipv4_pool": "",
                        "enable_dns64": false,
                        "enable_resource_name_dns_a_record_on_launch": false,
                        "enable_resource_name_dns_aaaa_record_on_launch": false,
                        "id": "subnet-039bbc479baf85052",
                        "ipv6_cidr_block": "",
                        "ipv6_cidr_block_association_id": "",
                        "ipv6_native": false,
                        "map_customer_owned_ip_on_launch": false,
                        "map_public_ip_on_launch": true,
                        "outpost_arn": "",
                        "owner_id": "480936841767",
                        "private_dns_hostname_type_on_launch": "ip-name",
                        "tags": {
                          "Name": "interface-test-public-002/az2",
                          "Owner": "mark",
                          "Project": "interface_test",
                          "module.terraform.io/full-name": "terraform-aws-network/subnet-group",
                          "module.terraform.io/instance": "interface-test-public",
                          "module.terraform.io/name": "subnet-group",
                          "module.terraform.io/package": "terraform-aws-network",
                          "module.terraform.io/version": "0.24.0"
                        },
                        "tags_all": {
                          "Name": "interface-test-public-002/az2",
                          "Owner": "mark",
                          "Project": "interface_test",
                          "module.terraform.io/full-name": "terraform-aws-network/subnet-group",
                          "module.terraform.io/instance": "interface-test-public",
                          "module.terraform.io/name": "subnet-group",
                          "module.terraform.io/package": "terraform-aws-network",
                          "module.terraform.io/version": "0.24.0"
                        },
                        "timeouts": null,
                        "vpc_id": "vpc-061d391c2c51349fc"
                      }
                    ],
                    "vpc_id": "vpc-061d391c2c51349fc"
                  }
                },
                "vpc": {
                  "arn": "arn:aws:ec2:ap-northeast-2:480936841767:vpc/vpc-061d391c2c51349fc",
                  "cidr_block": "10.222.0.0/16",
                  "default_network_acl_id": "acl-0d20f9ecefea9968f",
                  "default_route_table_id": "rtb-02266d82e8cfa7674",
                  "default_security_group_id": "sg-09a27925e50eb4f9e",
                  "dhcp_options_arn": null,
                  "dhcp_options_enabled": false,
                  "dhcp_options_id": null,
                  "dns_dnssec_validation_enabled": false,
                  "dns_dnssec_validation_id": null,
                  "dns_hostnames_enabled": true,
                  "dns_support_enabled": true,
                  "egress_only_internet_gateway_enabled": false,
                  "egress_only_internet_gateway_id": null,
                  "id": "vpc-061d391c2c51349fc",
                  "instance_tenancy": "default",
                  "internet_gateway_arn": "arn:aws:ec2:ap-northeast-2:480936841767:internet-gateway/igw-072edb3604cf69eed",
                  "internet_gateway_enabled": true,
                  "internet_gateway_id": "igw-072edb3604cf69eed",
                  "ipv6_association_id": "",
                  "ipv6_cidr_block": "",
                  "main_route_table_id": "rtb-02266d82e8cfa7674",
                  "name": "interface-test",
                  "private_hosted_zones": [],
                  "secondary_cidr_blocks": [],
                  "vpn_gateway_arn": null,
                  "vpn_gateway_asn": null,
                  "vpn_gateway_enabled": false,
                  "vpn_gateway_id": null
                }
              },
              "type": [
                "object",
                {
                  "subnet_groups": [
                    "object",
                    {
                      "private": [
                        "object",
                        {
                          "arns": [
                            "tuple",
                            [
                              "string",
                              "string"
                            ]
                          ],
                          "availability_zone_ids": [
                            "list",
                            "string"
                          ],
                          "availability_zones": [
                            "list",
                            "string"
                          ],
                          "cache_subnet_group_id": "dynamic",
                          "cidr_blocks": [
                            "tuple",
                            [
                              "string",
                              "string"
                            ]
                          ],
                          "dax_subnet_group_id": "dynamic",
                          "db_subnet_group_arn": "dynamic",
                          "db_subnet_group_id": "dynamic",
                          "dms_replication_subnet_group_id": "dynamic",
                          "docdb_subnet_group_arn": "dynamic",
                          "docdb_subnet_group_id": "dynamic",
                          "ids": [
                            "tuple",
                            [
                              "string",
                              "string"
                            ]
                          ],
                          "ipv6_cidr_blocks": [
                            "list",
                            "string"
                          ],
                          "name": "string",
                          "neptune_subnet_group_arn": "dynamic",
                          "neptune_subnet_group_id": "dynamic",
                          "redshift_subnet_group_arn": "dynamic",
                          "redshift_subnet_group_id": "dynamic",
                          "subnets": [
                            "tuple",
                            [
                              [
                                "object",
                                {
                                  "arn": "string",
                                  "assign_ipv6_address_on_creation": "bool",
                                  "availability_zone": "string",
                                  "availability_zone_id": "string",
                                  "cidr_block": "string",
                                  "customer_owned_ipv4_pool": "string",
                                  "enable_dns64": "bool",
                                  "enable_resource_name_dns_a_record_on_launch": "bool",
                                  "enable_resource_name_dns_aaaa_record_on_launch": "bool",
                                  "id": "string",
                                  "ipv6_cidr_block": "string",
                                  "ipv6_cidr_block_association_id": "string",
                                  "ipv6_native": "bool",
                                  "map_customer_owned_ip_on_launch": "bool",
                                  "map_public_ip_on_launch": "bool",
                                  "outpost_arn": "string",
                                  "owner_id": "string",
                                  "private_dns_hostname_type_on_launch": "string",
                                  "tags": [
                                    "map",
                                    "string"
                                  ],
                                  "tags_all": [
                                    "map",
                                    "string"
                                  ],
                                  "timeouts": [
                                    "object",
                                    {
                                      "create": "string",
                                      "delete": "string"
                                    }
                                  ],
                                  "vpc_id": "string"
                                }
                              ],
                              [
                                "object",
                                {
                                  "arn": "string",
                                  "assign_ipv6_address_on_creation": "bool",
                                  "availability_zone": "string",
                                  "availability_zone_id": "string",
                                  "cidr_block": "string",
                                  "customer_owned_ipv4_pool": "string",
                                  "enable_dns64": "bool",
                                  "enable_resource_name_dns_a_record_on_launch": "bool",
                                  "enable_resource_name_dns_aaaa_record_on_launch": "bool",
                                  "id": "string",
                                  "ipv6_cidr_block": "string",
                                  "ipv6_cidr_block_association_id": "string",
                                  "ipv6_native": "bool",
                                  "map_customer_owned_ip_on_launch": "bool",
                                  "map_public_ip_on_launch": "bool",
                                  "outpost_arn": "string",
                                  "owner_id": "string",
                                  "private_dns_hostname_type_on_launch": "string",
                                  "tags": [
                                    "map",
                                    "string"
                                  ],
                                  "tags_all": [
                                    "map",
                                    "string"
                                  ],
                                  "timeouts": [
                                    "object",
                                    {
                                      "create": "string",
                                      "delete": "string"
                                    }
                                  ],
                                  "vpc_id": "string"
                                }
                              ]
                            ]
                          ],
                          "vpc_id": "string"
                        }
                      ],
                      "public": [
                        "object",
                        {
                          "arns": [
                            "tuple",
                            [
                              "string",
                              "string"
                            ]
                          ],
                          "availability_zone_ids": [
                            "list",
                            "string"
                          ],
                          "availability_zones": [
                            "list",
                            "string"
                          ],
                          "cache_subnet_group_id": "dynamic",
                          "cidr_blocks": [
                            "tuple",
                            [
                              "string",
                              "string"
                            ]
                          ],
                          "dax_subnet_group_id": "dynamic",
                          "db_subnet_group_arn": "dynamic",
                          "db_subnet_group_id": "dynamic",
                          "dms_replication_subnet_group_id": "dynamic",
                          "docdb_subnet_group_arn": "dynamic",
                          "docdb_subnet_group_id": "dynamic",
                          "ids": [
                            "tuple",
                            [
                              "string",
                              "string"
                            ]
                          ],
                          "ipv6_cidr_blocks": [
                            "list",
                            "string"
                          ],
                          "name": "string",
                          "neptune_subnet_group_arn": "dynamic",
                          "neptune_subnet_group_id": "dynamic",
                          "redshift_subnet_group_arn": "dynamic",
                          "redshift_subnet_group_id": "dynamic",
                          "subnets": [
                            "tuple",
                            [
                              [
                                "object",
                                {
                                  "arn": "string",
                                  "assign_ipv6_address_on_creation": "bool",
                                  "availability_zone": "string",
                                  "availability_zone_id": "string",
                                  "cidr_block": "string",
                                  "customer_owned_ipv4_pool": "string",
                                  "enable_dns64": "bool",
                                  "enable_resource_name_dns_a_record_on_launch": "bool",
                                  "enable_resource_name_dns_aaaa_record_on_launch": "bool",
                                  "id": "string",
                                  "ipv6_cidr_block": "string",
                                  "ipv6_cidr_block_association_id": "string",
                                  "ipv6_native": "bool",
                                  "map_customer_owned_ip_on_launch": "bool",
                                  "map_public_ip_on_launch": "bool",
                                  "outpost_arn": "string",
                                  "owner_id": "string",
                                  "private_dns_hostname_type_on_launch": "string",
                                  "tags": [
                                    "map",
                                    "string"
                                  ],
                                  "tags_all": [
                                    "map",
                                    "string"
                                  ],
                                  "timeouts": [
                                    "object",
                                    {
                                      "create": "string",
                                      "delete": "string"
                                    }
                                  ],
                                  "vpc_id": "string"
                                }
                              ],
                              [
                                "object",
                                {
                                  "arn": "string",
                                  "assign_ipv6_address_on_creation": "bool",
                                  "availability_zone": "string",
                                  "availability_zone_id": "string",
                                  "cidr_block": "string",
                                  "customer_owned_ipv4_pool": "string",
                                  "enable_dns64": "bool",
                                  "enable_resource_name_dns_a_record_on_launch": "bool",
                                  "enable_resource_name_dns_aaaa_record_on_launch": "bool",
                                  "id": "string",
                                  "ipv6_cidr_block": "string",
                                  "ipv6_cidr_block_association_id": "string",
                                  "ipv6_native": "bool",
                                  "map_customer_owned_ip_on_launch": "bool",
                                  "map_public_ip_on_launch": "bool",
                                  "outpost_arn": "string",
                                  "owner_id": "string",
                                  "private_dns_hostname_type_on_launch": "string",
                                  "tags": [
                                    "map",
                                    "string"
                                  ],
                                  "tags_all": [
                                    "map",
                                    "string"
                                  ],
                                  "timeouts": [
                                    "object",
                                    {
                                      "create": "string",
                                      "delete": "string"
                                    }
                                  ],
                                  "vpc_id": "string"
                                }
                              ]
                            ]
                          ],
                          "vpc_id": "string"
                        }
                      ]
                    }
                  ],
                  "vpc": [
                    "object",
                    {
                      "arn": "string",
                      "cidr_block": "string",
                      "default_network_acl_id": "string",
                      "default_route_table_id": "string",
                      "default_security_group_id": "string",
                      "dhcp_options_arn": "dynamic",
                      "dhcp_options_enabled": "bool",
                      "dhcp_options_id": "dynamic",
                      "dns_dnssec_validation_enabled": "bool",
                      "dns_dnssec_validation_id": "dynamic",
                      "dns_hostnames_enabled": "bool",
                      "dns_support_enabled": "bool",
                      "egress_only_internet_gateway_enabled": "bool",
                      "egress_only_internet_gateway_id": "dynamic",
                      "id": "string",
                      "instance_tenancy": "string",
                      "internet_gateway_arn": "string",
                      "internet_gateway_enabled": "bool",
                      "internet_gateway_id": "string",
                      "ipv6_association_id": "string",
                      "ipv6_cidr_block": "string",
                      "main_route_table_id": "string",
                      "name": "string",
                      "private_hosted_zones": [
                        "tuple",
                        []
                      ],
                      "secondary_cidr_blocks": [
                        "list",
                        "string"
                      ],
                      "vpn_gateway_arn": "dynamic",
                      "vpn_gateway_asn": "dynamic",
                      "vpn_gateway_enabled": "bool",
                      "vpn_gateway_id": "dynamic"
                    }
                  ]
                }
              ]
            },
            "workspace": null
          },
          "sensitive_attributes": []
        }
      ]
    },
    {
      "module": "module.aws_auth",
      "mode": "managed",
      "type": "kubernetes_config_map",
      "name": "this",
      "provider": "provider[\"registry.terraform.io/hashicorp/kubernetes\"]",
      "instances": [
        {
          "schema_version": 0,
          "attributes": {
            "binary_data": null,
            "data": {
              "mapAccounts": "[]\n",
              "mapRoles": "- \"groups\":\n  - \"system:bootstrappers\"\n  - \"system:nodes\"\n  \"rolearn\": \"arn:aws:iam::480936841767:role/eks-interface-test-node\"\n  \"username\": \"system:node:{{EC2PrivateDNSName}}\"\n",
              "mapUsers": "[]\n"
            },
            "id": "kube-system/aws-auth",
            "metadata": [
              {
                "annotations": null,
                "generate_name": "",
                "generation": 0,
                "labels": null,
                "name": "aws-auth",
                "namespace": "kube-system",
                "resource_version": "1785",
                "self_link": "",
                "uid": "6e6c2969-74e0-4a0a-a36f-a7b43c960f15"
              }
            ]
          },
          "sensitive_attributes": [],
          "private": "bnVsbA==",
          "dependencies": [
            "data.aws_eks_cluster_auth.this",
            "module.cluster.aws_eks_cluster.this",
            "module.cluster.module.role__control_plane.aws_iam_instance_profile.this",
            "module.cluster.module.role__control_plane.aws_iam_role.this",
            "module.cluster.module.role__control_plane.aws_iam_role_policy.inline",
            "module.cluster.module.role__control_plane.aws_iam_role_policy_attachment.managed",
            "module.cluster.module.role__control_plane.aws_resourcegroups_group.this",
            "module.cluster.module.role__control_plane.data.aws_caller_identity.this",
            "module.cluster.module.role__control_plane.data.aws_iam_policy_document.assume_role",
            "module.cluster.module.role__control_plane.data.aws_iam_policy_document.trusted_iam_entities",
            "module.cluster.module.role__control_plane.data.aws_iam_policy_document.trusted_oidc_providers",
            "module.cluster.module.role__control_plane.data.aws_iam_policy_document.trusted_saml_providers",
            "module.cluster.module.role__control_plane.data.aws_iam_policy_document.trusted_services",
            "module.cluster.module.role__control_plane.data.aws_partition.this",
            "module.cluster.module.role__fargate_profile.aws_iam_instance_profile.this",
            "module.cluster.module.role__fargate_profile.aws_iam_role.this",
            "module.cluster.module.role__fargate_profile.aws_iam_role_policy.inline",
            "module.cluster.module.role__fargate_profile.aws_iam_role_policy_attachment.managed",
            "module.cluster.module.role__fargate_profile.aws_resourcegroups_group.this",
            "module.cluster.module.role__fargate_profile.data.aws_caller_identity.this",
            "module.cluster.module.role__fargate_profile.data.aws_iam_policy_document.assume_role",
            "module.cluster.module.role__fargate_profile.data.aws_iam_policy_document.trusted_iam_entities",
            "module.cluster.module.role__fargate_profile.data.aws_iam_policy_document.trusted_oidc_providers",
            "module.cluster.module.role__fargate_profile.data.aws_iam_policy_document.trusted_saml_providers",
            "module.cluster.module.role__fargate_profile.data.aws_iam_policy_document.trusted_services",
            "module.cluster.module.role__fargate_profile.data.aws_partition.this",
            "module.cluster.module.role__node.aws_iam_instance_profile.this",
            "module.cluster.module.role__node.aws_iam_role.this",
            "module.cluster.module.role__node.aws_iam_role_policy.inline",
            "module.cluster.module.role__node.aws_iam_role_policy_attachment.managed",
            "module.cluster.module.role__node.aws_resourcegroups_group.this",
            "module.cluster.module.role__node.data.aws_caller_identity.this",
            "module.cluster.module.role__node.data.aws_iam_policy_document.assume_role",
            "module.cluster.module.role__node.data.aws_iam_policy_document.trusted_iam_entities",
            "module.cluster.module.role__node.data.aws_iam_policy_document.trusted_oidc_providers",
            "module.cluster.module.role__node.data.aws_iam_policy_document.trusted_saml_providers",
            "module.cluster.module.role__node.data.aws_iam_policy_document.trusted_services",
            "module.cluster.module.role__node.data.aws_partition.this"
          ]
        }
      ]
    },
    {
      "module": "module.cluster",
      "mode": "data",
      "type": "aws_subnet",
      "name": "selected",
      "provider": "provider[\"registry.terraform.io/hashicorp/aws\"]",
      "instances": [
        {
          "schema_version": 0,
          "attributes": {
            "arn": "arn:aws:ec2:ap-northeast-2:480936841767:subnet/subnet-0d196beb5d59735f0",
            "assign_ipv6_address_on_creation": false,
            "availability_zone": "ap-northeast-2a",
            "availability_zone_id": "apne2-az1",
            "available_ip_address_count": 248,
            "cidr_block": "10.222.0.0/24",
            "customer_owned_ipv4_pool": "",
            "default_for_az": false,
            "enable_dns64": false,
            "enable_resource_name_dns_a_record_on_launch": false,
            "enable_resource_name_dns_aaaa_record_on_launch": false,
            "filter": null,
            "id": "subnet-0d196beb5d59735f0",
            "ipv6_cidr_block": "",
            "ipv6_cidr_block_association_id": "",
            "ipv6_native": false,
            "map_customer_owned_ip_on_launch": false,
            "map_public_ip_on_launch": true,
            "outpost_arn": "",
            "owner_id": "480936841767",
            "private_dns_hostname_type_on_launch": "ip-name",
            "state": "available",
            "tags": {
              "Name": "interface-test-public-001/az1",
              "Owner": "mark",
              "Project": "interface_test",
              "module.terraform.io/full-name": "terraform-aws-network/subnet-group",
              "module.terraform.io/instance": "interface-test-public",
              "module.terraform.io/name": "subnet-group",
              "module.terraform.io/package": "terraform-aws-network",
              "module.terraform.io/version": "0.24.0"
            },
            "vpc_id": "vpc-061d391c2c51349fc"
          },
          "sensitive_attributes": []
        }
      ]
    },
    {
      "module": "module.cluster",
      "mode": "data",
      "type": "tls_certificate",
      "name": "this",
      "provider": "provider[\"registry.terraform.io/hashicorp/tls\"]",
      "instances": [
        {
          "schema_version": 0,
          "attributes": {
            "certificates": [
              {
                "cert_pem": "-----BEGIN CERTIFICATE-----\nMIIEdTCCA12gAwIBAgIJAKcOSkw0grd/MA0GCSqGSIb3DQEBCwUAMGgxCzAJBgNV\nBAYTAlVTMSUwIwYDVQQKExxTdGFyZmllbGQgVGVjaG5vbG9naWVzLCBJbmMuMTIw\nMAYDVQQLEylTdGFyZmllbGQgQ2xhc3MgMiBDZXJ0aWZpY2F0aW9uIEF1dGhvcml0\neTAeFw0wOTA5MDIwMDAwMDBaFw0zNDA2MjgxNzM5MTZaMIGYMQswCQYDVQQGEwJV\nUzEQMA4GA1UECBMHQXJpem9uYTETMBEGA1UEBxMKU2NvdHRzZGFsZTElMCMGA1UE\nChMcU3RhcmZpZWxkIFRlY2hub2xvZ2llcywgSW5jLjE7MDkGA1UEAxMyU3RhcmZp\nZWxkIFNlcnZpY2VzIFJvb3QgQ2VydGlmaWNhdGUgQXV0aG9yaXR5IC0gRzIwggEi\nMA0GCSqGSIb3DQEBAQUAA4IBDwAwggEKAoIBAQDVDDrEKvlO4vW+GZdfjohTsR8/\ny8+fIBNtKTrID30892t2OGPZNmCom15cAICyL1l/9of5JUOG52kbUpqQ4XHj2C0N\nTm/2yEnZtvMaVq4rtnQU68/7JuMauh2WLmo7WJSJR1b/JaCTcFOD2oR0FMNnngRo\nOt+OQFodSk7PQ5E751bWAHDLUu57fa4657wx+UX2wmDPE1kCK4DMNEffud6QZW0C\nzyyRpqbn3oUYSXxmTqM6bam17jQuug0DuDPfR+uxa40l2ZvOgdFFRjKWcIfeAg5J\nQ4W2bHO7ZOphQazJ1FTfhy/HIrImzJ9ZVGif/L4qL8RVHHVAYBeFAlU5i38FAgMB\nAAGjgfAwge0wDwYDVR0TAQH/BAUwAwEB/zAOBgNVHQ8BAf8EBAMCAYYwHQYDVR0O\nBBYEFJxfAN+qAdcwKziIorhtSpzyEZGDMB8GA1UdIwQYMBaAFL9ft9HO3R+G9FtV\nrNzXEMIOqYjnME8GCCsGAQUFBwEBBEMwQTAcBggrBgEFBQcwAYYQaHR0cDovL28u\nc3MyLnVzLzAhBggrBgEFBQcwAoYVaHR0cDovL3guc3MyLnVzL3guY2VyMCYGA1Ud\nHwQfMB0wG6AZoBeGFWh0dHA6Ly9zLnNzMi51cy9yLmNybDARBgNVHSAECjAIMAYG\nBFUdIAAwDQYJKoZIhvcNAQELBQADggEBACMd44pXyn3pF3lM8R5V/cxTbj5HD9/G\nVfKyBDbtgB9TxF00KGu+x1X8Z+rLP3+QsjPNG1gQggL4+C/1E2DUBc7xgQjB3ad1\nl08YuW3e95ORCLp+QCztweq7dp4zBncdDQh/U90bZKuCJ/Fp1U1ervShw3WnWEQt\n8jxwmKy6abaVd38PMV4s/KCHOkdp8Hlf9BRUpJVeEXgSYCfOn8J3/yNTd126/+pZ\n59vPr5KW7ySaNRB6nJHGDn2Z9j8Z3/VyVOEVqQdZe4O/Ui5GjLIAZHYcSNPYeehu\nVsyuLAOQ1xk4meTKCRlb/weWsKh/NEnfVqn3sF/tM+2MR7cwA130A4w=\n-----END CERTIFICATE-----\n",
                "is_ca": true,
                "issuer": "OU=Starfield Class 2 Certification Authority,O=Starfield Technologies\\, Inc.,C=US",
                "not_after": "2034-06-28T17:39:16Z",
                "not_before": "2009-09-02T00:00:00Z",
                "public_key_algorithm": "RSA",
                "serial_number": "12037640545166866303",
                "sha1_fingerprint": "9e99a48a9960b14926bb7f3b02e22da2b0ab7280",
                "signature_algorithm": "SHA256-RSA",
                "subject": "CN=Starfield Services Root Certificate Authority - G2,O=Starfield Technologies\\, Inc.,L=Scottsdale,ST=Arizona,C=US",
                "version": 3
              },
              {
                "cert_pem": "-----BEGIN CERTIFICATE-----\nMIIEkjCCA3qgAwIBAgITBn+USionzfP6wq4rAfkI7rnExjANBgkqhkiG9w0BAQsF\nADCBmDELMAkGA1UEBhMCVVMxEDAOBgNVBAgTB0FyaXpvbmExEzARBgNVBAcTClNj\nb3R0c2RhbGUxJTAjBgNVBAoTHFN0YXJmaWVsZCBUZWNobm9sb2dpZXMsIEluYy4x\nOzA5BgNVBAMTMlN0YXJmaWVsZCBTZXJ2aWNlcyBSb290IENlcnRpZmljYXRlIEF1\ndGhvcml0eSAtIEcyMB4XDTE1MDUyNTEyMDAwMFoXDTM3MTIzMTAxMDAwMFowOTEL\nMAkGA1UEBhMCVVMxDzANBgNVBAoTBkFtYXpvbjEZMBcGA1UEAxMQQW1hem9uIFJv\nb3QgQ0EgMTCCASIwDQYJKoZIhvcNAQEBBQADggEPADCCAQoCggEBALJ4gHHKeNXj\nca9HgFB0fW7Y14h29Jlo91ghYPl0hAEvrAIthtOgQ3pOsqTQNroBvo3bSMgHFzZM\n9O6II8c+6zf1tRn4SWiw3te5djgdYZ6k/oI2peVKVuRF4fn9tBb6dNqcmzU5L/qw\nIFAGbHrQgLKm+a/sRxmPUDgH3KKHOVj4utWp+UhnMJbulHheb4mjUcAwhmahRWa6\nVOujw5H5SNz/0egwLX0tdHA114gk957EWW67c4cX8jJGKLhD+rcdqsq08p8kDi1L\n93FcXmn/6pUCyziKrlA4b9v7LWIbxcceVOF34GfID5yHI9Y/QCB/IIDEgEw+OyQm\njgSubJrIqg0CAwEAAaOCATEwggEtMA8GA1UdEwEB/wQFMAMBAf8wDgYDVR0PAQH/\nBAQDAgGGMB0GA1UdDgQWBBSEGMyFNOy8DJSULghZnMeyEE4KCDAfBgNVHSMEGDAW\ngBScXwDfqgHXMCs4iKK4bUqc8hGRgzB4BggrBgEFBQcBAQRsMGowLgYIKwYBBQUH\nMAGGImh0dHA6Ly9vY3NwLnJvb3RnMi5hbWF6b250cnVzdC5jb20wOAYIKwYBBQUH\nMAKGLGh0dHA6Ly9jcnQucm9vdGcyLmFtYXpvbnRydXN0LmNvbS9yb290ZzIuY2Vy\nMD0GA1UdHwQ2MDQwMqAwoC6GLGh0dHA6Ly9jcmwucm9vdGcyLmFtYXpvbnRydXN0\nLmNvbS9yb290ZzIuY3JsMBEGA1UdIAQKMAgwBgYEVR0gADANBgkqhkiG9w0BAQsF\nAAOCAQEAYjdCXLwQtT6LLOkMm2xF4gcAevnFWAu5CIw+7bMlPLVvUOTNNWqnkzSW\nMiGpSESrnO09tKpzbeR/FoCJbM8oAxiDR3mjEH4wW6w7sGDgd9QIpuEdfF7Au/ma\neyKdpwAJfqxGF4PcnCZXmTA5YpaP7dreqsXMGz7KQ2hsVxa81Q4gLv7/wmpdLqBK\nbRRYh5TmOTFffHPLkIhqhBGWJ6bt2YFGpn6jcgAKUj6DiAdjd4lpFw85hdKrCEVN\n0FE6/V1dN2RMfjCyVSRCnTawXZwXgWHxyvkQAiSr6w10kY17RSlQOYiypok1JR4U\nakcjMS9cmvqtmg5iUaQqqcT5NJ0hGA==\n-----END CERTIFICATE-----\n",
                "is_ca": true,
                "issuer": "CN=Starfield Services Root Certificate Authority - G2,O=Starfield Technologies\\, Inc.,L=Scottsdale,ST=Arizona,C=US",
                "not_after": "2037-12-31T01:00:00Z",
                "not_before": "2015-05-25T12:00:00Z",
                "public_key_algorithm": "RSA",
                "serial_number": "144918191876577076464031512351042010504348870",
                "sha1_fingerprint": "06b25927c42a721631c1efd9431e648fa62e1e39",
                "signature_algorithm": "SHA256-RSA",
                "subject": "CN=Amazon Root CA 1,O=Amazon,C=US",
                "version": 3
              },
              {
                "cert_pem": "-----BEGIN CERTIFICATE-----\nMIIEXjCCA0agAwIBAgITB3MSOAudZoijOx7Zv5zNpo4ODzANBgkqhkiG9w0BAQsF\nADA5MQswCQYDVQQGEwJVUzEPMA0GA1UEChMGQW1hem9uMRkwFwYDVQQDExBBbWF6\nb24gUm9vdCBDQSAxMB4XDTIyMDgyMzIyMjEyOFoXDTMwMDgyMzIyMjEyOFowPDEL\nMAkGA1UEBhMCVVMxDzANBgNVBAoTBkFtYXpvbjEcMBoGA1UEAxMTQW1hem9uIFJT\nQSAyMDQ4IE0wMTCCASIwDQYJKoZIhvcNAQEBBQADggEPADCCAQoCggEBAOtxLKnL\nH4gokjIwr4pXD3i3NyWVVYesZ1yX0yLI2qIUZ2t88Gfa4gMqs1YSXca1R/lnCKeT\nepWSGA+0+fkQNpp/L4C2T7oTTsddUx7g3ZYzByDTlrwS5HRQQqEFE3O1T5tEJP4t\nf+28IoXsNiEzl3UGzicYgtzj2cWCB41eJgEmJmcf2T8TzzK6a614ZPyq/w4CPAff\nnAV4coz96nW3AyiE2uhuB4zQUIXvgVSycW7sbWLvj5TDXunEpNCRwC4kkZjK7rol\njtT2cbb7W2s4Bkg3R42G3PLqBvt2N32e/0JOTViCk8/iccJ4sXqrS1uUN4iB5Nmv\nJK74csVl+0u0UecCAwEAAaOCAVowggFWMBIGA1UdEwEB/wQIMAYBAf8CAQAwDgYD\nVR0PAQH/BAQDAgGGMB0GA1UdJQQWMBQGCCsGAQUFBwMBBggrBgEFBQcDAjAdBgNV\nHQ4EFgQUgbgOY4qJEhjl+js7UJWf5uWQE4UwHwYDVR0jBBgwFoAUhBjMhTTsvAyU\nlC4IWZzHshBOCggwewYIKwYBBQUHAQEEbzBtMC8GCCsGAQUFBzABhiNodHRwOi8v\nb2NzcC5yb290Y2ExLmFtYXpvbnRydXN0LmNvbTA6BggrBgEFBQcwAoYuaHR0cDov\nL2NydC5yb290Y2ExLmFtYXpvbnRydXN0LmNvbS9yb290Y2ExLmNlcjA/BgNVHR8E\nODA2MDSgMqAwhi5odHRwOi8vY3JsLnJvb3RjYTEuYW1hem9udHJ1c3QuY29tL3Jv\nb3RjYTEuY3JsMBMGA1UdIAQMMAowCAYGZ4EMAQIBMA0GCSqGSIb3DQEBCwUAA4IB\nAQCtAN4CBSMuBjJitGuxlBbkEUDeK/pZwTXv4KqPK0G50fOHOQAd8j21p0cMBgbG\nkfMHVwLU7b0XwZCav0h1ogdPMN1KakK1DT0VwA/+hFvGPJnMV1Kx2G4S1ZaSk0uU\n5QfoiYIIano01J5k4T2HapKQmmOhS/iPtuo00wW+IMLeBuKMn3OLn005hcrOGTad\nhcmeyfhQP7Z+iKHvyoQGi1C0ClymHETx/chhQGDyYSWqB/THwnN15AwLQo0E5V9E\nSJlbe4mBlqeInUsNYugExNf+tOiybcrswBy8OFsd34XOW3rjSUtsuafd9AWySa3h\nxRRrwszrzX/WWGm6wyB+f7C4\n-----END CERTIFICATE-----\n",
                "is_ca": true,
                "issuer": "CN=Amazon Root CA 1,O=Amazon,C=US",
                "not_after": "2030-08-23T22:21:28Z",
                "not_before": "2022-08-23T22:21:28Z",
                "public_key_algorithm": "RSA",
                "serial_number": "166129328851546858514271303855646110030630415",
                "sha1_fingerprint": "2ad974a775f73cbdbbd8f5ac3a49255fa8fb1f8c",
                "signature_algorithm": "SHA256-RSA",
                "subject": "CN=Amazon RSA 2048 M01,O=Amazon,C=US",
                "version": 3
              },
              {
                "cert_pem": "-----BEGIN CERTIFICATE-----\nMIIF9jCCBN6gAwIBAgIQD/gVRvZWUDYz6fgtm6ZoQTANBgkqhkiG9w0BAQsFADA8\nMQswCQYDVQQGEwJVUzEPMA0GA1UEChMGQW1hem9uMRwwGgYDVQQDExNBbWF6b24g\nUlNBIDIwNDggTTAxMB4XDTIzMDQxMzAwMDAwMFoXDTI0MDUxMTIzNTk1OVowMDEu\nMCwGA1UEAxMlb2lkYy5la3MuYXAtbm9ydGhlYXN0LTIuYW1hem9uYXdzLmNvbTCC\nASIwDQYJKoZIhvcNAQEBBQADggEPADCCAQoCggEBAK9V199nNouibpPgHSrdjrKA\nh5fFlFo9T43Cx07Z6BjDhQT4KobV8IXm+QGQnTzti5hO67Wv2aGyPAItu7jvfPIX\nBJWNe5WZ7oBg9W+iPUkOFJV07YkkJX+NIXN8MokO0bCf8v1AK/4MLyZPZuAFoV55\n+b+iM9sYeXm2Mt91zxWdDytWt13FqdERwRAI9skl3hZYF7Wg0FeQDugkgKGuXiRp\nYtjOl9jR0pPLS6Q3viCT2ErANW1H7x05vM2mVcnAwBT8z27BhIYG+3xgd0m5jPGT\nWa3mDrX8uyKHE0tQY8kQJvkRzZUDziZIjPh9MGVd4j2o6X4evsXnQtIQF9o7MxEC\nAwEAAaOCAv4wggL6MB8GA1UdIwQYMBaAFIG4DmOKiRIY5fo7O1CVn+blkBOFMB0G\nA1UdDgQWBBQprSAZbk9duZEdjwd9ZZ5oQwgBQjAwBgNVHREEKTAngiVvaWRjLmVr\ncy5hcC1ub3J0aGVhc3QtMi5hbWF6b25hd3MuY29tMA4GA1UdDwEB/wQEAwIFoDAd\nBgNVHSUEFjAUBggrBgEFBQcDAQYIKwYBBQUHAwIwOwYDVR0fBDQwMjAwoC6gLIYq\naHR0cDovL2NybC5yMm0wMS5hbWF6b250cnVzdC5jb20vcjJtMDEuY3JsMBMGA1Ud\nIAQMMAowCAYGZ4EMAQIBMHUGCCsGAQUFBwEBBGkwZzAtBggrBgEFBQcwAYYhaHR0\ncDovL29jc3AucjJtMDEuYW1hem9udHJ1c3QuY29tMDYGCCsGAQUFBzAChipodHRw\nOi8vY3J0LnIybTAxLmFtYXpvbnRydXN0LmNvbS9yMm0wMS5jZXIwDAYDVR0TAQH/\nBAIwADCCAX4GCisGAQQB1nkCBAIEggFuBIIBagFoAHYA7s3QZNXbGs7FXLedtM0T\nojKHRny87N7DUUhZRnEftZsAAAGHd/mh3wAABAMARzBFAiEA8+zT1VfKboRYL5Sw\nU1mIKNH0U1LSYbF5cnizNh1leNsCIAvdnHROLELH2uL9S3UDU04dI8PM66URHcHY\nOd39GPyMAHYAc9meiRtMlnigIH1HneayxhzQUV5xGSqMa4AQesF3crUAAAGHd/mh\n4wAABAMARzBFAiAiQkK068IRsD7JoLYOAEA0vrO6MScEt/Hb7JZLPQB0XAIhALAA\n/wlapVmlOsvJwhnW/9EbK8jbAmmOvjeu0/J0nzU6AHYASLDja9qmRzQP5WoC+p0w\n6xxSActW3SyB2bu/qznYhHMAAAGHd/mhvgAABAMARzBFAiBmqOexdM4mV/2G3IKd\nwYj+Jh+07M9w8XcR3ycgl3l60wIhALmt6Tt2WOE7PV4DXwVRbz57fBVrJYH0FJ1O\nasMbUBsKMA0GCSqGSIb3DQEBCwUAA4IBAQC6HSjU8ievDGzXFMKgFZk7v2d3lLYt\nxjzEslrFDC8k6WGziaK/CKBDxWlTEGLMoCnHyxnq0TpNoRY6+A+TWSSlNpNlScMX\njK7+K0BC2p2A8vzUUL4PXt09dxv0HJ2jssKrmIQmRr3xRu9ABY9Sux2Hl+LMRSRw\nSilJ33kJLfzdQSIAM1oiK7Lqu/dmhCziRHzm35WIaRd6GIw3c6XFI2EyRW+y7mAe\nZa4oTQqdQRjKnX59Mvg+yXrRgYFAh1ewMNWE5MW84k8sD8t3hYBd9cxVzIXGlZ8j\nJBXDxdg+hl989ZIoVQtVB0/Xg0RCoXvEInwFyAjnp3cHkh988vWVAagL\n-----END CERTIFICATE-----\n",
                "is_ca": false,
                "issuer": "CN=Amazon RSA 2048 M01,O=Amazon,C=US",
                "not_after": "2024-05-11T23:59:59Z",
                "not_before": "2023-04-13T00:00:00Z",
                "public_key_algorithm": "RSA",
                "serial_number": "21226541110501086854736551841735534657",
                "sha1_fingerprint": "52cf73476fc5e6551455942820e1d4745dc82cc5",
                "signature_algorithm": "SHA256-RSA",
                "subject": "CN=oidc.eks.ap-northeast-2.amazonaws.com",
                "version": 3
              }
            ],
            "content": null,
            "id": "d516f34410b983ad338645e4e1cb5bbfcdf5079b",
            "url": "https://oidc.eks.ap-northeast-2.amazonaws.com/id/E2F652A1469FF7207146A1587E9712DA",
            "verify_chain": true
          },
          "sensitive_attributes": []
        }
      ]
    },
    {
      "module": "module.cluster",
      "mode": "managed",
      "type": "aws_cloudwatch_log_group",
      "name": "this",
      "provider": "provider[\"registry.terraform.io/hashicorp/aws\"]",
      "instances": [
        {
          "schema_version": 0,
          "attributes": {
            "arn": "arn:aws:logs:ap-northeast-2:480936841767:log-group:/aws/eks/interface-test/cluster",
            "id": "/aws/eks/interface-test/cluster",
            "kms_key_id": "",
            "name": "/aws/eks/interface-test/cluster",
            "name_prefix": null,
            "retention_in_days": 90,
            "tags": {
              "Name": "eks-interface-test-cluster",
              "module.terraform.io/full-name": "terraform-aws-container/eks-cluster",
              "module.terraform.io/instance": "interface-test",
              "module.terraform.io/name": "eks-cluster",
              "module.terraform.io/package": "terraform-aws-container",
              "module.terraform.io/version": "0.14.0"
            },
            "tags_all": {
              "Name": "eks-interface-test-cluster",
              "module.terraform.io/full-name": "terraform-aws-container/eks-cluster",
              "module.terraform.io/instance": "interface-test",
              "module.terraform.io/name": "eks-cluster",
              "module.terraform.io/package": "terraform-aws-container",
              "module.terraform.io/version": "0.14.0"
            }
          },
          "sensitive_attributes": [],
          "private": "bnVsbA==",
          "create_before_destroy": true
        }
      ]
    },
    {
      "module": "module.cluster",
      "mode": "managed",
      "type": "aws_eks_cluster",
      "name": "this",
      "provider": "provider[\"registry.terraform.io/hashicorp/aws\"]",
      "instances": [
        {
          "schema_version": 0,
          "attributes": {
            "arn": "arn:aws:eks:ap-northeast-2:480936841767:cluster/interface-test",
            "certificate_authority": [
              {
                "data": "LS0tLS1CRUdJTiBDRVJUSUZJQ0FURS0tLS0tCk1JSUMvakNDQWVhZ0F3SUJBZ0lCQURBTkJna3Foa2lHOXcwQkFRc0ZBREFWTVJNd0VRWURWUVFERXdwcmRXSmwKY201bGRHVnpNQjRYRFRJek1EY3lNREV5TlRjeU5Wb1hEVE16TURjeE56RXlOVGN5TlZvd0ZURVRNQkVHQTFVRQpBeE1LYTNWaVpYSnVaWFJsY3pDQ0FTSXdEUVlKS29aSWh2Y05BUUVCQlFBRGdnRVBBRENDQVFvQ2dnRUJBUGVyClduR08wazZRS3RHSWd0RGNFN2ZTVlBSN3JTL095YXNJMGNJVGdCdkExM25GMXpFTjZuUVRQZGpGNGpFQkVUb2gKd1J5OWQxeDNPQnlRUDJtcGFScVdkOWdhWUY5ZGJsUWNzTmxhNG1Od1lDSjdNdUJQYzZwRGhMRWdtTzhEcjRuUQo4cEFDMlRwMWFSdmVhekc4elZOQUZWc0dLeDRBSllnWldsSWpYNmlvZUJVZVdsWHRmdFdzOTZnVktYaVRwejV0CnJxVkV6bmJWZ1NIc2QveGxFcDZ4YXRNVi9NaWVTUmpzSHRMQ0h0Mjk5aEN5ZzU1V2x1NkNDS01Xelg5ZWduc1oKbVRDd25Ndkxrb2NMQXA2Rnk5WWdTRTFubW9lYzZRZWNYZEtxemNPM0Q1aGxpUnFnczBOMGpkbERqZUR2QzdBZQpHcHBpcU1MalB1SDBCeGFQZzEwQ0F3RUFBYU5aTUZjd0RnWURWUjBQQVFIL0JBUURBZ0trTUE4R0ExVWRFd0VCCi93UUZNQU1CQWY4d0hRWURWUjBPQkJZRUZEcWZYVVdDMTg4akQ3QU54YmdqRWsyN282c1pNQlVHQTFVZEVRUU8KTUF5Q0NtdDFZbVZ5Ym1WMFpYTXdEUVlKS29aSWh2Y05BUUVMQlFBRGdnRUJBSzlUeitVRkJmNXlFSUFpcUtBagpibmNwbUNrU1VISGRIQXpHdE5Sa1loSkdLNFppV0N6azBxdVZzK3hmcjNHVjhiRVJ6RG9BZWNIZ0ZPdG5RNnYrCmdhK1FmWStFSnFueVMrU05DZWo4OWZYVkxVVnRFU1loS3BVNEZ2dGNoTFBEVVR4UXBWYXZDZk9FdDVMS2dvWDgKbW5VQThPckZmcGFMOC9UbUFHRE9sSzJOTzJjSXU4MlR4YkdmS1V3eXFoUjRiWVJoeTRTV0FNYU8xaXR0U3I4Rwp0VXY0ZllXeDJTdDZnbFFucmN4dGlhcE11a2RudUxJZFNjWDNRSDREeTNVMG03MzVNdlc1Sy9zaFBQY1FObzhaClZwOVQxQUNFektRSWJBdDhUOGRIMlp3KzArREZZSGRUeWVpc2Y2MU1uYzNzYU5lT0hES294dnFDeTZZL2ZqR1EKQzNnPQotLS0tLUVORCBDRVJUSUZJQ0FURS0tLS0tCg=="
              }
            ],
            "created_at": "2023-07-20 12:52:41.203 +0000 UTC",
            "enabled_cluster_log_types": [],
            "encryption_config": [],
            "endpoint": "https://E2F652A1469FF7207146A1587E9712DA.gr7.ap-northeast-2.eks.amazonaws.com",
            "id": "interface-test",
            "identity": [
              {
                "oidc": [
                  {
                    "issuer": "https://oidc.eks.ap-northeast-2.amazonaws.com/id/E2F652A1469FF7207146A1587E9712DA"
                  }
                ]
              }
            ],
            "kubernetes_network_config": [
              {
                "ip_family": "ipv4",
                "service_ipv4_cidr": "172.20.0.0/16"
              }
            ],
            "name": "interface-test",
            "platform_version": "eks.3",
            "role_arn": "arn:aws:iam::480936841767:role/eks-interface-test-control-plane",
            "status": "ACTIVE",
            "tags": {
              "Name": "interface-test",
              "module.terraform.io/full-name": "terraform-aws-container/eks-cluster",
              "module.terraform.io/instance": "interface-test",
              "module.terraform.io/name": "eks-cluster",
              "module.terraform.io/package": "terraform-aws-container",
              "module.terraform.io/version": "0.14.0"
            },
            "tags_all": {
              "Name": "interface-test",
              "module.terraform.io/full-name": "terraform-aws-container/eks-cluster",
              "module.terraform.io/instance": "interface-test",
              "module.terraform.io/name": "eks-cluster",
              "module.terraform.io/package": "terraform-aws-container",
              "module.terraform.io/version": "0.14.0"
            },
            "timeouts": {
              "create": "30m",
              "delete": "15m",
              "update": "60m"
            },
            "version": "1.27",
            "vpc_config": [
              {
                "cluster_security_group_id": "sg-0f27555639d41a8cd",
                "endpoint_private_access": true,
                "endpoint_public_access": true,
                "public_access_cidrs": [
                  "0.0.0.0/0"
                ],
                "security_group_ids": [
                  "sg-0589b758f9c6b20eb"
                ],
                "subnet_ids": [
                  "subnet-039bbc479baf85052",
                  "subnet-0d196beb5d59735f0"
                ],
                "vpc_id": "vpc-061d391c2c51349fc"
              }
            ]
          },
          "sensitive_attributes": [],
          "private": "eyJlMmJmYjczMC1lY2FhLTExZTYtOGY4OC0zNDM2M2JjN2M0YzAiOnsiY3JlYXRlIjoxODAwMDAwMDAwMDAwLCJkZWxldGUiOjkwMDAwMDAwMDAwMCwidXBkYXRlIjozNjAwMDAwMDAwMDAwfX0=",
          "dependencies": [
            "data.terraform_remote_state.network",
            "module.cluster.aws_cloudwatch_log_group.this",
            "module.cluster.data.aws_subnet.selected",
            "module.cluster.module.role__control_plane.aws_iam_instance_profile.this",
            "module.cluster.module.role__control_plane.aws_iam_role.this",
            "module.cluster.module.role__control_plane.aws_iam_role_policy.inline",
            "module.cluster.module.role__control_plane.aws_iam_role_policy_attachment.managed",
            "module.cluster.module.role__control_plane.aws_resourcegroups_group.this",
            "module.cluster.module.role__control_plane.data.aws_caller_identity.this",
            "module.cluster.module.role__control_plane.data.aws_iam_policy_document.assume_role",
            "module.cluster.module.role__control_plane.data.aws_iam_policy_document.trusted_iam_entities",
            "module.cluster.module.role__control_plane.data.aws_iam_policy_document.trusted_oidc_providers",
            "module.cluster.module.role__control_plane.data.aws_iam_policy_document.trusted_saml_providers",
            "module.cluster.module.role__control_plane.data.aws_iam_policy_document.trusted_services",
            "module.cluster.module.role__control_plane.data.aws_partition.this",
            "module.cluster.module.security_group__control_plane.aws_security_group.this"
          ],
          "create_before_destroy": true
        }
      ]
    },
    {
      "module": "module.cluster",
      "mode": "managed",
      "type": "aws_iam_openid_connect_provider",
      "name": "this",
      "provider": "provider[\"registry.terraform.io/hashicorp/aws\"]",
      "instances": [
        {
          "schema_version": 0,
          "attributes": {
            "arn": "arn:aws:iam::480936841767:oidc-provider/oidc.eks.ap-northeast-2.amazonaws.com/id/E2F652A1469FF7207146A1587E9712DA",
            "client_id_list": [
              "sts.amazonaws.com"
            ],
            "id": "arn:aws:iam::480936841767:oidc-provider/oidc.eks.ap-northeast-2.amazonaws.com/id/E2F652A1469FF7207146A1587E9712DA",
            "tags": {
              "Name": "eks-interface-test-oidc-provider",
              "module.terraform.io/full-name": "terraform-aws-container/eks-cluster",
              "module.terraform.io/instance": "interface-test",
              "module.terraform.io/name": "eks-cluster",
              "module.terraform.io/package": "terraform-aws-container",
              "module.terraform.io/version": "0.14.0"
            },
            "tags_all": {
              "Name": "eks-interface-test-oidc-provider",
              "module.terraform.io/full-name": "terraform-aws-container/eks-cluster",
              "module.terraform.io/instance": "interface-test",
              "module.terraform.io/name": "eks-cluster",
              "module.terraform.io/package": "terraform-aws-container",
              "module.terraform.io/version": "0.14.0"
            },
            "thumbprint_list": [
              "9e99a48a9960b14926bb7f3b02e22da2b0ab7280"
            ],
            "url": "oidc.eks.ap-northeast-2.amazonaws.com/id/E2F652A1469FF7207146A1587E9712DA"
          },
          "sensitive_attributes": [],
          "private": "bnVsbA==",
          "dependencies": [
            "data.terraform_remote_state.network",
            "module.cluster.aws_cloudwatch_log_group.this",
            "module.cluster.aws_eks_cluster.this",
            "module.cluster.data.aws_subnet.selected",
            "module.cluster.data.tls_certificate.this",
            "module.cluster.module.role__control_plane.aws_iam_instance_profile.this",
            "module.cluster.module.role__control_plane.aws_iam_role.this",
            "module.cluster.module.role__control_plane.aws_iam_role_policy.inline",
            "module.cluster.module.role__control_plane.aws_iam_role_policy_attachment.managed",
            "module.cluster.module.role__control_plane.aws_resourcegroups_group.this",
            "module.cluster.module.role__control_plane.data.aws_caller_identity.this",
            "module.cluster.module.role__control_plane.data.aws_iam_policy_document.assume_role",
            "module.cluster.module.role__control_plane.data.aws_iam_policy_document.trusted_iam_entities",
            "module.cluster.module.role__control_plane.data.aws_iam_policy_document.trusted_oidc_providers",
            "module.cluster.module.role__control_plane.data.aws_iam_policy_document.trusted_saml_providers",
            "module.cluster.module.role__control_plane.data.aws_iam_policy_document.trusted_services",
            "module.cluster.module.role__control_plane.data.aws_partition.this",
            "module.cluster.module.security_group__control_plane.aws_security_group.this"
          ]
        }
      ]
    },
    {
      "module": "module.cluster",
      "mode": "managed",
      "type": "aws_resourcegroups_group",
      "name": "this",
      "provider": "provider[\"registry.terraform.io/hashicorp/aws\"]",
      "instances": [
        {
          "index_key": 0,
          "schema_version": 0,
          "attributes": {
            "arn": "arn:aws:resource-groups:ap-northeast-2:480936841767:group/terraform-aws-container.eks-cluster.interface-test",
            "description": "Managed by Terraform.",
            "id": "terraform-aws-container.eks-cluster.interface-test",
            "name": "terraform-aws-container.eks-cluster.interface-test",
            "resource_query": [
              {
                "query": "{\n  \"ResourceTypeFilters\": [\n    \"AWS::AllSupported\"\n  ],\n  \"TagFilters\": [{\"Key\":\"module.terraform.io/full-name\",\"Values\":[\"terraform-aws-container/eks-cluster\"]},{\"Key\":\"module.terraform.io/instance\",\"Values\":[\"interface-test\"]},{\"Key\":\"module.terraform.io/name\",\"Values\":[\"eks-cluster\"]},{\"Key\":\"module.terraform.io/package\",\"Values\":[\"terraform-aws-container\"]},{\"Key\":\"module.terraform.io/version\",\"Values\":[\"0.14.0\"]}]\n}\n",
                "type": "TAG_FILTERS_1_0"
              }
            ],
            "tags": {
              "Name": "terraform-aws-container.eks-cluster.interface-test",
              "module.terraform.io/full-name": "terraform-aws-container/eks-cluster",
              "module.terraform.io/instance": "interface-test",
              "module.terraform.io/name": "eks-cluster",
              "module.terraform.io/package": "terraform-aws-container",
              "module.terraform.io/version": "0.14.0"
            },
            "tags_all": {
              "Name": "terraform-aws-container.eks-cluster.interface-test",
              "module.terraform.io/full-name": "terraform-aws-container/eks-cluster",
              "module.terraform.io/instance": "interface-test",
              "module.terraform.io/name": "eks-cluster",
              "module.terraform.io/package": "terraform-aws-container",
              "module.terraform.io/version": "0.14.0"
            }
          },
          "sensitive_attributes": [],
          "private": "bnVsbA=="
        }
      ]
    },
    {
      "module": "module.cluster",
      "mode": "managed",
      "type": "aws_security_group_rule",
      "name": "node",
      "provider": "provider[\"registry.terraform.io/hashicorp/aws\"]",
      "instances": [
        {
          "schema_version": 2,
          "attributes": {
            "cidr_blocks": [],
            "description": "Allow nodes to communicate to the cluster security group(for fargate pods).",
            "from_port": 0,
            "id": "sgrule-3095269030",
            "ipv6_cidr_blocks": [],
            "prefix_list_ids": [],
            "protocol": "-1",
            "security_group_id": "sg-0f27555639d41a8cd",
            "self": false,
            "source_security_group_id": "sg-036691aa0243bcbaa",
            "to_port": 0,
            "type": "ingress"
          },
          "sensitive_attributes": [],
          "private": "eyJzY2hlbWFfdmVyc2lvbiI6IjIifQ==",
          "dependencies": [
            "data.terraform_remote_state.network",
            "module.cluster.aws_cloudwatch_log_group.this",
            "module.cluster.aws_eks_cluster.this",
            "module.cluster.data.aws_subnet.selected",
            "module.cluster.module.role__control_plane.aws_iam_instance_profile.this",
            "module.cluster.module.role__control_plane.aws_iam_role.this",
            "module.cluster.module.role__control_plane.aws_iam_role_policy.inline",
            "module.cluster.module.role__control_plane.aws_iam_role_policy_attachment.managed",
            "module.cluster.module.role__control_plane.aws_resourcegroups_group.this",
            "module.cluster.module.role__control_plane.data.aws_caller_identity.this",
            "module.cluster.module.role__control_plane.data.aws_iam_policy_document.assume_role",
            "module.cluster.module.role__control_plane.data.aws_iam_policy_document.trusted_iam_entities",
            "module.cluster.module.role__control_plane.data.aws_iam_policy_document.trusted_oidc_providers",
            "module.cluster.module.role__control_plane.data.aws_iam_policy_document.trusted_saml_providers",
            "module.cluster.module.role__control_plane.data.aws_iam_policy_document.trusted_services",
            "module.cluster.module.role__control_plane.data.aws_partition.this",
            "module.cluster.module.security_group__control_plane.aws_security_group.this",
            "module.cluster.module.security_group__node.aws_security_group.this"
          ]
        }
      ]
    },
    {
      "module": "module.cluster",
      "mode": "managed",
      "type": "aws_security_group_rule",
      "name": "pod",
      "provider": "provider[\"registry.terraform.io/hashicorp/aws\"]",
      "instances": [
        {
          "schema_version": 2,
          "attributes": {
            "cidr_blocks": [],
            "description": "Allow pods to communicate to the cluster security group(for fargate pods).",
            "from_port": 0,
            "id": "sgrule-4193878908",
            "ipv6_cidr_blocks": [],
            "prefix_list_ids": [],
            "protocol": "-1",
            "security_group_id": "sg-0f27555639d41a8cd",
            "self": false,
            "source_security_group_id": "sg-07f9327f92d82416e",
            "to_port": 0,
            "type": "ingress"
          },
          "sensitive_attributes": [],
          "private": "eyJzY2hlbWFfdmVyc2lvbiI6IjIifQ==",
          "dependencies": [
            "data.terraform_remote_state.network",
            "module.cluster.aws_cloudwatch_log_group.this",
            "module.cluster.aws_eks_cluster.this",
            "module.cluster.data.aws_subnet.selected",
            "module.cluster.module.role__control_plane.aws_iam_instance_profile.this",
            "module.cluster.module.role__control_plane.aws_iam_role.this",
            "module.cluster.module.role__control_plane.aws_iam_role_policy.inline",
            "module.cluster.module.role__control_plane.aws_iam_role_policy_attachment.managed",
            "module.cluster.module.role__control_plane.aws_resourcegroups_group.this",
            "module.cluster.module.role__control_plane.data.aws_caller_identity.this",
            "module.cluster.module.role__control_plane.data.aws_iam_policy_document.assume_role",
            "module.cluster.module.role__control_plane.data.aws_iam_policy_document.trusted_iam_entities",
            "module.cluster.module.role__control_plane.data.aws_iam_policy_document.trusted_oidc_providers",
            "module.cluster.module.role__control_plane.data.aws_iam_policy_document.trusted_saml_providers",
            "module.cluster.module.role__control_plane.data.aws_iam_policy_document.trusted_services",
            "module.cluster.module.role__control_plane.data.aws_partition.this",
            "module.cluster.module.security_group__control_plane.aws_security_group.this",
            "module.cluster.module.security_group__pod.aws_security_group.this"
          ]
        }
      ]
    },
    {
      "module": "module.cluster.module.role__control_plane",
      "mode": "data",
      "type": "aws_caller_identity",
      "name": "this",
      "provider": "provider[\"registry.terraform.io/hashicorp/aws\"]",
      "instances": [
        {
          "schema_version": 0,
          "attributes": {
            "account_id": "480936841767",
            "arn": "arn:aws:iam::480936841767:user/markyou",
            "id": "480936841767",
            "user_id": "AIDAW76QR2ITZZEBCNAEF"
          },
          "sensitive_attributes": []
        }
      ]
    },
    {
      "module": "module.cluster.module.role__control_plane",
      "mode": "data",
      "type": "aws_iam_policy_document",
      "name": "assume_role",
      "provider": "provider[\"registry.terraform.io/hashicorp/aws\"]",
      "instances": [
        {
          "schema_version": 0,
          "attributes": {
            "id": "2683362850",
            "json": "{\n  \"Version\": \"2012-10-17\",\n  \"Statement\": [\n    {\n      \"Sid\": \"TrustedServices\",\n      \"Effect\": \"Allow\",\n      \"Action\": \"sts:AssumeRole\",\n      \"Principal\": {\n        \"Service\": \"eks.amazonaws.com\"\n      }\n    }\n  ]\n}",
            "override_json": null,
            "override_policy_documents": null,
            "policy_id": null,
            "source_json": null,
            "source_policy_documents": [
              "{\n  \"Version\": \"2012-10-17\",\n  \"Statement\": [\n    {\n      \"Sid\": \"TrustedServices\",\n      \"Effect\": \"Allow\",\n      \"Action\": \"sts:AssumeRole\",\n      \"Principal\": {\n        \"Service\": \"eks.amazonaws.com\"\n      }\n    }\n  ]\n}"
            ],
            "statement": null,
            "version": "2012-10-17"
          },
          "sensitive_attributes": []
        }
      ]
    },
    {
      "module": "module.cluster.module.role__control_plane",
      "mode": "data",
      "type": "aws_iam_policy_document",
      "name": "trusted_services",
      "provider": "provider[\"registry.terraform.io/hashicorp/aws\"]",
      "instances": [
        {
          "index_key": "this",
          "schema_version": 0,
          "attributes": {
            "id": "2683362850",
            "json": "{\n  \"Version\": \"2012-10-17\",\n  \"Statement\": [\n    {\n      \"Sid\": \"TrustedServices\",\n      \"Effect\": \"Allow\",\n      \"Action\": \"sts:AssumeRole\",\n      \"Principal\": {\n        \"Service\": \"eks.amazonaws.com\"\n      }\n    }\n  ]\n}",
            "override_json": null,
            "override_policy_documents": null,
            "policy_id": null,
            "source_json": null,
            "source_policy_documents": null,
            "statement": [
              {
                "actions": [
                  "sts:AssumeRole"
                ],
                "condition": [],
                "effect": "Allow",
                "not_actions": [],
                "not_principals": [],
                "not_resources": [],
                "principals": [
                  {
                    "identifiers": [
                      "eks.amazonaws.com"
                    ],
                    "type": "Service"
                  }
                ],
                "resources": [],
                "sid": "TrustedServices"
              }
            ],
            "version": "2012-10-17"
          },
          "sensitive_attributes": []
        }
      ]
    },
    {
      "module": "module.cluster.module.role__control_plane",
      "mode": "data",
      "type": "aws_partition",
      "name": "this",
      "provider": "provider[\"registry.terraform.io/hashicorp/aws\"]",
      "instances": [
        {
          "schema_version": 0,
          "attributes": {
            "dns_suffix": "amazonaws.com",
            "id": "aws",
            "partition": "aws",
            "reverse_dns_prefix": "com.amazonaws"
          },
          "sensitive_attributes": []
        }
      ]
    },
    {
      "module": "module.cluster.module.role__control_plane",
      "mode": "managed",
      "type": "aws_iam_role",
      "name": "this",
      "provider": "provider[\"registry.terraform.io/hashicorp/aws\"]",
      "instances": [
        {
          "schema_version": 0,
          "attributes": {
            "arn": "arn:aws:iam::480936841767:role/eks-interface-test-control-plane",
            "assume_role_policy": "{\"Version\":\"2012-10-17\",\"Statement\":[{\"Sid\":\"TrustedServices\",\"Effect\":\"Allow\",\"Principal\":{\"Service\":\"eks.amazonaws.com\"},\"Action\":\"sts:AssumeRole\"}]}",
            "create_date": "2023-07-20T12:52:34Z",
            "description": "Role for the EKS cluster(interface-test) control plane",
            "force_detach_policies": false,
            "id": "eks-interface-test-control-plane",
            "inline_policy": [
              {
                "name": "",
                "policy": ""
              }
            ],
            "managed_policy_arns": [
              "arn:aws:iam::aws:policy/AmazonEKSClusterPolicy",
              "arn:aws:iam::aws:policy/AmazonEKSVPCResourceController"
            ],
            "max_session_duration": 3600,
            "name": "eks-interface-test-control-plane",
            "name_prefix": "",
            "path": "/",
            "permissions_boundary": "",
            "tags": {
              "Name": "eks-interface-test-control-plane",
              "module.terraform.io/full-name": "terraform-aws-container/eks-cluster",
              "module.terraform.io/instance": "interface-test",
              "module.terraform.io/name": "eks-cluster",
              "module.terraform.io/package": "terraform-aws-container",
              "module.terraform.io/version": "0.14.0"
            },
            "tags_all": {
              "Name": "eks-interface-test-control-plane",
              "module.terraform.io/full-name": "terraform-aws-container/eks-cluster",
              "module.terraform.io/instance": "interface-test",
              "module.terraform.io/name": "eks-cluster",
              "module.terraform.io/package": "terraform-aws-container",
              "module.terraform.io/version": "0.14.0"
            },
            "unique_id": "AROAW76QR2ITYOWW7XVYB"
          },
          "sensitive_attributes": [],
          "private": "bnVsbA==",
          "dependencies": [
            "module.cluster.module.role__control_plane.data.aws_caller_identity.this",
            "module.cluster.module.role__control_plane.data.aws_iam_policy_document.assume_role",
            "module.cluster.module.role__control_plane.data.aws_iam_policy_document.trusted_iam_entities",
            "module.cluster.module.role__control_plane.data.aws_iam_policy_document.trusted_oidc_providers",
            "module.cluster.module.role__control_plane.data.aws_iam_policy_document.trusted_saml_providers",
            "module.cluster.module.role__control_plane.data.aws_iam_policy_document.trusted_services",
            "module.cluster.module.role__control_plane.data.aws_partition.this"
          ],
          "create_before_destroy": true
        }
      ]
    },
    {
      "module": "module.cluster.module.role__control_plane",
      "mode": "managed",
      "type": "aws_iam_role_policy_attachment",
      "name": "managed",
      "provider": "provider[\"registry.terraform.io/hashicorp/aws\"]",
      "instances": [
        {
          "index_key": "arn:aws:iam::aws:policy/AmazonEKSClusterPolicy",
          "schema_version": 0,
          "attributes": {
            "id": "eks-interface-test-control-plane-20230720125238086400000002",
            "policy_arn": "arn:aws:iam::aws:policy/AmazonEKSClusterPolicy",
            "role": "eks-interface-test-control-plane"
          },
          "sensitive_attributes": [],
          "private": "bnVsbA==",
          "dependencies": [
            "module.cluster.module.role__control_plane.aws_iam_role.this",
            "module.cluster.module.role__control_plane.data.aws_caller_identity.this",
            "module.cluster.module.role__control_plane.data.aws_iam_policy_document.assume_role",
            "module.cluster.module.role__control_plane.data.aws_iam_policy_document.trusted_iam_entities",
            "module.cluster.module.role__control_plane.data.aws_iam_policy_document.trusted_oidc_providers",
            "module.cluster.module.role__control_plane.data.aws_iam_policy_document.trusted_saml_providers",
            "module.cluster.module.role__control_plane.data.aws_iam_policy_document.trusted_services",
            "module.cluster.module.role__control_plane.data.aws_partition.this"
          ],
          "create_before_destroy": true
        },
        {
          "index_key": "arn:aws:iam::aws:policy/AmazonEKSVPCResourceController",
          "schema_version": 0,
          "attributes": {
            "id": "eks-interface-test-control-plane-20230720125238040700000001",
            "policy_arn": "arn:aws:iam::aws:policy/AmazonEKSVPCResourceController",
            "role": "eks-interface-test-control-plane"
          },
          "sensitive_attributes": [],
          "private": "bnVsbA==",
          "dependencies": [
            "module.cluster.module.role__control_plane.aws_iam_role.this",
            "module.cluster.module.role__control_plane.data.aws_caller_identity.this",
            "module.cluster.module.role__control_plane.data.aws_iam_policy_document.assume_role",
            "module.cluster.module.role__control_plane.data.aws_iam_policy_document.trusted_iam_entities",
            "module.cluster.module.role__control_plane.data.aws_iam_policy_document.trusted_oidc_providers",
            "module.cluster.module.role__control_plane.data.aws_iam_policy_document.trusted_saml_providers",
            "module.cluster.module.role__control_plane.data.aws_iam_policy_document.trusted_services",
            "module.cluster.module.role__control_plane.data.aws_partition.this"
          ],
          "create_before_destroy": true
        }
      ]
    },
    {
      "module": "module.cluster.module.role__fargate_profile",
      "mode": "data",
      "type": "aws_caller_identity",
      "name": "this",
      "provider": "provider[\"registry.terraform.io/hashicorp/aws\"]",
      "instances": [
        {
          "schema_version": 0,
          "attributes": {
            "account_id": "480936841767",
            "arn": "arn:aws:iam::480936841767:user/markyou",
            "id": "480936841767",
            "user_id": "AIDAW76QR2ITZZEBCNAEF"
          },
          "sensitive_attributes": []
        }
      ]
    },
    {
      "module": "module.cluster.module.role__fargate_profile",
      "mode": "data",
      "type": "aws_iam_policy_document",
      "name": "assume_role",
      "provider": "provider[\"registry.terraform.io/hashicorp/aws\"]",
      "instances": [
        {
          "schema_version": 0,
          "attributes": {
            "id": "688550093",
            "json": "{\n  \"Version\": \"2012-10-17\",\n  \"Statement\": [\n    {\n      \"Sid\": \"TrustedServices\",\n      \"Effect\": \"Allow\",\n      \"Action\": \"sts:AssumeRole\",\n      \"Principal\": {\n        \"Service\": \"eks-fargate-pods.amazonaws.com\"\n      }\n    }\n  ]\n}",
            "override_json": null,
            "override_policy_documents": null,
            "policy_id": null,
            "source_json": null,
            "source_policy_documents": [
              "{\n  \"Version\": \"2012-10-17\",\n  \"Statement\": [\n    {\n      \"Sid\": \"TrustedServices\",\n      \"Effect\": \"Allow\",\n      \"Action\": \"sts:AssumeRole\",\n      \"Principal\": {\n        \"Service\": \"eks-fargate-pods.amazonaws.com\"\n      }\n    }\n  ]\n}"
            ],
            "statement": null,
            "version": "2012-10-17"
          },
          "sensitive_attributes": []
        }
      ]
    },
    {
      "module": "module.cluster.module.role__fargate_profile",
      "mode": "data",
      "type": "aws_iam_policy_document",
      "name": "trusted_services",
      "provider": "provider[\"registry.terraform.io/hashicorp/aws\"]",
      "instances": [
        {
          "index_key": "this",
          "schema_version": 0,
          "attributes": {
            "id": "688550093",
            "json": "{\n  \"Version\": \"2012-10-17\",\n  \"Statement\": [\n    {\n      \"Sid\": \"TrustedServices\",\n      \"Effect\": \"Allow\",\n      \"Action\": \"sts:AssumeRole\",\n      \"Principal\": {\n        \"Service\": \"eks-fargate-pods.amazonaws.com\"\n      }\n    }\n  ]\n}",
            "override_json": null,
            "override_policy_documents": null,
            "policy_id": null,
            "source_json": null,
            "source_policy_documents": null,
            "statement": [
              {
                "actions": [
                  "sts:AssumeRole"
                ],
                "condition": [],
                "effect": "Allow",
                "not_actions": [],
                "not_principals": [],
                "not_resources": [],
                "principals": [
                  {
                    "identifiers": [
                      "eks-fargate-pods.amazonaws.com"
                    ],
                    "type": "Service"
                  }
                ],
                "resources": [],
                "sid": "TrustedServices"
              }
            ],
            "version": "2012-10-17"
          },
          "sensitive_attributes": []
        }
      ]
    },
    {
      "module": "module.cluster.module.role__fargate_profile",
      "mode": "data",
      "type": "aws_partition",
      "name": "this",
      "provider": "provider[\"registry.terraform.io/hashicorp/aws\"]",
      "instances": [
        {
          "schema_version": 0,
          "attributes": {
            "dns_suffix": "amazonaws.com",
            "id": "aws",
            "partition": "aws",
            "reverse_dns_prefix": "com.amazonaws"
          },
          "sensitive_attributes": []
        }
      ]
    },
    {
      "module": "module.cluster.module.role__fargate_profile",
      "mode": "managed",
      "type": "aws_iam_role",
      "name": "this",
      "provider": "provider[\"registry.terraform.io/hashicorp/aws\"]",
      "instances": [
        {
          "schema_version": 0,
          "attributes": {
            "arn": "arn:aws:iam::480936841767:role/eks-interface-test-fargate-profile",
            "assume_role_policy": "{\"Version\":\"2012-10-17\",\"Statement\":[{\"Sid\":\"TrustedServices\",\"Effect\":\"Allow\",\"Principal\":{\"Service\":\"eks-fargate-pods.amazonaws.com\"},\"Action\":\"sts:AssumeRole\"}]}",
            "create_date": "2023-07-20T12:52:34Z",
            "description": "Role for the EKS cluster(interface-test) Fargate profiles",
            "force_detach_policies": false,
            "id": "eks-interface-test-fargate-profile",
            "inline_policy": [
              {
                "name": "",
                "policy": ""
              }
            ],
            "managed_policy_arns": [
              "arn:aws:iam::aws:policy/AmazonEKSFargatePodExecutionRolePolicy"
            ],
            "max_session_duration": 3600,
            "name": "eks-interface-test-fargate-profile",
            "name_prefix": "",
            "path": "/",
            "permissions_boundary": "",
            "tags": {
              "Name": "eks-interface-test-fargate-profile",
              "module.terraform.io/full-name": "terraform-aws-container/eks-cluster",
              "module.terraform.io/instance": "interface-test",
              "module.terraform.io/name": "eks-cluster",
              "module.terraform.io/package": "terraform-aws-container",
              "module.terraform.io/version": "0.14.0"
            },
            "tags_all": {
              "Name": "eks-interface-test-fargate-profile",
              "module.terraform.io/full-name": "terraform-aws-container/eks-cluster",
              "module.terraform.io/instance": "interface-test",
              "module.terraform.io/name": "eks-cluster",
              "module.terraform.io/package": "terraform-aws-container",
              "module.terraform.io/version": "0.14.0"
            },
            "unique_id": "AROAW76QR2ITQUIXZAN2N"
          },
          "sensitive_attributes": [],
          "private": "bnVsbA==",
          "dependencies": [
            "module.cluster.module.role__fargate_profile.data.aws_caller_identity.this",
            "module.cluster.module.role__fargate_profile.data.aws_iam_policy_document.assume_role",
            "module.cluster.module.role__fargate_profile.data.aws_iam_policy_document.trusted_iam_entities",
            "module.cluster.module.role__fargate_profile.data.aws_iam_policy_document.trusted_oidc_providers",
            "module.cluster.module.role__fargate_profile.data.aws_iam_policy_document.trusted_saml_providers",
            "module.cluster.module.role__fargate_profile.data.aws_iam_policy_document.trusted_services",
            "module.cluster.module.role__fargate_profile.data.aws_partition.this"
          ],
          "create_before_destroy": true
        }
      ]
    },
    {
      "module": "module.cluster.module.role__fargate_profile",
      "mode": "managed",
      "type": "aws_iam_role_policy_attachment",
      "name": "managed",
      "provider": "provider[\"registry.terraform.io/hashicorp/aws\"]",
      "instances": [
        {
          "index_key": "arn:aws:iam::aws:policy/AmazonEKSFargatePodExecutionRolePolicy",
          "schema_version": 0,
          "attributes": {
            "id": "eks-interface-test-fargate-profile-20230720125238182900000006",
            "policy_arn": "arn:aws:iam::aws:policy/AmazonEKSFargatePodExecutionRolePolicy",
            "role": "eks-interface-test-fargate-profile"
          },
          "sensitive_attributes": [],
          "private": "bnVsbA==",
          "dependencies": [
            "module.cluster.module.role__fargate_profile.aws_iam_role.this",
            "module.cluster.module.role__fargate_profile.data.aws_caller_identity.this",
            "module.cluster.module.role__fargate_profile.data.aws_iam_policy_document.assume_role",
            "module.cluster.module.role__fargate_profile.data.aws_iam_policy_document.trusted_iam_entities",
            "module.cluster.module.role__fargate_profile.data.aws_iam_policy_document.trusted_oidc_providers",
            "module.cluster.module.role__fargate_profile.data.aws_iam_policy_document.trusted_saml_providers",
            "module.cluster.module.role__fargate_profile.data.aws_iam_policy_document.trusted_services",
            "module.cluster.module.role__fargate_profile.data.aws_partition.this"
          ],
          "create_before_destroy": true
        }
      ]
    },
    {
      "module": "module.cluster.module.role__node",
      "mode": "data",
      "type": "aws_caller_identity",
      "name": "this",
      "provider": "provider[\"registry.terraform.io/hashicorp/aws\"]",
      "instances": [
        {
          "schema_version": 0,
          "attributes": {
            "account_id": "480936841767",
            "arn": "arn:aws:iam::480936841767:user/markyou",
            "id": "480936841767",
            "user_id": "AIDAW76QR2ITZZEBCNAEF"
          },
          "sensitive_attributes": []
        }
      ]
    },
    {
      "module": "module.cluster.module.role__node",
      "mode": "data",
      "type": "aws_iam_policy_document",
      "name": "assume_role",
      "provider": "provider[\"registry.terraform.io/hashicorp/aws\"]",
      "instances": [
        {
          "schema_version": 0,
          "attributes": {
            "id": "3854639675",
            "json": "{\n  \"Version\": \"2012-10-17\",\n  \"Statement\": [\n    {\n      \"Sid\": \"TrustedServices\",\n      \"Effect\": \"Allow\",\n      \"Action\": \"sts:AssumeRole\",\n      \"Principal\": {\n        \"Service\": \"ec2.amazonaws.com\"\n      }\n    }\n  ]\n}",
            "override_json": null,
            "override_policy_documents": null,
            "policy_id": null,
            "source_json": null,
            "source_policy_documents": [
              "{\n  \"Version\": \"2012-10-17\",\n  \"Statement\": [\n    {\n      \"Sid\": \"TrustedServices\",\n      \"Effect\": \"Allow\",\n      \"Action\": \"sts:AssumeRole\",\n      \"Principal\": {\n        \"Service\": \"ec2.amazonaws.com\"\n      }\n    }\n  ]\n}"
            ],
            "statement": null,
            "version": "2012-10-17"
          },
          "sensitive_attributes": []
        }
      ]
    },
    {
      "module": "module.cluster.module.role__node",
      "mode": "data",
      "type": "aws_iam_policy_document",
      "name": "trusted_services",
      "provider": "provider[\"registry.terraform.io/hashicorp/aws\"]",
      "instances": [
        {
          "index_key": "this",
          "schema_version": 0,
          "attributes": {
            "id": "3854639675",
            "json": "{\n  \"Version\": \"2012-10-17\",\n  \"Statement\": [\n    {\n      \"Sid\": \"TrustedServices\",\n      \"Effect\": \"Allow\",\n      \"Action\": \"sts:AssumeRole\",\n      \"Principal\": {\n        \"Service\": \"ec2.amazonaws.com\"\n      }\n    }\n  ]\n}",
            "override_json": null,
            "override_policy_documents": null,
            "policy_id": null,
            "source_json": null,
            "source_policy_documents": null,
            "statement": [
              {
                "actions": [
                  "sts:AssumeRole"
                ],
                "condition": [],
                "effect": "Allow",
                "not_actions": [],
                "not_principals": [],
                "not_resources": [],
                "principals": [
                  {
                    "identifiers": [
                      "ec2.amazonaws.com"
                    ],
                    "type": "Service"
                  }
                ],
                "resources": [],
                "sid": "TrustedServices"
              }
            ],
            "version": "2012-10-17"
          },
          "sensitive_attributes": []
        }
      ]
    },
    {
      "module": "module.cluster.module.role__node",
      "mode": "data",
      "type": "aws_partition",
      "name": "this",
      "provider": "provider[\"registry.terraform.io/hashicorp/aws\"]",
      "instances": [
        {
          "schema_version": 0,
          "attributes": {
            "dns_suffix": "amazonaws.com",
            "id": "aws",
            "partition": "aws",
            "reverse_dns_prefix": "com.amazonaws"
          },
          "sensitive_attributes": []
        }
      ]
    },
    {
      "module": "module.cluster.module.role__node",
      "mode": "managed",
      "type": "aws_iam_instance_profile",
      "name": "this",
      "provider": "provider[\"registry.terraform.io/hashicorp/aws\"]",
      "instances": [
        {
          "index_key": 0,
          "schema_version": 0,
          "attributes": {
            "arn": "arn:aws:iam::480936841767:instance-profile/eks-interface-test-node",
            "create_date": "2023-07-20T12:52:38Z",
            "id": "eks-interface-test-node",
            "name": "eks-interface-test-node",
            "name_prefix": null,
            "path": "/",
            "role": "eks-interface-test-node",
            "tags": {
              "Name": "eks-interface-test-node",
              "module.terraform.io/full-name": "terraform-aws-container/eks-cluster",
              "module.terraform.io/instance": "interface-test",
              "module.terraform.io/name": "eks-cluster",
              "module.terraform.io/package": "terraform-aws-container",
              "module.terraform.io/version": "0.14.0"
            },
            "tags_all": {
              "Name": "eks-interface-test-node",
              "module.terraform.io/full-name": "terraform-aws-container/eks-cluster",
              "module.terraform.io/instance": "interface-test",
              "module.terraform.io/name": "eks-cluster",
              "module.terraform.io/package": "terraform-aws-container",
              "module.terraform.io/version": "0.14.0"
            },
            "unique_id": "AIPAW76QR2ITQ4D43SXMW"
          },
          "sensitive_attributes": [],
          "private": "bnVsbA==",
          "dependencies": [
            "module.cluster.module.role__node.aws_iam_role.this",
            "module.cluster.module.role__node.data.aws_caller_identity.this",
            "module.cluster.module.role__node.data.aws_iam_policy_document.assume_role",
            "module.cluster.module.role__node.data.aws_iam_policy_document.trusted_iam_entities",
            "module.cluster.module.role__node.data.aws_iam_policy_document.trusted_oidc_providers",
            "module.cluster.module.role__node.data.aws_iam_policy_document.trusted_saml_providers",
            "module.cluster.module.role__node.data.aws_iam_policy_document.trusted_services",
            "module.cluster.module.role__node.data.aws_partition.this"
          ],
          "create_before_destroy": true
        }
      ]
    },
    {
      "module": "module.cluster.module.role__node",
      "mode": "managed",
      "type": "aws_iam_role",
      "name": "this",
      "provider": "provider[\"registry.terraform.io/hashicorp/aws\"]",
      "instances": [
        {
          "schema_version": 0,
          "attributes": {
            "arn": "arn:aws:iam::480936841767:role/eks-interface-test-node",
            "assume_role_policy": "{\"Version\":\"2012-10-17\",\"Statement\":[{\"Sid\":\"TrustedServices\",\"Effect\":\"Allow\",\"Principal\":{\"Service\":\"ec2.amazonaws.com\"},\"Action\":\"sts:AssumeRole\"}]}",
            "create_date": "2023-07-20T12:52:34Z",
            "description": "Role for the EKS cluster(interface-test) nodes",
            "force_detach_policies": false,
            "id": "eks-interface-test-node",
            "inline_policy": [
              {
                "name": "",
                "policy": ""
              }
            ],
            "managed_policy_arns": [
              "arn:aws:iam::aws:policy/AmazonEC2ContainerRegistryReadOnly",
              "arn:aws:iam::aws:policy/AmazonEKSWorkerNodePolicy",
              "arn:aws:iam::aws:policy/AmazonEKS_CNI_Policy"
            ],
            "max_session_duration": 3600,
            "name": "eks-interface-test-node",
            "name_prefix": "",
            "path": "/",
            "permissions_boundary": "",
            "tags": {
              "Name": "eks-interface-test-node",
              "module.terraform.io/full-name": "terraform-aws-container/eks-cluster",
              "module.terraform.io/instance": "interface-test",
              "module.terraform.io/name": "eks-cluster",
              "module.terraform.io/package": "terraform-aws-container",
              "module.terraform.io/version": "0.14.0"
            },
            "tags_all": {
              "Name": "eks-interface-test-node",
              "module.terraform.io/full-name": "terraform-aws-container/eks-cluster",
              "module.terraform.io/instance": "interface-test",
              "module.terraform.io/name": "eks-cluster",
              "module.terraform.io/package": "terraform-aws-container",
              "module.terraform.io/version": "0.14.0"
            },
            "unique_id": "AROAW76QR2IT4WCNWQ4AR"
          },
          "sensitive_attributes": [],
          "private": "bnVsbA==",
          "dependencies": [
            "module.cluster.module.role__node.data.aws_caller_identity.this",
            "module.cluster.module.role__node.data.aws_iam_policy_document.assume_role",
            "module.cluster.module.role__node.data.aws_iam_policy_document.trusted_iam_entities",
            "module.cluster.module.role__node.data.aws_iam_policy_document.trusted_oidc_providers",
            "module.cluster.module.role__node.data.aws_iam_policy_document.trusted_saml_providers",
            "module.cluster.module.role__node.data.aws_iam_policy_document.trusted_services",
            "module.cluster.module.role__node.data.aws_partition.this"
          ],
          "create_before_destroy": true
        }
      ]
    },
    {
      "module": "module.cluster.module.role__node",
      "mode": "managed",
      "type": "aws_iam_role_policy_attachment",
      "name": "managed",
      "provider": "provider[\"registry.terraform.io/hashicorp/aws\"]",
      "instances": [
        {
          "index_key": "arn:aws:iam::aws:policy/AmazonEC2ContainerRegistryReadOnly",
          "schema_version": 0,
          "attributes": {
            "id": "eks-interface-test-node-20230720125238137400000004",
            "policy_arn": "arn:aws:iam::aws:policy/AmazonEC2ContainerRegistryReadOnly",
            "role": "eks-interface-test-node"
          },
          "sensitive_attributes": [],
          "private": "bnVsbA==",
          "dependencies": [
            "module.cluster.module.role__node.aws_iam_role.this",
            "module.cluster.module.role__node.data.aws_caller_identity.this",
            "module.cluster.module.role__node.data.aws_iam_policy_document.assume_role",
            "module.cluster.module.role__node.data.aws_iam_policy_document.trusted_iam_entities",
            "module.cluster.module.role__node.data.aws_iam_policy_document.trusted_oidc_providers",
            "module.cluster.module.role__node.data.aws_iam_policy_document.trusted_saml_providers",
            "module.cluster.module.role__node.data.aws_iam_policy_document.trusted_services",
            "module.cluster.module.role__node.data.aws_partition.this"
          ],
          "create_before_destroy": true
        },
        {
          "index_key": "arn:aws:iam::aws:policy/AmazonEKSWorkerNodePolicy",
          "schema_version": 0,
          "attributes": {
            "id": "eks-interface-test-node-20230720125238137600000005",
            "policy_arn": "arn:aws:iam::aws:policy/AmazonEKSWorkerNodePolicy",
            "role": "eks-interface-test-node"
          },
          "sensitive_attributes": [],
          "private": "bnVsbA==",
          "dependencies": [
            "module.cluster.module.role__node.aws_iam_role.this",
            "module.cluster.module.role__node.data.aws_caller_identity.this",
            "module.cluster.module.role__node.data.aws_iam_policy_document.assume_role",
            "module.cluster.module.role__node.data.aws_iam_policy_document.trusted_iam_entities",
            "module.cluster.module.role__node.data.aws_iam_policy_document.trusted_oidc_providers",
            "module.cluster.module.role__node.data.aws_iam_policy_document.trusted_saml_providers",
            "module.cluster.module.role__node.data.aws_iam_policy_document.trusted_services",
            "module.cluster.module.role__node.data.aws_partition.this"
          ],
          "create_before_destroy": true
        },
        {
          "index_key": "arn:aws:iam::aws:policy/AmazonEKS_CNI_Policy",
          "schema_version": 0,
          "attributes": {
            "id": "eks-interface-test-node-20230720125238111800000003",
            "policy_arn": "arn:aws:iam::aws:policy/AmazonEKS_CNI_Policy",
            "role": "eks-interface-test-node"
          },
          "sensitive_attributes": [],
          "private": "bnVsbA==",
          "dependencies": [
            "module.cluster.module.role__node.aws_iam_role.this",
            "module.cluster.module.role__node.data.aws_caller_identity.this",
            "module.cluster.module.role__node.data.aws_iam_policy_document.assume_role",
            "module.cluster.module.role__node.data.aws_iam_policy_document.trusted_iam_entities",
            "module.cluster.module.role__node.data.aws_iam_policy_document.trusted_oidc_providers",
            "module.cluster.module.role__node.data.aws_iam_policy_document.trusted_saml_providers",
            "module.cluster.module.role__node.data.aws_iam_policy_document.trusted_services",
            "module.cluster.module.role__node.data.aws_partition.this"
          ],
          "create_before_destroy": true
        }
      ]
    },
    {
      "module": "module.cluster.module.security_group__control_plane",
      "mode": "managed",
      "type": "aws_security_group",
      "name": "this",
      "provider": "provider[\"registry.terraform.io/hashicorp/aws\"]",
      "instances": [
        {
          "schema_version": 1,
          "attributes": {
            "arn": "arn:aws:ec2:ap-northeast-2:480936841767:security-group/sg-0589b758f9c6b20eb",
            "description": "Security Group for EKS Control Plane.",
            "egress": [
              {
                "cidr_blocks": [],
                "description": "Allow control plane to ephemrally communicate with nodes.",
                "from_port": 1025,
                "ipv6_cidr_blocks": [],
                "prefix_list_ids": [],
                "protocol": "tcp",
                "security_groups": [
                  "sg-036691aa0243bcbaa"
                ],
                "self": false,
                "to_port": 65535
              },
              {
                "cidr_blocks": [],
                "description": "Allow control plane to ephemrally communicate with pods.",
                "from_port": 1025,
                "ipv6_cidr_blocks": [],
                "prefix_list_ids": [],
                "protocol": "tcp",
                "security_groups": [
                  "sg-07f9327f92d82416e"
                ],
                "self": false,
                "to_port": 65535
              }
            ],
            "id": "sg-0589b758f9c6b20eb",
            "ingress": [
              {
                "cidr_blocks": [
                  "10.222.0.0/16"
                ],
                "description": "Allow CIDRs to communicate with the cluster API server.",
                "from_port": 443,
                "ipv6_cidr_blocks": [],
                "prefix_list_ids": [],
                "protocol": "tcp",
                "security_groups": [],
                "self": false,
                "to_port": 443
              },
              {
                "cidr_blocks": [],
                "description": "Allow nodes to communicate with the cluster API server.",
                "from_port": 443,
                "ipv6_cidr_blocks": [],
                "prefix_list_ids": [],
                "protocol": "tcp",
                "security_groups": [
                  "sg-036691aa0243bcbaa"
                ],
                "self": false,
                "to_port": 443
              },
              {
                "cidr_blocks": [],
                "description": "Allow pods to communicate with the cluster API server.",
                "from_port": 443,
                "ipv6_cidr_blocks": [],
                "prefix_list_ids": [],
                "protocol": "tcp",
                "security_groups": [
                  "sg-07f9327f92d82416e"
                ],
                "self": false,
                "to_port": 443
              }
            ],
            "name": "eks-interface-test-control-plane",
            "name_prefix": "",
            "owner_id": "480936841767",
            "revoke_rules_on_delete": false,
            "tags": {
              "Name": "eks-interface-test-control-plane",
              "kubernetes.io/cluster/interface-test": "owned",
              "module.terraform.io/full-name": "terraform-aws-container/eks-cluster",
              "module.terraform.io/instance": "interface-test",
              "module.terraform.io/name": "eks-cluster",
              "module.terraform.io/package": "terraform-aws-container",
              "module.terraform.io/version": "0.14.0"
            },
            "tags_all": {
              "Name": "eks-interface-test-control-plane",
              "kubernetes.io/cluster/interface-test": "owned",
              "module.terraform.io/full-name": "terraform-aws-container/eks-cluster",
              "module.terraform.io/instance": "interface-test",
              "module.terraform.io/name": "eks-cluster",
              "module.terraform.io/package": "terraform-aws-container",
              "module.terraform.io/version": "0.14.0"
            },
            "timeouts": null,
            "vpc_id": "vpc-061d391c2c51349fc"
          },
          "sensitive_attributes": [],
          "private": "eyJlMmJmYjczMC1lY2FhLTExZTYtOGY4OC0zNDM2M2JjN2M0YzAiOnsiY3JlYXRlIjo2MDAwMDAwMDAwMDAsImRlbGV0ZSI6OTAwMDAwMDAwMDAwfSwic2NoZW1hX3ZlcnNpb24iOiIxIn0=",
          "dependencies": [
            "data.terraform_remote_state.network",
            "module.cluster.data.aws_subnet.selected"
          ],
          "create_before_destroy": true
        }
      ]
    },
    {
      "module": "module.cluster.module.security_group__control_plane",
      "mode": "managed",
      "type": "aws_security_group_rule",
      "name": "egress",
      "provider": "provider[\"registry.terraform.io/hashicorp/aws\"]",
      "instances": [
        {
          "index_key": "ephemeral/nodes",
          "schema_version": 2,
          "attributes": {
            "cidr_blocks": [],
            "description": "Allow control plane to ephemrally communicate with nodes.",
            "from_port": 1025,
            "id": "sgrule-2623075129",
            "ipv6_cidr_blocks": [],
            "prefix_list_ids": [],
            "protocol": "tcp",
            "security_group_id": "sg-0589b758f9c6b20eb",
            "self": false,
            "source_security_group_id": "sg-036691aa0243bcbaa",
            "to_port": 65535,
            "type": "egress"
          },
          "sensitive_attributes": [],
          "private": "eyJzY2hlbWFfdmVyc2lvbiI6IjIifQ==",
          "dependencies": [
            "data.terraform_remote_state.network",
            "module.cluster.data.aws_subnet.selected",
            "module.cluster.module.security_group__control_plane.aws_security_group.this",
            "module.cluster.module.security_group__node.aws_security_group.this",
            "module.cluster.module.security_group__pod.aws_security_group.this"
          ]
        },
        {
          "index_key": "ephemeral/pods",
          "schema_version": 2,
          "attributes": {
            "cidr_blocks": [],
            "description": "Allow control plane to ephemrally communicate with pods.",
            "from_port": 1025,
            "id": "sgrule-3722411747",
            "ipv6_cidr_blocks": [],
            "prefix_list_ids": [],
            "protocol": "tcp",
            "security_group_id": "sg-0589b758f9c6b20eb",
            "self": false,
            "source_security_group_id": "sg-07f9327f92d82416e",
            "to_port": 65535,
            "type": "egress"
          },
          "sensitive_attributes": [],
          "private": "eyJzY2hlbWFfdmVyc2lvbiI6IjIifQ==",
          "dependencies": [
            "data.terraform_remote_state.network",
            "module.cluster.data.aws_subnet.selected",
            "module.cluster.module.security_group__control_plane.aws_security_group.this",
            "module.cluster.module.security_group__node.aws_security_group.this",
            "module.cluster.module.security_group__pod.aws_security_group.this"
          ]
        }
      ]
    },
    {
      "module": "module.cluster.module.security_group__control_plane",
      "mode": "managed",
      "type": "aws_security_group_rule",
      "name": "ingress",
      "provider": "provider[\"registry.terraform.io/hashicorp/aws\"]",
      "instances": [
        {
          "index_key": "cluster-api/cidrs",
          "schema_version": 2,
          "attributes": {
            "cidr_blocks": [
              "10.222.0.0/16"
            ],
            "description": "Allow CIDRs to communicate with the cluster API server.",
            "from_port": 443,
            "id": "sgrule-3876165693",
            "ipv6_cidr_blocks": [],
            "prefix_list_ids": [],
            "protocol": "tcp",
            "security_group_id": "sg-0589b758f9c6b20eb",
            "self": false,
            "source_security_group_id": null,
            "to_port": 443,
            "type": "ingress"
          },
          "sensitive_attributes": [],
          "private": "eyJzY2hlbWFfdmVyc2lvbiI6IjIifQ==",
          "dependencies": [
            "data.terraform_remote_state.network",
            "module.cluster.data.aws_subnet.selected",
            "module.cluster.module.security_group__control_plane.aws_security_group.this",
            "module.cluster.module.security_group__node.aws_security_group.this",
            "module.cluster.module.security_group__pod.aws_security_group.this"
          ]
        },
        {
          "index_key": "cluster-api/nodes",
          "schema_version": 2,
          "attributes": {
            "cidr_blocks": [],
            "description": "Allow nodes to communicate with the cluster API server.",
            "from_port": 443,
            "id": "sgrule-2888194624",
            "ipv6_cidr_blocks": [],
            "prefix_list_ids": [],
            "protocol": "tcp",
            "security_group_id": "sg-0589b758f9c6b20eb",
            "self": false,
            "source_security_group_id": "sg-036691aa0243bcbaa",
            "to_port": 443,
            "type": "ingress"
          },
          "sensitive_attributes": [],
          "private": "eyJzY2hlbWFfdmVyc2lvbiI6IjIifQ==",
          "dependencies": [
            "data.terraform_remote_state.network",
            "module.cluster.data.aws_subnet.selected",
            "module.cluster.module.security_group__control_plane.aws_security_group.this",
            "module.cluster.module.security_group__node.aws_security_group.this",
            "module.cluster.module.security_group__pod.aws_security_group.this"
          ]
        },
        {
          "index_key": "cluster-api/pods",
          "schema_version": 2,
          "attributes": {
            "cidr_blocks": [],
            "description": "Allow pods to communicate with the cluster API server.",
            "from_port": 443,
            "id": "sgrule-3986806682",
            "ipv6_cidr_blocks": [],
            "prefix_list_ids": [],
            "protocol": "tcp",
            "security_group_id": "sg-0589b758f9c6b20eb",
            "self": false,
            "source_security_group_id": "sg-07f9327f92d82416e",
            "to_port": 443,
            "type": "ingress"
          },
          "sensitive_attributes": [],
          "private": "eyJzY2hlbWFfdmVyc2lvbiI6IjIifQ==",
          "dependencies": [
            "data.terraform_remote_state.network",
            "module.cluster.data.aws_subnet.selected",
            "module.cluster.module.security_group__control_plane.aws_security_group.this",
            "module.cluster.module.security_group__node.aws_security_group.this",
            "module.cluster.module.security_group__pod.aws_security_group.this"
          ]
        }
      ]
    },
    {
      "module": "module.cluster.module.security_group__node",
      "mode": "managed",
      "type": "aws_security_group",
      "name": "this",
      "provider": "provider[\"registry.terraform.io/hashicorp/aws\"]",
      "instances": [
        {
          "schema_version": 1,
          "attributes": {
            "arn": "arn:aws:ec2:ap-northeast-2:480936841767:security-group/sg-036691aa0243bcbaa",
            "description": "Security Group for all nodes in the EKS cluster.",
            "egress": [
              {
                "cidr_blocks": [
                  "0.0.0.0/0"
                ],
                "description": "Allow nodes egress access to the Internet.",
                "from_port": 0,
                "ipv6_cidr_blocks": [],
                "prefix_list_ids": [],
                "protocol": "-1",
                "security_groups": [],
                "self": false,
                "to_port": 0
              },
              {
                "cidr_blocks": [],
                "description": "Allow nodes egress access to the cluster security group(for fargate pods).",
                "from_port": 0,
                "ipv6_cidr_blocks": [],
                "prefix_list_ids": [],
                "protocol": "-1",
                "security_groups": [
                  "sg-0f27555639d41a8cd"
                ],
                "self": false,
                "to_port": 0
              }
            ],
            "id": "sg-036691aa0243bcbaa",
            "ingress": [
              {
                "cidr_blocks": [],
                "description": "Allow nodes to communicate each others.",
                "from_port": 0,
                "ipv6_cidr_blocks": [],
                "prefix_list_ids": [],
                "protocol": "-1",
                "security_groups": [],
                "self": true,
                "to_port": 0
              },
              {
                "cidr_blocks": [],
                "description": "Allow nodes to communicate from the cluster security group(for fargate pods).",
                "from_port": 0,
                "ipv6_cidr_blocks": [],
                "prefix_list_ids": [],
                "protocol": "-1",
                "security_groups": [
                  "sg-0f27555639d41a8cd"
                ],
                "self": false,
                "to_port": 0
              },
              {
                "cidr_blocks": [],
                "description": "Allow nodes to receive communication from the cluster control plane for kubelet.",
                "from_port": 10250,
                "ipv6_cidr_blocks": [],
                "prefix_list_ids": [],
                "protocol": "tcp",
                "security_groups": [
                  "sg-0589b758f9c6b20eb"
                ],
                "self": false,
                "to_port": 10250
              },
              {
                "cidr_blocks": [],
                "description": "Allow nodes to receive communication from the cluster control plane.",
                "from_port": 1025,
                "ipv6_cidr_blocks": [],
                "prefix_list_ids": [],
                "protocol": "tcp",
                "security_groups": [
                  "sg-0589b758f9c6b20eb"
                ],
                "self": false,
                "to_port": 65535
              },
              {
                "cidr_blocks": [],
                "description": "Allow nodes to receive communication from the pods for kubelet.",
                "from_port": 10250,
                "ipv6_cidr_blocks": [],
                "prefix_list_ids": [],
                "protocol": "tcp",
                "security_groups": [
                  "sg-07f9327f92d82416e"
                ],
                "self": false,
                "to_port": 10250
              },
              {
                "cidr_blocks": [],
                "description": "Allow nodes to receive communication from the pods for node-exporter.",
                "from_port": 9100,
                "ipv6_cidr_blocks": [],
                "prefix_list_ids": [],
                "protocol": "tcp",
                "security_groups": [
                  "sg-07f9327f92d82416e"
                ],
                "self": false,
                "to_port": 9100
              }
            ],
            "name": "eks-interface-test-node",
            "name_prefix": "",
            "owner_id": "480936841767",
            "revoke_rules_on_delete": false,
            "tags": {
              "Name": "eks-interface-test-node",
              "kubernetes.io/cluster/interface-test": "owned",
              "module.terraform.io/full-name": "terraform-aws-container/eks-cluster",
              "module.terraform.io/instance": "interface-test",
              "module.terraform.io/name": "eks-cluster",
              "module.terraform.io/package": "terraform-aws-container",
              "module.terraform.io/version": "0.14.0"
            },
            "tags_all": {
              "Name": "eks-interface-test-node",
              "kubernetes.io/cluster/interface-test": "owned",
              "module.terraform.io/full-name": "terraform-aws-container/eks-cluster",
              "module.terraform.io/instance": "interface-test",
              "module.terraform.io/name": "eks-cluster",
              "module.terraform.io/package": "terraform-aws-container",
              "module.terraform.io/version": "0.14.0"
            },
            "timeouts": null,
            "vpc_id": "vpc-061d391c2c51349fc"
          },
          "sensitive_attributes": [],
          "private": "eyJlMmJmYjczMC1lY2FhLTExZTYtOGY4OC0zNDM2M2JjN2M0YzAiOnsiY3JlYXRlIjo2MDAwMDAwMDAwMDAsImRlbGV0ZSI6OTAwMDAwMDAwMDAwfSwic2NoZW1hX3ZlcnNpb24iOiIxIn0=",
          "dependencies": [
            "data.terraform_remote_state.network",
            "module.cluster.data.aws_subnet.selected"
          ],
          "create_before_destroy": true
        }
      ]
    },
    {
      "module": "module.cluster.module.security_group__node",
      "mode": "managed",
      "type": "aws_security_group_rule",
      "name": "egress",
      "provider": "provider[\"registry.terraform.io/hashicorp/aws\"]",
      "instances": [
        {
          "index_key": "all/all",
          "schema_version": 2,
          "attributes": {
            "cidr_blocks": [
              "0.0.0.0/0"
            ],
            "description": "Allow nodes egress access to the Internet.",
            "from_port": 0,
            "id": "sgrule-490390111",
            "ipv6_cidr_blocks": [],
            "prefix_list_ids": [],
            "protocol": "-1",
            "security_group_id": "sg-036691aa0243bcbaa",
            "self": false,
            "source_security_group_id": null,
            "to_port": 0,
            "type": "egress"
          },
          "sensitive_attributes": [],
          "private": "eyJzY2hlbWFfdmVyc2lvbiI6IjIifQ==",
          "dependencies": [
            "data.terraform_remote_state.network",
            "module.cluster.aws_cloudwatch_log_group.this",
            "module.cluster.aws_eks_cluster.this",
            "module.cluster.data.aws_subnet.selected",
            "module.cluster.module.role__control_plane.aws_iam_instance_profile.this",
            "module.cluster.module.role__control_plane.aws_iam_role.this",
            "module.cluster.module.role__control_plane.aws_iam_role_policy.inline",
            "module.cluster.module.role__control_plane.aws_iam_role_policy_attachment.managed",
            "module.cluster.module.role__control_plane.aws_resourcegroups_group.this",
            "module.cluster.module.role__control_plane.data.aws_caller_identity.this",
            "module.cluster.module.role__control_plane.data.aws_iam_policy_document.assume_role",
            "module.cluster.module.role__control_plane.data.aws_iam_policy_document.trusted_iam_entities",
            "module.cluster.module.role__control_plane.data.aws_iam_policy_document.trusted_oidc_providers",
            "module.cluster.module.role__control_plane.data.aws_iam_policy_document.trusted_saml_providers",
            "module.cluster.module.role__control_plane.data.aws_iam_policy_document.trusted_services",
            "module.cluster.module.role__control_plane.data.aws_partition.this",
            "module.cluster.module.security_group__control_plane.aws_security_group.this",
            "module.cluster.module.security_group__node.aws_security_group.this"
          ]
        },
        {
          "index_key": "all/cluster",
          "schema_version": 2,
          "attributes": {
            "cidr_blocks": [],
            "description": "Allow nodes egress access to the cluster security group(for fargate pods).",
            "from_port": 0,
            "id": "sgrule-2952375848",
            "ipv6_cidr_blocks": [],
            "prefix_list_ids": [],
            "protocol": "-1",
            "security_group_id": "sg-036691aa0243bcbaa",
            "self": false,
            "source_security_group_id": "sg-0f27555639d41a8cd",
            "to_port": 0,
            "type": "egress"
          },
          "sensitive_attributes": [],
          "private": "eyJzY2hlbWFfdmVyc2lvbiI6IjIifQ==",
          "dependencies": [
            "data.terraform_remote_state.network",
            "module.cluster.aws_cloudwatch_log_group.this",
            "module.cluster.aws_eks_cluster.this",
            "module.cluster.data.aws_subnet.selected",
            "module.cluster.module.role__control_plane.aws_iam_instance_profile.this",
            "module.cluster.module.role__control_plane.aws_iam_role.this",
            "module.cluster.module.role__control_plane.aws_iam_role_policy.inline",
            "module.cluster.module.role__control_plane.aws_iam_role_policy_attachment.managed",
            "module.cluster.module.role__control_plane.aws_resourcegroups_group.this",
            "module.cluster.module.role__control_plane.data.aws_caller_identity.this",
            "module.cluster.module.role__control_plane.data.aws_iam_policy_document.assume_role",
            "module.cluster.module.role__control_plane.data.aws_iam_policy_document.trusted_iam_entities",
            "module.cluster.module.role__control_plane.data.aws_iam_policy_document.trusted_oidc_providers",
            "module.cluster.module.role__control_plane.data.aws_iam_policy_document.trusted_saml_providers",
            "module.cluster.module.role__control_plane.data.aws_iam_policy_document.trusted_services",
            "module.cluster.module.role__control_plane.data.aws_partition.this",
            "module.cluster.module.security_group__control_plane.aws_security_group.this",
            "module.cluster.module.security_group__node.aws_security_group.this"
          ]
        }
      ]
    },
    {
      "module": "module.cluster.module.security_group__node",
      "mode": "managed",
      "type": "aws_security_group_rule",
      "name": "ingress",
      "provider": "provider[\"registry.terraform.io/hashicorp/aws\"]",
      "instances": [
        {
          "index_key": "all/cluster",
          "schema_version": 2,
          "attributes": {
            "cidr_blocks": [],
            "description": "Allow nodes to communicate from the cluster security group(for fargate pods).",
            "from_port": 0,
            "id": "sgrule-3693642857",
            "ipv6_cidr_blocks": [],
            "prefix_list_ids": [],
            "protocol": "-1",
            "security_group_id": "sg-036691aa0243bcbaa",
            "self": false,
            "source_security_group_id": "sg-0f27555639d41a8cd",
            "to_port": 0,
            "type": "ingress"
          },
          "sensitive_attributes": [],
          "private": "eyJzY2hlbWFfdmVyc2lvbiI6IjIifQ==",
          "dependencies": [
            "data.terraform_remote_state.network",
            "module.cluster.aws_cloudwatch_log_group.this",
            "module.cluster.aws_eks_cluster.this",
            "module.cluster.data.aws_subnet.selected",
            "module.cluster.module.role__control_plane.aws_iam_instance_profile.this",
            "module.cluster.module.role__control_plane.aws_iam_role.this",
            "module.cluster.module.role__control_plane.aws_iam_role_policy.inline",
            "module.cluster.module.role__control_plane.aws_iam_role_policy_attachment.managed",
            "module.cluster.module.role__control_plane.aws_resourcegroups_group.this",
            "module.cluster.module.role__control_plane.data.aws_caller_identity.this",
            "module.cluster.module.role__control_plane.data.aws_iam_policy_document.assume_role",
            "module.cluster.module.role__control_plane.data.aws_iam_policy_document.trusted_iam_entities",
            "module.cluster.module.role__control_plane.data.aws_iam_policy_document.trusted_oidc_providers",
            "module.cluster.module.role__control_plane.data.aws_iam_policy_document.trusted_saml_providers",
            "module.cluster.module.role__control_plane.data.aws_iam_policy_document.trusted_services",
            "module.cluster.module.role__control_plane.data.aws_partition.this",
            "module.cluster.module.security_group__control_plane.aws_security_group.this",
            "module.cluster.module.security_group__node.aws_security_group.this",
            "module.cluster.module.security_group__pod.aws_security_group.this"
          ]
        },
        {
          "index_key": "all/self",
          "schema_version": 2,
          "attributes": {
            "cidr_blocks": [],
            "description": "Allow nodes to communicate each others.",
            "from_port": 0,
            "id": "sgrule-873786753",
            "ipv6_cidr_blocks": [],
            "prefix_list_ids": [],
            "protocol": "-1",
            "security_group_id": "sg-036691aa0243bcbaa",
            "self": true,
            "source_security_group_id": "sg-036691aa0243bcbaa",
            "to_port": 0,
            "type": "ingress"
          },
          "sensitive_attributes": [],
          "private": "eyJzY2hlbWFfdmVyc2lvbiI6IjIifQ==",
          "dependencies": [
            "data.terraform_remote_state.network",
            "module.cluster.aws_cloudwatch_log_group.this",
            "module.cluster.aws_eks_cluster.this",
            "module.cluster.data.aws_subnet.selected",
            "module.cluster.module.role__control_plane.aws_iam_instance_profile.this",
            "module.cluster.module.role__control_plane.aws_iam_role.this",
            "module.cluster.module.role__control_plane.aws_iam_role_policy.inline",
            "module.cluster.module.role__control_plane.aws_iam_role_policy_attachment.managed",
            "module.cluster.module.role__control_plane.aws_resourcegroups_group.this",
            "module.cluster.module.role__control_plane.data.aws_caller_identity.this",
            "module.cluster.module.role__control_plane.data.aws_iam_policy_document.assume_role",
            "module.cluster.module.role__control_plane.data.aws_iam_policy_document.trusted_iam_entities",
            "module.cluster.module.role__control_plane.data.aws_iam_policy_document.trusted_oidc_providers",
            "module.cluster.module.role__control_plane.data.aws_iam_policy_document.trusted_saml_providers",
            "module.cluster.module.role__control_plane.data.aws_iam_policy_document.trusted_services",
            "module.cluster.module.role__control_plane.data.aws_partition.this",
            "module.cluster.module.security_group__control_plane.aws_security_group.this",
            "module.cluster.module.security_group__node.aws_security_group.this",
            "module.cluster.module.security_group__pod.aws_security_group.this"
          ]
        },
        {
          "index_key": "ephemeral/control-plane",
          "schema_version": 2,
          "attributes": {
            "cidr_blocks": [],
            "description": "Allow nodes to receive communication from the cluster control plane.",
            "from_port": 1025,
            "id": "sgrule-1384888698",
            "ipv6_cidr_blocks": [],
            "prefix_list_ids": [],
            "protocol": "tcp",
            "security_group_id": "sg-036691aa0243bcbaa",
            "self": false,
            "source_security_group_id": "sg-0589b758f9c6b20eb",
            "to_port": 65535,
            "type": "ingress"
          },
          "sensitive_attributes": [],
          "private": "eyJzY2hlbWFfdmVyc2lvbiI6IjIifQ==",
          "dependencies": [
            "data.terraform_remote_state.network",
            "module.cluster.aws_cloudwatch_log_group.this",
            "module.cluster.aws_eks_cluster.this",
            "module.cluster.data.aws_subnet.selected",
            "module.cluster.module.role__control_plane.aws_iam_instance_profile.this",
            "module.cluster.module.role__control_plane.aws_iam_role.this",
            "module.cluster.module.role__control_plane.aws_iam_role_policy.inline",
            "module.cluster.module.role__control_plane.aws_iam_role_policy_attachment.managed",
            "module.cluster.module.role__control_plane.aws_resourcegroups_group.this",
            "module.cluster.module.role__control_plane.data.aws_caller_identity.this",
            "module.cluster.module.role__control_plane.data.aws_iam_policy_document.assume_role",
            "module.cluster.module.role__control_plane.data.aws_iam_policy_document.trusted_iam_entities",
            "module.cluster.module.role__control_plane.data.aws_iam_policy_document.trusted_oidc_providers",
            "module.cluster.module.role__control_plane.data.aws_iam_policy_document.trusted_saml_providers",
            "module.cluster.module.role__control_plane.data.aws_iam_policy_document.trusted_services",
            "module.cluster.module.role__control_plane.data.aws_partition.this",
            "module.cluster.module.security_group__control_plane.aws_security_group.this",
            "module.cluster.module.security_group__node.aws_security_group.this",
            "module.cluster.module.security_group__pod.aws_security_group.this"
          ]
        },
        {
          "index_key": "kubelet/control-plane",
          "schema_version": 2,
          "attributes": {
            "cidr_blocks": [],
            "description": "Allow nodes to receive communication from the cluster control plane for kubelet.",
            "from_port": 10250,
            "id": "sgrule-491748884",
            "ipv6_cidr_blocks": [],
            "prefix_list_ids": [],
            "protocol": "tcp",
            "security_group_id": "sg-036691aa0243bcbaa",
            "self": false,
            "source_security_group_id": "sg-0589b758f9c6b20eb",
            "to_port": 10250,
            "type": "ingress"
          },
          "sensitive_attributes": [],
          "private": "eyJzY2hlbWFfdmVyc2lvbiI6IjIifQ==",
          "dependencies": [
            "data.terraform_remote_state.network",
            "module.cluster.aws_cloudwatch_log_group.this",
            "module.cluster.aws_eks_cluster.this",
            "module.cluster.data.aws_subnet.selected",
            "module.cluster.module.role__control_plane.aws_iam_instance_profile.this",
            "module.cluster.module.role__control_plane.aws_iam_role.this",
            "module.cluster.module.role__control_plane.aws_iam_role_policy.inline",
            "module.cluster.module.role__control_plane.aws_iam_role_policy_attachment.managed",
            "module.cluster.module.role__control_plane.aws_resourcegroups_group.this",
            "module.cluster.module.role__control_plane.data.aws_caller_identity.this",
            "module.cluster.module.role__control_plane.data.aws_iam_policy_document.assume_role",
            "module.cluster.module.role__control_plane.data.aws_iam_policy_document.trusted_iam_entities",
            "module.cluster.module.role__control_plane.data.aws_iam_policy_document.trusted_oidc_providers",
            "module.cluster.module.role__control_plane.data.aws_iam_policy_document.trusted_saml_providers",
            "module.cluster.module.role__control_plane.data.aws_iam_policy_document.trusted_services",
            "module.cluster.module.role__control_plane.data.aws_partition.this",
            "module.cluster.module.security_group__control_plane.aws_security_group.this",
            "module.cluster.module.security_group__node.aws_security_group.this",
            "module.cluster.module.security_group__pod.aws_security_group.this"
          ]
        },
        {
          "index_key": "kubelet/pods",
          "schema_version": 2,
          "attributes": {
            "cidr_blocks": [],
            "description": "Allow nodes to receive communication from the pods for kubelet.",
            "from_port": 10250,
            "id": "sgrule-1663648859",
            "ipv6_cidr_blocks": [],
            "prefix_list_ids": [],
            "protocol": "tcp",
            "security_group_id": "sg-036691aa0243bcbaa",
            "self": false,
            "source_security_group_id": "sg-07f9327f92d82416e",
            "to_port": 10250,
            "type": "ingress"
          },
          "sensitive_attributes": [],
          "private": "eyJzY2hlbWFfdmVyc2lvbiI6IjIifQ==",
          "dependencies": [
            "data.terraform_remote_state.network",
            "module.cluster.aws_cloudwatch_log_group.this",
            "module.cluster.aws_eks_cluster.this",
            "module.cluster.data.aws_subnet.selected",
            "module.cluster.module.role__control_plane.aws_iam_instance_profile.this",
            "module.cluster.module.role__control_plane.aws_iam_role.this",
            "module.cluster.module.role__control_plane.aws_iam_role_policy.inline",
            "module.cluster.module.role__control_plane.aws_iam_role_policy_attachment.managed",
            "module.cluster.module.role__control_plane.aws_resourcegroups_group.this",
            "module.cluster.module.role__control_plane.data.aws_caller_identity.this",
            "module.cluster.module.role__control_plane.data.aws_iam_policy_document.assume_role",
            "module.cluster.module.role__control_plane.data.aws_iam_policy_document.trusted_iam_entities",
            "module.cluster.module.role__control_plane.data.aws_iam_policy_document.trusted_oidc_providers",
            "module.cluster.module.role__control_plane.data.aws_iam_policy_document.trusted_saml_providers",
            "module.cluster.module.role__control_plane.data.aws_iam_policy_document.trusted_services",
            "module.cluster.module.role__control_plane.data.aws_partition.this",
            "module.cluster.module.security_group__control_plane.aws_security_group.this",
            "module.cluster.module.security_group__node.aws_security_group.this",
            "module.cluster.module.security_group__pod.aws_security_group.this"
          ]
        },
        {
          "index_key": "node-exporter/pods",
          "schema_version": 2,
          "attributes": {
            "cidr_blocks": [],
            "description": "Allow nodes to receive communication from the pods for node-exporter.",
            "from_port": 9100,
            "id": "sgrule-3123169925",
            "ipv6_cidr_blocks": [],
            "prefix_list_ids": [],
            "protocol": "tcp",
            "security_group_id": "sg-036691aa0243bcbaa",
            "self": false,
            "source_security_group_id": "sg-07f9327f92d82416e",
            "to_port": 9100,
            "type": "ingress"
          },
          "sensitive_attributes": [],
          "private": "eyJzY2hlbWFfdmVyc2lvbiI6IjIifQ==",
          "dependencies": [
            "data.terraform_remote_state.network",
            "module.cluster.aws_cloudwatch_log_group.this",
            "module.cluster.aws_eks_cluster.this",
            "module.cluster.data.aws_subnet.selected",
            "module.cluster.module.role__control_plane.aws_iam_instance_profile.this",
            "module.cluster.module.role__control_plane.aws_iam_role.this",
            "module.cluster.module.role__control_plane.aws_iam_role_policy.inline",
            "module.cluster.module.role__control_plane.aws_iam_role_policy_attachment.managed",
            "module.cluster.module.role__control_plane.aws_resourcegroups_group.this",
            "module.cluster.module.role__control_plane.data.aws_caller_identity.this",
            "module.cluster.module.role__control_plane.data.aws_iam_policy_document.assume_role",
            "module.cluster.module.role__control_plane.data.aws_iam_policy_document.trusted_iam_entities",
            "module.cluster.module.role__control_plane.data.aws_iam_policy_document.trusted_oidc_providers",
            "module.cluster.module.role__control_plane.data.aws_iam_policy_document.trusted_saml_providers",
            "module.cluster.module.role__control_plane.data.aws_iam_policy_document.trusted_services",
            "module.cluster.module.role__control_plane.data.aws_partition.this",
            "module.cluster.module.security_group__control_plane.aws_security_group.this",
            "module.cluster.module.security_group__node.aws_security_group.this",
            "module.cluster.module.security_group__pod.aws_security_group.this"
          ]
        }
      ]
    },
    {
      "module": "module.cluster.module.security_group__pod",
      "mode": "managed",
      "type": "aws_security_group",
      "name": "this",
      "provider": "provider[\"registry.terraform.io/hashicorp/aws\"]",
      "instances": [
        {
          "schema_version": 1,
          "attributes": {
            "arn": "arn:aws:ec2:ap-northeast-2:480936841767:security-group/sg-07f9327f92d82416e",
            "description": "Security Group for all pods in the EKS cluster.",
            "egress": [
              {
                "cidr_blocks": [
                  "0.0.0.0/0"
                ],
                "description": "Allow pods to communicate to the Internet.",
                "from_port": 0,
                "ipv6_cidr_blocks": [],
                "prefix_list_ids": [],
                "protocol": "-1",
                "security_groups": [],
                "self": false,
                "to_port": 0
              }
            ],
            "id": "sg-07f9327f92d82416e",
            "ingress": [
              {
                "cidr_blocks": [],
                "description": "Allow pods to communicate each others.",
                "from_port": 0,
                "ipv6_cidr_blocks": [],
                "prefix_list_ids": [],
                "protocol": "-1",
                "security_groups": [],
                "self": true,
                "to_port": 0
              },
              {
                "cidr_blocks": [],
                "description": "Allow pods to communicate from the cluster security group(for fargate pods).",
                "from_port": 0,
                "ipv6_cidr_blocks": [],
                "prefix_list_ids": [],
                "protocol": "-1",
                "security_groups": [
                  "sg-0f27555639d41a8cd"
                ],
                "self": false,
                "to_port": 0
              },
              {
                "cidr_blocks": [],
                "description": "Allow pods to communicate from the nodes.",
                "from_port": 0,
                "ipv6_cidr_blocks": [],
                "prefix_list_ids": [],
                "protocol": "-1",
                "security_groups": [
                  "sg-036691aa0243bcbaa"
                ],
                "self": false,
                "to_port": 0
              },
              {
                "cidr_blocks": [],
                "description": "Allow pods to receive communication from the cluster control plane.",
                "from_port": 1025,
                "ipv6_cidr_blocks": [],
                "prefix_list_ids": [],
                "protocol": "tcp",
                "security_groups": [
                  "sg-0589b758f9c6b20eb"
                ],
                "self": false,
                "to_port": 65535
              },
              {
                "cidr_blocks": [],
                "description": "Allow pods to receive metrics-server communication from the cluster control plane.",
                "from_port": 443,
                "ipv6_cidr_blocks": [],
                "prefix_list_ids": [],
                "protocol": "tcp",
                "security_groups": [
                  "sg-0589b758f9c6b20eb"
                ],
                "self": false,
                "to_port": 443
              }
            ],
            "name": "eks-interface-test-pod",
            "name_prefix": "",
            "owner_id": "480936841767",
            "revoke_rules_on_delete": false,
            "tags": {
              "Name": "eks-interface-test-pod",
              "kubernetes.io/cluster/interface-test": "owned",
              "module.terraform.io/full-name": "terraform-aws-container/eks-cluster",
              "module.terraform.io/instance": "interface-test",
              "module.terraform.io/name": "eks-cluster",
              "module.terraform.io/package": "terraform-aws-container",
              "module.terraform.io/version": "0.14.0"
            },
            "tags_all": {
              "Name": "eks-interface-test-pod",
              "kubernetes.io/cluster/interface-test": "owned",
              "module.terraform.io/full-name": "terraform-aws-container/eks-cluster",
              "module.terraform.io/instance": "interface-test",
              "module.terraform.io/name": "eks-cluster",
              "module.terraform.io/package": "terraform-aws-container",
              "module.terraform.io/version": "0.14.0"
            },
            "timeouts": null,
            "vpc_id": "vpc-061d391c2c51349fc"
          },
          "sensitive_attributes": [],
          "private": "eyJlMmJmYjczMC1lY2FhLTExZTYtOGY4OC0zNDM2M2JjN2M0YzAiOnsiY3JlYXRlIjo2MDAwMDAwMDAwMDAsImRlbGV0ZSI6OTAwMDAwMDAwMDAwfSwic2NoZW1hX3ZlcnNpb24iOiIxIn0=",
          "dependencies": [
            "data.terraform_remote_state.network",
            "module.cluster.data.aws_subnet.selected"
          ],
          "create_before_destroy": true
        }
      ]
    },
    {
      "module": "module.cluster.module.security_group__pod",
      "mode": "managed",
      "type": "aws_security_group_rule",
      "name": "egress",
      "provider": "provider[\"registry.terraform.io/hashicorp/aws\"]",
      "instances": [
        {
          "index_key": "all/all",
          "schema_version": 2,
          "attributes": {
            "cidr_blocks": [
              "0.0.0.0/0"
            ],
            "description": "Allow pods to communicate to the Internet.",
            "from_port": 0,
            "id": "sgrule-3820761083",
            "ipv6_cidr_blocks": [],
            "prefix_list_ids": [],
            "protocol": "-1",
            "security_group_id": "sg-07f9327f92d82416e",
            "self": false,
            "source_security_group_id": null,
            "to_port": 0,
            "type": "egress"
          },
          "sensitive_attributes": [],
          "private": "eyJzY2hlbWFfdmVyc2lvbiI6IjIifQ==",
          "dependencies": [
            "data.terraform_remote_state.network",
            "module.cluster.data.aws_subnet.selected",
            "module.cluster.module.security_group__pod.aws_security_group.this"
          ]
        }
      ]
    },
    {
      "module": "module.cluster.module.security_group__pod",
      "mode": "managed",
      "type": "aws_security_group_rule",
      "name": "ingress",
      "provider": "provider[\"registry.terraform.io/hashicorp/aws\"]",
      "instances": [
        {
          "index_key": "all/cluster",
          "schema_version": 2,
          "attributes": {
            "cidr_blocks": [],
            "description": "Allow pods to communicate from the cluster security group(for fargate pods).",
            "from_port": 0,
            "id": "sgrule-1215218157",
            "ipv6_cidr_blocks": [],
            "prefix_list_ids": [],
            "protocol": "-1",
            "security_group_id": "sg-07f9327f92d82416e",
            "self": false,
            "source_security_group_id": "sg-0f27555639d41a8cd",
            "to_port": 0,
            "type": "ingress"
          },
          "sensitive_attributes": [],
          "private": "eyJzY2hlbWFfdmVyc2lvbiI6IjIifQ==",
          "dependencies": [
            "data.terraform_remote_state.network",
            "module.cluster.aws_cloudwatch_log_group.this",
            "module.cluster.aws_eks_cluster.this",
            "module.cluster.data.aws_subnet.selected",
            "module.cluster.module.role__control_plane.aws_iam_instance_profile.this",
            "module.cluster.module.role__control_plane.aws_iam_role.this",
            "module.cluster.module.role__control_plane.aws_iam_role_policy.inline",
            "module.cluster.module.role__control_plane.aws_iam_role_policy_attachment.managed",
            "module.cluster.module.role__control_plane.aws_resourcegroups_group.this",
            "module.cluster.module.role__control_plane.data.aws_caller_identity.this",
            "module.cluster.module.role__control_plane.data.aws_iam_policy_document.assume_role",
            "module.cluster.module.role__control_plane.data.aws_iam_policy_document.trusted_iam_entities",
            "module.cluster.module.role__control_plane.data.aws_iam_policy_document.trusted_oidc_providers",
            "module.cluster.module.role__control_plane.data.aws_iam_policy_document.trusted_saml_providers",
            "module.cluster.module.role__control_plane.data.aws_iam_policy_document.trusted_services",
            "module.cluster.module.role__control_plane.data.aws_partition.this",
            "module.cluster.module.security_group__control_plane.aws_security_group.this",
            "module.cluster.module.security_group__node.aws_security_group.this",
            "module.cluster.module.security_group__pod.aws_security_group.this"
          ]
        },
        {
          "index_key": "all/nodes",
          "schema_version": 2,
          "attributes": {
            "cidr_blocks": [],
            "description": "Allow pods to communicate from the nodes.",
            "from_port": 0,
            "id": "sgrule-2689771525",
            "ipv6_cidr_blocks": [],
            "prefix_list_ids": [],
            "protocol": "-1",
            "security_group_id": "sg-07f9327f92d82416e",
            "self": false,
            "source_security_group_id": "sg-036691aa0243bcbaa",
            "to_port": 0,
            "type": "ingress"
          },
          "sensitive_attributes": [],
          "private": "eyJzY2hlbWFfdmVyc2lvbiI6IjIifQ==",
          "dependencies": [
            "data.terraform_remote_state.network",
            "module.cluster.aws_cloudwatch_log_group.this",
            "module.cluster.aws_eks_cluster.this",
            "module.cluster.data.aws_subnet.selected",
            "module.cluster.module.role__control_plane.aws_iam_instance_profile.this",
            "module.cluster.module.role__control_plane.aws_iam_role.this",
            "module.cluster.module.role__control_plane.aws_iam_role_policy.inline",
            "module.cluster.module.role__control_plane.aws_iam_role_policy_attachment.managed",
            "module.cluster.module.role__control_plane.aws_resourcegroups_group.this",
            "module.cluster.module.role__control_plane.data.aws_caller_identity.this",
            "module.cluster.module.role__control_plane.data.aws_iam_policy_document.assume_role",
            "module.cluster.module.role__control_plane.data.aws_iam_policy_document.trusted_iam_entities",
            "module.cluster.module.role__control_plane.data.aws_iam_policy_document.trusted_oidc_providers",
            "module.cluster.module.role__control_plane.data.aws_iam_policy_document.trusted_saml_providers",
            "module.cluster.module.role__control_plane.data.aws_iam_policy_document.trusted_services",
            "module.cluster.module.role__control_plane.data.aws_partition.this",
            "module.cluster.module.security_group__control_plane.aws_security_group.this",
            "module.cluster.module.security_group__node.aws_security_group.this",
            "module.cluster.module.security_group__pod.aws_security_group.this"
          ]
        },
        {
          "index_key": "all/self",
          "schema_version": 2,
          "attributes": {
            "cidr_blocks": [],
            "description": "Allow pods to communicate each others.",
            "from_port": 0,
            "id": "sgrule-3788842463",
            "ipv6_cidr_blocks": [],
            "prefix_list_ids": [],
            "protocol": "-1",
            "security_group_id": "sg-07f9327f92d82416e",
            "self": true,
            "source_security_group_id": "sg-07f9327f92d82416e",
            "to_port": 0,
            "type": "ingress"
          },
          "sensitive_attributes": [],
          "private": "eyJzY2hlbWFfdmVyc2lvbiI6IjIifQ==",
          "dependencies": [
            "data.terraform_remote_state.network",
            "module.cluster.aws_cloudwatch_log_group.this",
            "module.cluster.aws_eks_cluster.this",
            "module.cluster.data.aws_subnet.selected",
            "module.cluster.module.role__control_plane.aws_iam_instance_profile.this",
            "module.cluster.module.role__control_plane.aws_iam_role.this",
            "module.cluster.module.role__control_plane.aws_iam_role_policy.inline",
            "module.cluster.module.role__control_plane.aws_iam_role_policy_attachment.managed",
            "module.cluster.module.role__control_plane.aws_resourcegroups_group.this",
            "module.cluster.module.role__control_plane.data.aws_caller_identity.this",
            "module.cluster.module.role__control_plane.data.aws_iam_policy_document.assume_role",
            "module.cluster.module.role__control_plane.data.aws_iam_policy_document.trusted_iam_entities",
            "module.cluster.module.role__control_plane.data.aws_iam_policy_document.trusted_oidc_providers",
            "module.cluster.module.role__control_plane.data.aws_iam_policy_document.trusted_saml_providers",
            "module.cluster.module.role__control_plane.data.aws_iam_policy_document.trusted_services",
            "module.cluster.module.role__control_plane.data.aws_partition.this",
            "module.cluster.module.security_group__control_plane.aws_security_group.this",
            "module.cluster.module.security_group__node.aws_security_group.this",
            "module.cluster.module.security_group__pod.aws_security_group.this"
          ]
        },
        {
          "index_key": "ephemeral/control-plane",
          "schema_version": 2,
          "attributes": {
            "cidr_blocks": [],
            "description": "Allow pods to receive communication from the cluster control plane.",
            "from_port": 1025,
            "id": "sgrule-2458401949",
            "ipv6_cidr_blocks": [],
            "prefix_list_ids": [],
            "protocol": "tcp",
            "security_group_id": "sg-07f9327f92d82416e",
            "self": false,
            "source_security_group_id": "sg-0589b758f9c6b20eb",
            "to_port": 65535,
            "type": "ingress"
          },
          "sensitive_attributes": [],
          "private": "eyJzY2hlbWFfdmVyc2lvbiI6IjIifQ==",
          "dependencies": [
            "data.terraform_remote_state.network",
            "module.cluster.aws_cloudwatch_log_group.this",
            "module.cluster.aws_eks_cluster.this",
            "module.cluster.data.aws_subnet.selected",
            "module.cluster.module.role__control_plane.aws_iam_instance_profile.this",
            "module.cluster.module.role__control_plane.aws_iam_role.this",
            "module.cluster.module.role__control_plane.aws_iam_role_policy.inline",
            "module.cluster.module.role__control_plane.aws_iam_role_policy_attachment.managed",
            "module.cluster.module.role__control_plane.aws_resourcegroups_group.this",
            "module.cluster.module.role__control_plane.data.aws_caller_identity.this",
            "module.cluster.module.role__control_plane.data.aws_iam_policy_document.assume_role",
            "module.cluster.module.role__control_plane.data.aws_iam_policy_document.trusted_iam_entities",
            "module.cluster.module.role__control_plane.data.aws_iam_policy_document.trusted_oidc_providers",
            "module.cluster.module.role__control_plane.data.aws_iam_policy_document.trusted_saml_providers",
            "module.cluster.module.role__control_plane.data.aws_iam_policy_document.trusted_services",
            "module.cluster.module.role__control_plane.data.aws_partition.this",
            "module.cluster.module.security_group__control_plane.aws_security_group.this",
            "module.cluster.module.security_group__node.aws_security_group.this",
            "module.cluster.module.security_group__pod.aws_security_group.this"
          ]
        },
        {
          "index_key": "metrics-server/control-plane",
          "schema_version": 2,
          "attributes": {
            "cidr_blocks": [],
            "description": "Allow pods to receive metrics-server communication from the cluster control plane.",
            "from_port": 443,
            "id": "sgrule-2241018933",
            "ipv6_cidr_blocks": [],
            "prefix_list_ids": [],
            "protocol": "tcp",
            "security_group_id": "sg-07f9327f92d82416e",
            "self": false,
            "source_security_group_id": "sg-0589b758f9c6b20eb",
            "to_port": 443,
            "type": "ingress"
          },
          "sensitive_attributes": [],
          "private": "eyJzY2hlbWFfdmVyc2lvbiI6IjIifQ==",
          "dependencies": [
            "data.terraform_remote_state.network",
            "module.cluster.aws_cloudwatch_log_group.this",
            "module.cluster.aws_eks_cluster.this",
            "module.cluster.data.aws_subnet.selected",
            "module.cluster.module.role__control_plane.aws_iam_instance_profile.this",
            "module.cluster.module.role__control_plane.aws_iam_role.this",
            "module.cluster.module.role__control_plane.aws_iam_role_policy.inline",
            "module.cluster.module.role__control_plane.aws_iam_role_policy_attachment.managed",
            "module.cluster.module.role__control_plane.aws_resourcegroups_group.this",
            "module.cluster.module.role__control_plane.data.aws_caller_identity.this",
            "module.cluster.module.role__control_plane.data.aws_iam_policy_document.assume_role",
            "module.cluster.module.role__control_plane.data.aws_iam_policy_document.trusted_iam_entities",
            "module.cluster.module.role__control_plane.data.aws_iam_policy_document.trusted_oidc_providers",
            "module.cluster.module.role__control_plane.data.aws_iam_policy_document.trusted_saml_providers",
            "module.cluster.module.role__control_plane.data.aws_iam_policy_document.trusted_services",
            "module.cluster.module.role__control_plane.data.aws_partition.this",
            "module.cluster.module.security_group__control_plane.aws_security_group.this",
            "module.cluster.module.security_group__node.aws_security_group.this",
            "module.cluster.module.security_group__pod.aws_security_group.this"
          ]
        }
      ]
    },
    {
      "module": "module.irsa__aws_load_balancer_controller",
      "mode": "managed",
      "type": "aws_resourcegroups_group",
      "name": "this",
      "provider": "provider[\"registry.terraform.io/hashicorp/aws\"]",
      "instances": [
        {
          "index_key": 0,
          "schema_version": 0,
          "attributes": {
            "arn": "arn:aws:resource-groups:ap-northeast-2:480936841767:group/terraform-aws-container.eks-irsa.irsa-interface-test-addon-aws-load-balancer-controller",
            "description": "Managed by Terraform.",
            "id": "terraform-aws-container.eks-irsa.irsa-interface-test-addon-aws-load-balancer-controller",
            "name": "terraform-aws-container.eks-irsa.irsa-interface-test-addon-aws-load-balancer-controller",
            "resource_query": [
              {
                "query": "{\n  \"ResourceTypeFilters\": [\n    \"AWS::AllSupported\"\n  ],\n  \"TagFilters\": [{\"Key\":\"module.terraform.io/full-name\",\"Values\":[\"terraform-aws-container/eks-irsa\"]},{\"Key\":\"module.terraform.io/instance\",\"Values\":[\"irsa-interface-test-addon-aws-load-balancer-controller\"]},{\"Key\":\"module.terraform.io/name\",\"Values\":[\"eks-irsa\"]},{\"Key\":\"module.terraform.io/package\",\"Values\":[\"terraform-aws-container\"]},{\"Key\":\"module.terraform.io/version\",\"Values\":[\"0.14.0\"]}]\n}\n",
                "type": "TAG_FILTERS_1_0"
              }
            ],
            "tags": {
              "Name": "terraform-aws-container.eks-irsa.irsa-interface-test-addon-aws-load-balancer-controller",
              "module.terraform.io/full-name": "terraform-aws-container/eks-irsa",
              "module.terraform.io/instance": "irsa-interface-test-addon-aws-load-balancer-controller",
              "module.terraform.io/name": "eks-irsa",
              "module.terraform.io/package": "terraform-aws-container",
              "module.terraform.io/version": "0.14.0"
            },
            "tags_all": {
              "Name": "terraform-aws-container.eks-irsa.irsa-interface-test-addon-aws-load-balancer-controller",
              "module.terraform.io/full-name": "terraform-aws-container/eks-irsa",
              "module.terraform.io/instance": "irsa-interface-test-addon-aws-load-balancer-controller",
              "module.terraform.io/name": "eks-irsa",
              "module.terraform.io/package": "terraform-aws-container",
              "module.terraform.io/version": "0.14.0"
            }
          },
          "sensitive_attributes": [],
          "private": "bnVsbA==",
          "dependencies": [
            "data.terraform_remote_state.network",
            "module.cluster.aws_cloudwatch_log_group.this",
            "module.cluster.aws_eks_cluster.this",
            "module.cluster.data.aws_subnet.selected",
            "module.cluster.module.role__control_plane.aws_iam_instance_profile.this",
            "module.cluster.module.role__control_plane.aws_iam_role.this",
            "module.cluster.module.role__control_plane.aws_iam_role_policy.inline",
            "module.cluster.module.role__control_plane.aws_iam_role_policy_attachment.managed",
            "module.cluster.module.role__control_plane.aws_resourcegroups_group.this",
            "module.cluster.module.role__control_plane.data.aws_caller_identity.this",
            "module.cluster.module.role__control_plane.data.aws_iam_policy_document.assume_role",
            "module.cluster.module.role__control_plane.data.aws_iam_policy_document.trusted_iam_entities",
            "module.cluster.module.role__control_plane.data.aws_iam_policy_document.trusted_oidc_providers",
            "module.cluster.module.role__control_plane.data.aws_iam_policy_document.trusted_saml_providers",
            "module.cluster.module.role__control_plane.data.aws_iam_policy_document.trusted_services",
            "module.cluster.module.role__control_plane.data.aws_partition.this",
            "module.cluster.module.security_group__control_plane.aws_security_group.this"
          ]
        }
      ]
    },
    {
      "module": "module.irsa__aws_load_balancer_controller.module.this",
      "mode": "data",
      "type": "aws_caller_identity",
      "name": "this",
      "provider": "provider[\"registry.terraform.io/hashicorp/aws\"]",
      "instances": [
        {
          "schema_version": 0,
          "attributes": {
            "account_id": "480936841767",
            "arn": "arn:aws:iam::480936841767:user/markyou",
            "id": "480936841767",
            "user_id": "AIDAW76QR2ITZZEBCNAEF"
          },
          "sensitive_attributes": []
        }
      ]
    },
    {
      "module": "module.irsa__aws_load_balancer_controller.module.this",
      "mode": "data",
      "type": "aws_iam_policy_document",
      "name": "assume_role",
      "provider": "provider[\"registry.terraform.io/hashicorp/aws\"]",
      "instances": [
        {
          "schema_version": 0,
          "attributes": {
            "id": "3660178247",
            "json": "{\n  \"Version\": \"2012-10-17\",\n  \"Statement\": [\n    {\n      \"Sid\": \"TrustedOidcProviders1\",\n      \"Effect\": \"Allow\",\n      \"Action\": \"sts:AssumeRoleWithWebIdentity\",\n      \"Principal\": {\n        \"Federated\": \"arn:aws:iam::480936841767:oidc-provider/oidc.eks.ap-northeast-2.amazonaws.com/id/E2F652A1469FF7207146A1587E9712DA\"\n      },\n      \"Condition\": {\n        \"StringEquals\": {\n          \"oidc.eks.ap-northeast-2.amazonaws.com/id/E2F652A1469FF7207146A1587E9712DA:aud\": [\n            \"sts.amazonaws.com\"\n          ]\n        },\n        \"StringLike\": {\n          \"oidc.eks.ap-northeast-2.amazonaws.com/id/E2F652A1469FF7207146A1587E9712DA:sub\": [\n            \"system:serviceaccount:kube-system:aws-load-balancer-controller\"\n          ]\n        }\n      }\n    }\n  ]\n}",
            "override_json": null,
            "override_policy_documents": null,
            "policy_id": null,
            "source_json": null,
            "source_policy_documents": [
              "{\n  \"Version\": \"2012-10-17\",\n  \"Statement\": [\n    {\n      \"Sid\": \"TrustedOidcProviders1\",\n      \"Effect\": \"Allow\",\n      \"Action\": \"sts:AssumeRoleWithWebIdentity\",\n      \"Principal\": {\n        \"Federated\": \"arn:aws:iam::480936841767:oidc-provider/oidc.eks.ap-northeast-2.amazonaws.com/id/E2F652A1469FF7207146A1587E9712DA\"\n      },\n      \"Condition\": {\n        \"StringEquals\": {\n          \"oidc.eks.ap-northeast-2.amazonaws.com/id/E2F652A1469FF7207146A1587E9712DA:aud\": \"sts.amazonaws.com\"\n        },\n        \"StringLike\": {\n          \"oidc.eks.ap-northeast-2.amazonaws.com/id/E2F652A1469FF7207146A1587E9712DA:sub\": \"system:serviceaccount:kube-system:aws-load-balancer-controller\"\n        }\n      }\n    }\n  ]\n}"
            ],
            "statement": null,
            "version": "2012-10-17"
          },
          "sensitive_attributes": []
        }
      ]
    },
    {
      "module": "module.irsa__aws_load_balancer_controller.module.this",
      "mode": "data",
      "type": "aws_iam_policy_document",
      "name": "trusted_oidc_providers",
      "provider": "provider[\"registry.terraform.io/hashicorp/aws\"]",
      "instances": [
        {
          "index_key": "1",
          "schema_version": 0,
          "attributes": {
            "id": "629319463",
            "json": "{\n  \"Version\": \"2012-10-17\",\n  \"Statement\": [\n    {\n      \"Sid\": \"TrustedOidcProviders1\",\n      \"Effect\": \"Allow\",\n      \"Action\": \"sts:AssumeRoleWithWebIdentity\",\n      \"Principal\": {\n        \"Federated\": \"arn:aws:iam::480936841767:oidc-provider/oidc.eks.ap-northeast-2.amazonaws.com/id/E2F652A1469FF7207146A1587E9712DA\"\n      },\n      \"Condition\": {\n        \"StringEquals\": {\n          \"oidc.eks.ap-northeast-2.amazonaws.com/id/E2F652A1469FF7207146A1587E9712DA:aud\": \"sts.amazonaws.com\"\n        },\n        \"StringLike\": {\n          \"oidc.eks.ap-northeast-2.amazonaws.com/id/E2F652A1469FF7207146A1587E9712DA:sub\": \"system:serviceaccount:kube-system:aws-load-balancer-controller\"\n        }\n      }\n    }\n  ]\n}",
            "override_json": null,
            "override_policy_documents": null,
            "policy_id": null,
            "source_json": null,
            "source_policy_documents": null,
            "statement": [
              {
                "actions": [
                  "sts:AssumeRoleWithWebIdentity"
                ],
                "condition": [
                  {
                    "test": "StringEquals",
                    "values": [
                      "sts.amazonaws.com"
                    ],
                    "variable": "oidc.eks.ap-northeast-2.amazonaws.com/id/E2F652A1469FF7207146A1587E9712DA:aud"
                  },
                  {
                    "test": "StringLike",
                    "values": [
                      "system:serviceaccount:kube-system:aws-load-balancer-controller"
                    ],
                    "variable": "oidc.eks.ap-northeast-2.amazonaws.com/id/E2F652A1469FF7207146A1587E9712DA:sub"
                  }
                ],
                "effect": "Allow",
                "not_actions": [],
                "not_principals": [],
                "not_resources": [],
                "principals": [
                  {
                    "identifiers": [
                      "arn:aws:iam::480936841767:oidc-provider/oidc.eks.ap-northeast-2.amazonaws.com/id/E2F652A1469FF7207146A1587E9712DA"
                    ],
                    "type": "Federated"
                  }
                ],
                "resources": [],
                "sid": "TrustedOidcProviders1"
              }
            ],
            "version": "2012-10-17"
          },
          "sensitive_attributes": []
        }
      ]
    },
    {
      "module": "module.irsa__aws_load_balancer_controller.module.this",
      "mode": "data",
      "type": "aws_partition",
      "name": "this",
      "provider": "provider[\"registry.terraform.io/hashicorp/aws\"]",
      "instances": [
        {
          "schema_version": 0,
          "attributes": {
            "dns_suffix": "amazonaws.com",
            "id": "aws",
            "partition": "aws",
            "reverse_dns_prefix": "com.amazonaws"
          },
          "sensitive_attributes": []
        }
      ]
    },
    {
      "module": "module.irsa__aws_load_balancer_controller.module.this",
      "mode": "managed",
      "type": "aws_iam_role",
      "name": "this",
      "provider": "provider[\"registry.terraform.io/hashicorp/aws\"]",
      "instances": [
        {
          "schema_version": 0,
          "attributes": {
            "arn": "arn:aws:iam::480936841767:role/irsa-interface-test-addon-aws-load-balancer-controller",
            "assume_role_policy": "{\"Version\":\"2012-10-17\",\"Statement\":[{\"Sid\":\"TrustedOidcProviders1\",\"Effect\":\"Allow\",\"Principal\":{\"Federated\":\"arn:aws:iam::480936841767:oidc-provider/oidc.eks.ap-northeast-2.amazonaws.com/id/E2F652A1469FF7207146A1587E9712DA\"},\"Action\":\"sts:AssumeRoleWithWebIdentity\",\"Condition\":{\"StringEquals\":{\"oidc.eks.ap-northeast-2.amazonaws.com/id/E2F652A1469FF7207146A1587E9712DA:aud\":\"sts.amazonaws.com\"},\"StringLike\":{\"oidc.eks.ap-northeast-2.amazonaws.com/id/E2F652A1469FF7207146A1587E9712DA:sub\":\"system:serviceaccount:kube-system:aws-load-balancer-controller\"}}}]}",
            "create_date": "2023-07-20T13:01:04Z",
            "description": "EKS IAM Role for Service Account of AWS LoadBalancer Controller Addon.",
            "force_detach_policies": false,
            "id": "irsa-interface-test-addon-aws-load-balancer-controller",
            "inline_policy": [
              {
                "name": "this",
                "policy": "{\r\n    \"Version\": \"2012-10-17\",\r\n    \"Statement\": [\r\n        {\r\n            \"Effect\": \"Allow\",\r\n            \"Action\": [\r\n                \"iam:CreateServiceLinkedRole\",\r\n                \"ec2:DescribeAccountAttributes\",\r\n                \"ec2:DescribeAddresses\",\r\n                \"ec2:DescribeAvailabilityZones\",\r\n                \"ec2:DescribeInternetGateways\",\r\n                \"ec2:DescribeVpcs\",\r\n                \"ec2:DescribeSubnets\",\r\n                \"ec2:DescribeSecurityGroups\",\r\n                \"ec2:DescribeInstances\",\r\n                \"ec2:DescribeNetworkInterfaces\",\r\n                \"ec2:DescribeTags\",\r\n                \"ec2:GetCoipPoolUsage\",\r\n                \"ec2:DescribeCoipPools\",\r\n                \"elasticloadbalancing:DescribeLoadBalancers\",\r\n                \"elasticloadbalancing:DescribeLoadBalancerAttributes\",\r\n                \"elasticloadbalancing:DescribeListeners\",\r\n                \"elasticloadbalancing:DescribeListenerCertificates\",\r\n                \"elasticloadbalancing:DescribeSSLPolicies\",\r\n                \"elasticloadbalancing:DescribeRules\",\r\n                \"elasticloadbalancing:DescribeTargetGroups\",\r\n                \"elasticloadbalancing:DescribeTargetGroupAttributes\",\r\n                \"elasticloadbalancing:DescribeTargetHealth\",\r\n                \"elasticloadbalancing:DescribeTags\"\r\n            ],\r\n            \"Resource\": \"*\"\r\n        },\r\n        {\r\n            \"Effect\": \"Allow\",\r\n            \"Action\": [\r\n                \"cognito-idp:DescribeUserPoolClient\",\r\n                \"acm:ListCertificates\",\r\n                \"acm:DescribeCertificate\",\r\n                \"iam:ListServerCertificates\",\r\n                \"iam:GetServerCertificate\",\r\n                \"waf-regional:GetWebACL\",\r\n                \"waf-regional:GetWebACLForResource\",\r\n                \"waf-regional:AssociateWebACL\",\r\n                \"waf-regional:DisassociateWebACL\",\r\n                \"wafv2:GetWebACL\",\r\n                \"wafv2:GetWebACLForResource\",\r\n                \"wafv2:AssociateWebACL\",\r\n                \"wafv2:DisassociateWebACL\",\r\n                \"shield:GetSubscriptionState\",\r\n                \"shield:DescribeProtection\",\r\n                \"shield:CreateProtection\",\r\n                \"shield:DeleteProtection\"\r\n            ],\r\n            \"Resource\": \"*\"\r\n        },\r\n        {\r\n            \"Effect\": \"Allow\",\r\n            \"Action\": [\r\n                \"ec2:AuthorizeSecurityGroupIngress\",\r\n                \"ec2:RevokeSecurityGroupIngress\"\r\n            ],\r\n            \"Resource\": \"*\"\r\n        },\r\n        {\r\n            \"Effect\": \"Allow\",\r\n            \"Action\": [\r\n                \"ec2:CreateSecurityGroup\"\r\n            ],\r\n            \"Resource\": \"*\"\r\n        },\r\n        {\r\n            \"Effect\": \"Allow\",\r\n            \"Action\": [\r\n                \"ec2:CreateTags\"\r\n            ],\r\n            \"Resource\": \"arn:aws:ec2:*:*:security-group/*\",\r\n            \"Condition\": {\r\n                \"StringEquals\": {\r\n                    \"ec2:CreateAction\": \"CreateSecurityGroup\"\r\n                },\r\n                \"Null\": {\r\n                    \"aws:RequestTag/elbv2.k8s.aws/cluster\": \"false\"\r\n                }\r\n            }\r\n        },\r\n        {\r\n            \"Effect\": \"Allow\",\r\n            \"Action\": [\r\n                \"ec2:CreateTags\",\r\n                \"ec2:DeleteTags\"\r\n            ],\r\n            \"Resource\": \"arn:aws:ec2:*:*:security-group/*\",\r\n            \"Condition\": {\r\n                \"Null\": {\r\n                    \"aws:RequestTag/elbv2.k8s.aws/cluster\": \"true\",\r\n                    \"aws:ResourceTag/elbv2.k8s.aws/cluster\": \"false\"\r\n                }\r\n            }\r\n        },\r\n        {\r\n            \"Effect\": \"Allow\",\r\n            \"Action\": [\r\n                \"ec2:AuthorizeSecurityGroupIngress\",\r\n                \"ec2:RevokeSecurityGroupIngress\",\r\n                \"ec2:DeleteSecurityGroup\"\r\n            ],\r\n            \"Resource\": \"*\",\r\n            \"Condition\": {\r\n                \"Null\": {\r\n                    \"aws:ResourceTag/elbv2.k8s.aws/cluster\": \"false\"\r\n                }\r\n            }\r\n        },\r\n        {\r\n            \"Effect\": \"Allow\",\r\n            \"Action\": [\r\n                \"elasticloadbalancing:CreateLoadBalancer\",\r\n                \"elasticloadbalancing:CreateTargetGroup\"\r\n            ],\r\n            \"Resource\": \"*\",\r\n            \"Condition\": {\r\n                \"Null\": {\r\n                    \"aws:RequestTag/elbv2.k8s.aws/cluster\": \"false\"\r\n                }\r\n            }\r\n        },\r\n        {\r\n            \"Effect\": \"Allow\",\r\n            \"Action\": [\r\n                \"elasticloadbalancing:CreateListener\",\r\n                \"elasticloadbalancing:DeleteListener\",\r\n                \"elasticloadbalancing:CreateRule\",\r\n                \"elasticloadbalancing:DeleteRule\"\r\n            ],\r\n            \"Resource\": \"*\"\r\n        },\r\n        {\r\n            \"Effect\": \"Allow\",\r\n            \"Action\": [\r\n                \"elasticloadbalancing:AddTags\",\r\n                \"elasticloadbalancing:RemoveTags\"\r\n            ],\r\n            \"Resource\": [\r\n                \"arn:aws:elasticloadbalancing:*:*:targetgroup/*/*\",\r\n                \"arn:aws:elasticloadbalancing:*:*:loadbalancer/net/*/*\",\r\n                \"arn:aws:elasticloadbalancing:*:*:loadbalancer/app/*/*\"\r\n            ],\r\n            \"Condition\": {\r\n                \"Null\": {\r\n                    \"aws:RequestTag/elbv2.k8s.aws/cluster\": \"true\",\r\n                    \"aws:ResourceTag/elbv2.k8s.aws/cluster\": \"false\"\r\n                }\r\n            }\r\n        },\r\n        {\r\n            \"Effect\": \"Allow\",\r\n            \"Action\": [\r\n                \"elasticloadbalancing:AddTags\",\r\n                \"elasticloadbalancing:RemoveTags\"\r\n            ],\r\n            \"Resource\": [\r\n                \"arn:aws:elasticloadbalancing:*:*:listener/net/*/*/*\",\r\n                \"arn:aws:elasticloadbalancing:*:*:listener/app/*/*/*\",\r\n                \"arn:aws:elasticloadbalancing:*:*:listener-rule/net/*/*/*\",\r\n                \"arn:aws:elasticloadbalancing:*:*:listener-rule/app/*/*/*\"\r\n            ]\r\n        },\r\n        {\r\n            \"Effect\": \"Allow\",\r\n            \"Action\": [\r\n                \"elasticloadbalancing:ModifyLoadBalancerAttributes\",\r\n                \"elasticloadbalancing:SetIpAddressType\",\r\n                \"elasticloadbalancing:SetSecurityGroups\",\r\n                \"elasticloadbalancing:SetSubnets\",\r\n                \"elasticloadbalancing:DeleteLoadBalancer\",\r\n                \"elasticloadbalancing:ModifyTargetGroup\",\r\n                \"elasticloadbalancing:ModifyTargetGroupAttributes\",\r\n                \"elasticloadbalancing:DeleteTargetGroup\"\r\n            ],\r\n            \"Resource\": \"*\",\r\n            \"Condition\": {\r\n                \"Null\": {\r\n                    \"aws:ResourceTag/elbv2.k8s.aws/cluster\": \"false\"\r\n                }\r\n            }\r\n        },\r\n        {\r\n            \"Effect\": \"Allow\",\r\n            \"Action\": [\r\n                \"elasticloadbalancing:RegisterTargets\",\r\n                \"elasticloadbalancing:DeregisterTargets\"\r\n            ],\r\n            \"Resource\": \"arn:aws:elasticloadbalancing:*:*:targetgroup/*/*\"\r\n        },\r\n        {\r\n            \"Effect\": \"Allow\",\r\n            \"Action\": [\r\n                \"elasticloadbalancing:SetWebAcl\",\r\n                \"elasticloadbalancing:ModifyListener\",\r\n                \"elasticloadbalancing:AddListenerCertificates\",\r\n                \"elasticloadbalancing:RemoveListenerCertificates\",\r\n                \"elasticloadbalancing:ModifyRule\"\r\n            ],\r\n            \"Resource\": \"*\"\r\n        }\r\n    ]\r\n}\r\n"
              }
            ],
            "managed_policy_arns": [],
            "max_session_duration": 3600,
            "name": "irsa-interface-test-addon-aws-load-balancer-controller",
            "name_prefix": "",
            "path": "/",
            "permissions_boundary": "",
            "tags": {
              "Name": "irsa-interface-test-addon-aws-load-balancer-controller",
              "module.terraform.io/full-name": "terraform-aws-container/eks-irsa",
              "module.terraform.io/instance": "irsa-interface-test-addon-aws-load-balancer-controller",
              "module.terraform.io/name": "eks-irsa",
              "module.terraform.io/package": "terraform-aws-container",
              "module.terraform.io/version": "0.14.0"
            },
            "tags_all": {
              "Name": "irsa-interface-test-addon-aws-load-balancer-controller",
              "module.terraform.io/full-name": "terraform-aws-container/eks-irsa",
              "module.terraform.io/instance": "irsa-interface-test-addon-aws-load-balancer-controller",
              "module.terraform.io/name": "eks-irsa",
              "module.terraform.io/package": "terraform-aws-container",
              "module.terraform.io/version": "0.14.0"
            },
            "unique_id": "AROAW76QR2IT7A57REK44"
          },
          "sensitive_attributes": [],
          "private": "bnVsbA==",
          "dependencies": [
            "data.terraform_remote_state.network",
            "module.cluster.aws_cloudwatch_log_group.this",
            "module.cluster.aws_eks_cluster.this",
            "module.cluster.aws_iam_openid_connect_provider.this",
            "module.cluster.data.aws_subnet.selected",
            "module.cluster.data.tls_certificate.this",
            "module.cluster.module.role__control_plane.aws_iam_instance_profile.this",
            "module.cluster.module.role__control_plane.aws_iam_role.this",
            "module.cluster.module.role__control_plane.aws_iam_role_policy.inline",
            "module.cluster.module.role__control_plane.aws_iam_role_policy_attachment.managed",
            "module.cluster.module.role__control_plane.aws_resourcegroups_group.this",
            "module.cluster.module.role__control_plane.data.aws_caller_identity.this",
            "module.cluster.module.role__control_plane.data.aws_iam_policy_document.assume_role",
            "module.cluster.module.role__control_plane.data.aws_iam_policy_document.trusted_iam_entities",
            "module.cluster.module.role__control_plane.data.aws_iam_policy_document.trusted_oidc_providers",
            "module.cluster.module.role__control_plane.data.aws_iam_policy_document.trusted_saml_providers",
            "module.cluster.module.role__control_plane.data.aws_iam_policy_document.trusted_services",
            "module.cluster.module.role__control_plane.data.aws_partition.this",
            "module.cluster.module.security_group__control_plane.aws_security_group.this",
            "module.irsa__aws_load_balancer_controller.module.this.data.aws_caller_identity.this",
            "module.irsa__aws_load_balancer_controller.module.this.data.aws_iam_policy_document.assume_role",
            "module.irsa__aws_load_balancer_controller.module.this.data.aws_iam_policy_document.trusted_iam_entities",
            "module.irsa__aws_load_balancer_controller.module.this.data.aws_iam_policy_document.trusted_oidc_providers",
            "module.irsa__aws_load_balancer_controller.module.this.data.aws_iam_policy_document.trusted_saml_providers",
            "module.irsa__aws_load_balancer_controller.module.this.data.aws_iam_policy_document.trusted_services",
            "module.irsa__aws_load_balancer_controller.module.this.data.aws_partition.this"
          ]
        }
      ]
    },
    {
      "module": "module.irsa__aws_load_balancer_controller.module.this",
      "mode": "managed",
      "type": "aws_iam_role_policy",
      "name": "inline",
      "provider": "provider[\"registry.terraform.io/hashicorp/aws\"]",
      "instances": [
        {
          "index_key": "this",
          "schema_version": 0,
          "attributes": {
            "id": "irsa-interface-test-addon-aws-load-balancer-controller:this",
            "name": "this",
            "name_prefix": null,
            "policy": "{\r\n    \"Version\": \"2012-10-17\",\r\n    \"Statement\": [\r\n        {\r\n            \"Effect\": \"Allow\",\r\n            \"Action\": [\r\n                \"iam:CreateServiceLinkedRole\",\r\n                \"ec2:DescribeAccountAttributes\",\r\n                \"ec2:DescribeAddresses\",\r\n                \"ec2:DescribeAvailabilityZones\",\r\n                \"ec2:DescribeInternetGateways\",\r\n                \"ec2:DescribeVpcs\",\r\n                \"ec2:DescribeSubnets\",\r\n                \"ec2:DescribeSecurityGroups\",\r\n                \"ec2:DescribeInstances\",\r\n                \"ec2:DescribeNetworkInterfaces\",\r\n                \"ec2:DescribeTags\",\r\n                \"ec2:GetCoipPoolUsage\",\r\n                \"ec2:DescribeCoipPools\",\r\n                \"elasticloadbalancing:DescribeLoadBalancers\",\r\n                \"elasticloadbalancing:DescribeLoadBalancerAttributes\",\r\n                \"elasticloadbalancing:DescribeListeners\",\r\n                \"elasticloadbalancing:DescribeListenerCertificates\",\r\n                \"elasticloadbalancing:DescribeSSLPolicies\",\r\n                \"elasticloadbalancing:DescribeRules\",\r\n                \"elasticloadbalancing:DescribeTargetGroups\",\r\n                \"elasticloadbalancing:DescribeTargetGroupAttributes\",\r\n                \"elasticloadbalancing:DescribeTargetHealth\",\r\n                \"elasticloadbalancing:DescribeTags\"\r\n            ],\r\n            \"Resource\": \"*\"\r\n        },\r\n        {\r\n            \"Effect\": \"Allow\",\r\n            \"Action\": [\r\n                \"cognito-idp:DescribeUserPoolClient\",\r\n                \"acm:ListCertificates\",\r\n                \"acm:DescribeCertificate\",\r\n                \"iam:ListServerCertificates\",\r\n                \"iam:GetServerCertificate\",\r\n                \"waf-regional:GetWebACL\",\r\n                \"waf-regional:GetWebACLForResource\",\r\n                \"waf-regional:AssociateWebACL\",\r\n                \"waf-regional:DisassociateWebACL\",\r\n                \"wafv2:GetWebACL\",\r\n                \"wafv2:GetWebACLForResource\",\r\n                \"wafv2:AssociateWebACL\",\r\n                \"wafv2:DisassociateWebACL\",\r\n                \"shield:GetSubscriptionState\",\r\n                \"shield:DescribeProtection\",\r\n                \"shield:CreateProtection\",\r\n                \"shield:DeleteProtection\"\r\n            ],\r\n            \"Resource\": \"*\"\r\n        },\r\n        {\r\n            \"Effect\": \"Allow\",\r\n            \"Action\": [\r\n                \"ec2:AuthorizeSecurityGroupIngress\",\r\n                \"ec2:RevokeSecurityGroupIngress\"\r\n            ],\r\n            \"Resource\": \"*\"\r\n        },\r\n        {\r\n            \"Effect\": \"Allow\",\r\n            \"Action\": [\r\n                \"ec2:CreateSecurityGroup\"\r\n            ],\r\n            \"Resource\": \"*\"\r\n        },\r\n        {\r\n            \"Effect\": \"Allow\",\r\n            \"Action\": [\r\n                \"ec2:CreateTags\"\r\n            ],\r\n            \"Resource\": \"arn:aws:ec2:*:*:security-group/*\",\r\n            \"Condition\": {\r\n                \"StringEquals\": {\r\n                    \"ec2:CreateAction\": \"CreateSecurityGroup\"\r\n                },\r\n                \"Null\": {\r\n                    \"aws:RequestTag/elbv2.k8s.aws/cluster\": \"false\"\r\n                }\r\n            }\r\n        },\r\n        {\r\n            \"Effect\": \"Allow\",\r\n            \"Action\": [\r\n                \"ec2:CreateTags\",\r\n                \"ec2:DeleteTags\"\r\n            ],\r\n            \"Resource\": \"arn:aws:ec2:*:*:security-group/*\",\r\n            \"Condition\": {\r\n                \"Null\": {\r\n                    \"aws:RequestTag/elbv2.k8s.aws/cluster\": \"true\",\r\n                    \"aws:ResourceTag/elbv2.k8s.aws/cluster\": \"false\"\r\n                }\r\n            }\r\n        },\r\n        {\r\n            \"Effect\": \"Allow\",\r\n            \"Action\": [\r\n                \"ec2:AuthorizeSecurityGroupIngress\",\r\n                \"ec2:RevokeSecurityGroupIngress\",\r\n                \"ec2:DeleteSecurityGroup\"\r\n            ],\r\n            \"Resource\": \"*\",\r\n            \"Condition\": {\r\n                \"Null\": {\r\n                    \"aws:ResourceTag/elbv2.k8s.aws/cluster\": \"false\"\r\n                }\r\n            }\r\n        },\r\n        {\r\n            \"Effect\": \"Allow\",\r\n            \"Action\": [\r\n                \"elasticloadbalancing:CreateLoadBalancer\",\r\n                \"elasticloadbalancing:CreateTargetGroup\"\r\n            ],\r\n            \"Resource\": \"*\",\r\n            \"Condition\": {\r\n                \"Null\": {\r\n                    \"aws:RequestTag/elbv2.k8s.aws/cluster\": \"false\"\r\n                }\r\n            }\r\n        },\r\n        {\r\n            \"Effect\": \"Allow\",\r\n            \"Action\": [\r\n                \"elasticloadbalancing:CreateListener\",\r\n                \"elasticloadbalancing:DeleteListener\",\r\n                \"elasticloadbalancing:CreateRule\",\r\n                \"elasticloadbalancing:DeleteRule\"\r\n            ],\r\n            \"Resource\": \"*\"\r\n        },\r\n        {\r\n            \"Effect\": \"Allow\",\r\n            \"Action\": [\r\n                \"elasticloadbalancing:AddTags\",\r\n                \"elasticloadbalancing:RemoveTags\"\r\n            ],\r\n            \"Resource\": [\r\n                \"arn:aws:elasticloadbalancing:*:*:targetgroup/*/*\",\r\n                \"arn:aws:elasticloadbalancing:*:*:loadbalancer/net/*/*\",\r\n                \"arn:aws:elasticloadbalancing:*:*:loadbalancer/app/*/*\"\r\n            ],\r\n            \"Condition\": {\r\n                \"Null\": {\r\n                    \"aws:RequestTag/elbv2.k8s.aws/cluster\": \"true\",\r\n                    \"aws:ResourceTag/elbv2.k8s.aws/cluster\": \"false\"\r\n                }\r\n            }\r\n        },\r\n        {\r\n            \"Effect\": \"Allow\",\r\n            \"Action\": [\r\n                \"elasticloadbalancing:AddTags\",\r\n                \"elasticloadbalancing:RemoveTags\"\r\n            ],\r\n            \"Resource\": [\r\n                \"arn:aws:elasticloadbalancing:*:*:listener/net/*/*/*\",\r\n                \"arn:aws:elasticloadbalancing:*:*:listener/app/*/*/*\",\r\n                \"arn:aws:elasticloadbalancing:*:*:listener-rule/net/*/*/*\",\r\n                \"arn:aws:elasticloadbalancing:*:*:listener-rule/app/*/*/*\"\r\n            ]\r\n        },\r\n        {\r\n            \"Effect\": \"Allow\",\r\n            \"Action\": [\r\n                \"elasticloadbalancing:ModifyLoadBalancerAttributes\",\r\n                \"elasticloadbalancing:SetIpAddressType\",\r\n                \"elasticloadbalancing:SetSecurityGroups\",\r\n                \"elasticloadbalancing:SetSubnets\",\r\n                \"elasticloadbalancing:DeleteLoadBalancer\",\r\n                \"elasticloadbalancing:ModifyTargetGroup\",\r\n                \"elasticloadbalancing:ModifyTargetGroupAttributes\",\r\n                \"elasticloadbalancing:DeleteTargetGroup\"\r\n            ],\r\n            \"Resource\": \"*\",\r\n            \"Condition\": {\r\n                \"Null\": {\r\n                    \"aws:ResourceTag/elbv2.k8s.aws/cluster\": \"false\"\r\n                }\r\n            }\r\n        },\r\n        {\r\n            \"Effect\": \"Allow\",\r\n            \"Action\": [\r\n                \"elasticloadbalancing:RegisterTargets\",\r\n                \"elasticloadbalancing:DeregisterTargets\"\r\n            ],\r\n            \"Resource\": \"arn:aws:elasticloadbalancing:*:*:targetgroup/*/*\"\r\n        },\r\n        {\r\n            \"Effect\": \"Allow\",\r\n            \"Action\": [\r\n                \"elasticloadbalancing:SetWebAcl\",\r\n                \"elasticloadbalancing:ModifyListener\",\r\n                \"elasticloadbalancing:AddListenerCertificates\",\r\n                \"elasticloadbalancing:RemoveListenerCertificates\",\r\n                \"elasticloadbalancing:ModifyRule\"\r\n            ],\r\n            \"Resource\": \"*\"\r\n        }\r\n    ]\r\n}\r\n",
            "role": "irsa-interface-test-addon-aws-load-balancer-controller"
          },
          "sensitive_attributes": [],
          "private": "bnVsbA==",
          "dependencies": [
            "data.terraform_remote_state.network",
            "module.cluster.aws_cloudwatch_log_group.this",
            "module.cluster.aws_eks_cluster.this",
            "module.cluster.aws_iam_openid_connect_provider.this",
            "module.cluster.data.aws_subnet.selected",
            "module.cluster.data.tls_certificate.this",
            "module.cluster.module.role__control_plane.aws_iam_instance_profile.this",
            "module.cluster.module.role__control_plane.aws_iam_role.this",
            "module.cluster.module.role__control_plane.aws_iam_role_policy.inline",
            "module.cluster.module.role__control_plane.aws_iam_role_policy_attachment.managed",
            "module.cluster.module.role__control_plane.aws_resourcegroups_group.this",
            "module.cluster.module.role__control_plane.data.aws_caller_identity.this",
            "module.cluster.module.role__control_plane.data.aws_iam_policy_document.assume_role",
            "module.cluster.module.role__control_plane.data.aws_iam_policy_document.trusted_iam_entities",
            "module.cluster.module.role__control_plane.data.aws_iam_policy_document.trusted_oidc_providers",
            "module.cluster.module.role__control_plane.data.aws_iam_policy_document.trusted_saml_providers",
            "module.cluster.module.role__control_plane.data.aws_iam_policy_document.trusted_services",
            "module.cluster.module.role__control_plane.data.aws_partition.this",
            "module.cluster.module.security_group__control_plane.aws_security_group.this",
            "module.irsa__aws_load_balancer_controller.module.this.aws_iam_role.this",
            "module.irsa__aws_load_balancer_controller.module.this.data.aws_caller_identity.this",
            "module.irsa__aws_load_balancer_controller.module.this.data.aws_iam_policy_document.assume_role",
            "module.irsa__aws_load_balancer_controller.module.this.data.aws_iam_policy_document.trusted_iam_entities",
            "module.irsa__aws_load_balancer_controller.module.this.data.aws_iam_policy_document.trusted_oidc_providers",
            "module.irsa__aws_load_balancer_controller.module.this.data.aws_iam_policy_document.trusted_saml_providers",
            "module.irsa__aws_load_balancer_controller.module.this.data.aws_iam_policy_document.trusted_services",
            "module.irsa__aws_load_balancer_controller.module.this.data.aws_partition.this"
          ]
        }
      ]
    },
    {
      "module": "module.irsa__irsa_test",
      "mode": "managed",
      "type": "aws_resourcegroups_group",
      "name": "this",
      "provider": "provider[\"registry.terraform.io/hashicorp/aws\"]",
      "instances": [
        {
          "index_key": 0,
          "schema_version": 0,
          "attributes": {
            "arn": "arn:aws:resource-groups:ap-northeast-2:480936841767:group/terraform-aws-container.eks-irsa.irsa-interface-test-app-irsa-test",
            "description": "Managed by Terraform.",
            "id": "terraform-aws-container.eks-irsa.irsa-interface-test-app-irsa-test",
            "name": "terraform-aws-container.eks-irsa.irsa-interface-test-app-irsa-test",
            "resource_query": [
              {
                "query": "{\n  \"ResourceTypeFilters\": [\n    \"AWS::AllSupported\"\n  ],\n  \"TagFilters\": [{\"Key\":\"module.terraform.io/full-name\",\"Values\":[\"terraform-aws-container/eks-irsa\"]},{\"Key\":\"module.terraform.io/instance\",\"Values\":[\"irsa-interface-test-app-irsa-test\"]},{\"Key\":\"module.terraform.io/name\",\"Values\":[\"eks-irsa\"]},{\"Key\":\"module.terraform.io/package\",\"Values\":[\"terraform-aws-container\"]},{\"Key\":\"module.terraform.io/version\",\"Values\":[\"0.14.0\"]}]\n}\n",
                "type": "TAG_FILTERS_1_0"
              }
            ],
            "tags": {
              "Name": "terraform-aws-container.eks-irsa.irsa-interface-test-app-irsa-test",
              "module.terraform.io/full-name": "terraform-aws-container/eks-irsa",
              "module.terraform.io/instance": "irsa-interface-test-app-irsa-test",
              "module.terraform.io/name": "eks-irsa",
              "module.terraform.io/package": "terraform-aws-container",
              "module.terraform.io/version": "0.14.0"
            },
            "tags_all": {
              "Name": "terraform-aws-container.eks-irsa.irsa-interface-test-app-irsa-test",
              "module.terraform.io/full-name": "terraform-aws-container/eks-irsa",
              "module.terraform.io/instance": "irsa-interface-test-app-irsa-test",
              "module.terraform.io/name": "eks-irsa",
              "module.terraform.io/package": "terraform-aws-container",
              "module.terraform.io/version": "0.14.0"
            }
          },
          "sensitive_attributes": [],
          "private": "bnVsbA==",
          "dependencies": [
            "data.terraform_remote_state.network",
            "module.cluster.aws_cloudwatch_log_group.this",
            "module.cluster.aws_eks_cluster.this",
            "module.cluster.data.aws_subnet.selected",
            "module.cluster.module.role__control_plane.aws_iam_instance_profile.this",
            "module.cluster.module.role__control_plane.aws_iam_role.this",
            "module.cluster.module.role__control_plane.aws_iam_role_policy.inline",
            "module.cluster.module.role__control_plane.aws_iam_role_policy_attachment.managed",
            "module.cluster.module.role__control_plane.aws_resourcegroups_group.this",
            "module.cluster.module.role__control_plane.data.aws_caller_identity.this",
            "module.cluster.module.role__control_plane.data.aws_iam_policy_document.assume_role",
            "module.cluster.module.role__control_plane.data.aws_iam_policy_document.trusted_iam_entities",
            "module.cluster.module.role__control_plane.data.aws_iam_policy_document.trusted_oidc_providers",
            "module.cluster.module.role__control_plane.data.aws_iam_policy_document.trusted_saml_providers",
            "module.cluster.module.role__control_plane.data.aws_iam_policy_document.trusted_services",
            "module.cluster.module.role__control_plane.data.aws_partition.this",
            "module.cluster.module.security_group__control_plane.aws_security_group.this"
          ]
        }
      ]
    },
    {
      "module": "module.irsa__irsa_test.module.this",
      "mode": "data",
      "type": "aws_caller_identity",
      "name": "this",
      "provider": "provider[\"registry.terraform.io/hashicorp/aws\"]",
      "instances": [
        {
          "schema_version": 0,
          "attributes": {
            "account_id": "480936841767",
            "arn": "arn:aws:iam::480936841767:user/markyou",
            "id": "480936841767",
            "user_id": "AIDAW76QR2ITZZEBCNAEF"
          },
          "sensitive_attributes": []
        }
      ]
    },
    {
      "module": "module.irsa__irsa_test.module.this",
      "mode": "data",
      "type": "aws_iam_policy_document",
      "name": "assume_role",
      "provider": "provider[\"registry.terraform.io/hashicorp/aws\"]",
      "instances": [
        {
          "schema_version": 0,
          "attributes": {
            "id": "847450578",
            "json": "{\n  \"Version\": \"2012-10-17\",\n  \"Statement\": [\n    {\n      \"Sid\": \"TrustedOidcProviders1\",\n      \"Effect\": \"Allow\",\n      \"Action\": \"sts:AssumeRoleWithWebIdentity\",\n      \"Principal\": {\n        \"Federated\": \"arn:aws:iam::480936841767:oidc-provider/oidc.eks.ap-northeast-2.amazonaws.com/id/E2F652A1469FF7207146A1587E9712DA\"\n      },\n      \"Condition\": {\n        \"StringEquals\": {\n          \"oidc.eks.ap-northeast-2.amazonaws.com/id/E2F652A1469FF7207146A1587E9712DA:aud\": [\n            \"sts.amazonaws.com\"\n          ]\n        },\n        \"StringLike\": {\n          \"oidc.eks.ap-northeast-2.amazonaws.com/id/E2F652A1469FF7207146A1587E9712DA:sub\": [\n            \"system:serviceaccount:fastcampus:irsa-test\"\n          ]\n        }\n      }\n    }\n  ]\n}",
            "override_json": null,
            "override_policy_documents": null,
            "policy_id": null,
            "source_json": null,
            "source_policy_documents": [
              "{\n  \"Version\": \"2012-10-17\",\n  \"Statement\": [\n    {\n      \"Sid\": \"TrustedOidcProviders1\",\n      \"Effect\": \"Allow\",\n      \"Action\": \"sts:AssumeRoleWithWebIdentity\",\n      \"Principal\": {\n        \"Federated\": \"arn:aws:iam::480936841767:oidc-provider/oidc.eks.ap-northeast-2.amazonaws.com/id/E2F652A1469FF7207146A1587E9712DA\"\n      },\n      \"Condition\": {\n        \"StringEquals\": {\n          \"oidc.eks.ap-northeast-2.amazonaws.com/id/E2F652A1469FF7207146A1587E9712DA:aud\": \"sts.amazonaws.com\"\n        },\n        \"StringLike\": {\n          \"oidc.eks.ap-northeast-2.amazonaws.com/id/E2F652A1469FF7207146A1587E9712DA:sub\": \"system:serviceaccount:fastcampus:irsa-test\"\n        }\n      }\n    }\n  ]\n}"
            ],
            "statement": null,
            "version": "2012-10-17"
          },
          "sensitive_attributes": []
        }
      ]
    },
    {
      "module": "module.irsa__irsa_test.module.this",
      "mode": "data",
      "type": "aws_iam_policy_document",
      "name": "trusted_oidc_providers",
      "provider": "provider[\"registry.terraform.io/hashicorp/aws\"]",
      "instances": [
        {
          "index_key": "1",
          "schema_version": 0,
          "attributes": {
            "id": "1569617432",
            "json": "{\n  \"Version\": \"2012-10-17\",\n  \"Statement\": [\n    {\n      \"Sid\": \"TrustedOidcProviders1\",\n      \"Effect\": \"Allow\",\n      \"Action\": \"sts:AssumeRoleWithWebIdentity\",\n      \"Principal\": {\n        \"Federated\": \"arn:aws:iam::480936841767:oidc-provider/oidc.eks.ap-northeast-2.amazonaws.com/id/E2F652A1469FF7207146A1587E9712DA\"\n      },\n      \"Condition\": {\n        \"StringEquals\": {\n          \"oidc.eks.ap-northeast-2.amazonaws.com/id/E2F652A1469FF7207146A1587E9712DA:aud\": \"sts.amazonaws.com\"\n        },\n        \"StringLike\": {\n          \"oidc.eks.ap-northeast-2.amazonaws.com/id/E2F652A1469FF7207146A1587E9712DA:sub\": \"system:serviceaccount:fastcampus:irsa-test\"\n        }\n      }\n    }\n  ]\n}",
            "override_json": null,
            "override_policy_documents": null,
            "policy_id": null,
            "source_json": null,
            "source_policy_documents": null,
            "statement": [
              {
                "actions": [
                  "sts:AssumeRoleWithWebIdentity"
                ],
                "condition": [
                  {
                    "test": "StringEquals",
                    "values": [
                      "sts.amazonaws.com"
                    ],
                    "variable": "oidc.eks.ap-northeast-2.amazonaws.com/id/E2F652A1469FF7207146A1587E9712DA:aud"
                  },
                  {
                    "test": "StringLike",
                    "values": [
                      "system:serviceaccount:fastcampus:irsa-test"
                    ],
                    "variable": "oidc.eks.ap-northeast-2.amazonaws.com/id/E2F652A1469FF7207146A1587E9712DA:sub"
                  }
                ],
                "effect": "Allow",
                "not_actions": [],
                "not_principals": [],
                "not_resources": [],
                "principals": [
                  {
                    "identifiers": [
                      "arn:aws:iam::480936841767:oidc-provider/oidc.eks.ap-northeast-2.amazonaws.com/id/E2F652A1469FF7207146A1587E9712DA"
                    ],
                    "type": "Federated"
                  }
                ],
                "resources": [],
                "sid": "TrustedOidcProviders1"
              }
            ],
            "version": "2012-10-17"
          },
          "sensitive_attributes": []
        }
      ]
    },
    {
      "module": "module.irsa__irsa_test.module.this",
      "mode": "data",
      "type": "aws_partition",
      "name": "this",
      "provider": "provider[\"registry.terraform.io/hashicorp/aws\"]",
      "instances": [
        {
          "schema_version": 0,
          "attributes": {
            "dns_suffix": "amazonaws.com",
            "id": "aws",
            "partition": "aws",
            "reverse_dns_prefix": "com.amazonaws"
          },
          "sensitive_attributes": []
        }
      ]
    },
    {
      "module": "module.irsa__irsa_test.module.this",
      "mode": "managed",
      "type": "aws_iam_role",
      "name": "this",
      "provider": "provider[\"registry.terraform.io/hashicorp/aws\"]",
      "instances": [
        {
          "schema_version": 0,
          "attributes": {
            "arn": "arn:aws:iam::480936841767:role/irsa-interface-test-app-irsa-test",
            "assume_role_policy": "{\"Version\":\"2012-10-17\",\"Statement\":[{\"Sid\":\"TrustedOidcProviders1\",\"Effect\":\"Allow\",\"Principal\":{\"Federated\":\"arn:aws:iam::480936841767:oidc-provider/oidc.eks.ap-northeast-2.amazonaws.com/id/E2F652A1469FF7207146A1587E9712DA\"},\"Action\":\"sts:AssumeRoleWithWebIdentity\",\"Condition\":{\"StringEquals\":{\"oidc.eks.ap-northeast-2.amazonaws.com/id/E2F652A1469FF7207146A1587E9712DA:aud\":\"sts.amazonaws.com\"},\"StringLike\":{\"oidc.eks.ap-northeast-2.amazonaws.com/id/E2F652A1469FF7207146A1587E9712DA:sub\":\"system:serviceaccount:fastcampus:irsa-test\"}}}]}",
            "create_date": "2023-07-20T13:01:04Z",
            "description": "EKS IAM Role for Service Account of irsa-test app.",
            "force_detach_policies": false,
            "id": "irsa-interface-test-app-irsa-test",
            "inline_policy": [
              {
                "name": "this",
                "policy": "{\r\n    \"Version\": \"2012-10-17\",\r\n    \"Statement\": [\r\n        {\r\n            \"Effect\": \"Allow\",\r\n            \"Action\": [\r\n                \"ec2:DescribeAccountAttributes\",\r\n                \"ec2:DescribeAddresses\",\r\n                \"ec2:DescribeAvailabilityZones\",\r\n                \"ec2:DescribeInternetGateways\",\r\n                \"ec2:DescribeVpcs\",\r\n                \"ec2:DescribeSubnets\",\r\n                \"ec2:DescribeSecurityGroups\",\r\n                \"ec2:DescribeInstances\",\r\n                \"ec2:DescribeNetworkInterfaces\",\r\n                \"ec2:DescribeTags\",\r\n                \"ec2:GetCoipPoolUsage\",\r\n                \"ec2:DescribeCoipPools\"\r\n            ],\r\n            \"Resource\": \"*\"\r\n        }\r\n    ]\r\n}\r\n"
              }
            ],
            "managed_policy_arns": [],
            "max_session_duration": 3600,
            "name": "irsa-interface-test-app-irsa-test",
            "name_prefix": "",
            "path": "/",
            "permissions_boundary": "",
            "tags": {
              "Name": "irsa-interface-test-app-irsa-test",
              "module.terraform.io/full-name": "terraform-aws-container/eks-irsa",
              "module.terraform.io/instance": "irsa-interface-test-app-irsa-test",
              "module.terraform.io/name": "eks-irsa",
              "module.terraform.io/package": "terraform-aws-container",
              "module.terraform.io/version": "0.14.0"
            },
            "tags_all": {
              "Name": "irsa-interface-test-app-irsa-test",
              "module.terraform.io/full-name": "terraform-aws-container/eks-irsa",
              "module.terraform.io/instance": "irsa-interface-test-app-irsa-test",
              "module.terraform.io/name": "eks-irsa",
              "module.terraform.io/package": "terraform-aws-container",
              "module.terraform.io/version": "0.14.0"
            },
            "unique_id": "AROAW76QR2IT6MHL34HMR"
          },
          "sensitive_attributes": [],
          "private": "bnVsbA==",
          "dependencies": [
            "data.terraform_remote_state.network",
            "module.cluster.aws_cloudwatch_log_group.this",
            "module.cluster.aws_eks_cluster.this",
            "module.cluster.aws_iam_openid_connect_provider.this",
            "module.cluster.data.aws_subnet.selected",
            "module.cluster.data.tls_certificate.this",
            "module.cluster.module.role__control_plane.aws_iam_instance_profile.this",
            "module.cluster.module.role__control_plane.aws_iam_role.this",
            "module.cluster.module.role__control_plane.aws_iam_role_policy.inline",
            "module.cluster.module.role__control_plane.aws_iam_role_policy_attachment.managed",
            "module.cluster.module.role__control_plane.aws_resourcegroups_group.this",
            "module.cluster.module.role__control_plane.data.aws_caller_identity.this",
            "module.cluster.module.role__control_plane.data.aws_iam_policy_document.assume_role",
            "module.cluster.module.role__control_plane.data.aws_iam_policy_document.trusted_iam_entities",
            "module.cluster.module.role__control_plane.data.aws_iam_policy_document.trusted_oidc_providers",
            "module.cluster.module.role__control_plane.data.aws_iam_policy_document.trusted_saml_providers",
            "module.cluster.module.role__control_plane.data.aws_iam_policy_document.trusted_services",
            "module.cluster.module.role__control_plane.data.aws_partition.this",
            "module.cluster.module.security_group__control_plane.aws_security_group.this",
            "module.irsa__irsa_test.module.this.data.aws_caller_identity.this",
            "module.irsa__irsa_test.module.this.data.aws_iam_policy_document.assume_role",
            "module.irsa__irsa_test.module.this.data.aws_iam_policy_document.trusted_iam_entities",
            "module.irsa__irsa_test.module.this.data.aws_iam_policy_document.trusted_oidc_providers",
            "module.irsa__irsa_test.module.this.data.aws_iam_policy_document.trusted_saml_providers",
            "module.irsa__irsa_test.module.this.data.aws_iam_policy_document.trusted_services",
            "module.irsa__irsa_test.module.this.data.aws_partition.this"
          ]
        }
      ]
    },
    {
      "module": "module.irsa__irsa_test.module.this",
      "mode": "managed",
      "type": "aws_iam_role_policy",
      "name": "inline",
      "provider": "provider[\"registry.terraform.io/hashicorp/aws\"]",
      "instances": [
        {
          "index_key": "this",
          "schema_version": 0,
          "attributes": {
            "id": "irsa-interface-test-app-irsa-test:this",
            "name": "this",
            "name_prefix": null,
            "policy": "{\r\n    \"Version\": \"2012-10-17\",\r\n    \"Statement\": [\r\n        {\r\n            \"Effect\": \"Allow\",\r\n            \"Action\": [\r\n                \"ec2:DescribeAccountAttributes\",\r\n                \"ec2:DescribeAddresses\",\r\n                \"ec2:DescribeAvailabilityZones\",\r\n                \"ec2:DescribeInternetGateways\",\r\n                \"ec2:DescribeVpcs\",\r\n                \"ec2:DescribeSubnets\",\r\n                \"ec2:DescribeSecurityGroups\",\r\n                \"ec2:DescribeInstances\",\r\n                \"ec2:DescribeNetworkInterfaces\",\r\n                \"ec2:DescribeTags\",\r\n                \"ec2:GetCoipPoolUsage\",\r\n                \"ec2:DescribeCoipPools\"\r\n            ],\r\n            \"Resource\": \"*\"\r\n        }\r\n    ]\r\n}\r\n",
            "role": "irsa-interface-test-app-irsa-test"
          },
          "sensitive_attributes": [],
          "private": "bnVsbA==",
          "dependencies": [
            "data.terraform_remote_state.network",
            "module.cluster.aws_cloudwatch_log_group.this",
            "module.cluster.aws_eks_cluster.this",
            "module.cluster.aws_iam_openid_connect_provider.this",
            "module.cluster.data.aws_subnet.selected",
            "module.cluster.data.tls_certificate.this",
            "module.cluster.module.role__control_plane.aws_iam_instance_profile.this",
            "module.cluster.module.role__control_plane.aws_iam_role.this",
            "module.cluster.module.role__control_plane.aws_iam_role_policy.inline",
            "module.cluster.module.role__control_plane.aws_iam_role_policy_attachment.managed",
            "module.cluster.module.role__control_plane.aws_resourcegroups_group.this",
            "module.cluster.module.role__control_plane.data.aws_caller_identity.this",
            "module.cluster.module.role__control_plane.data.aws_iam_policy_document.assume_role",
            "module.cluster.module.role__control_plane.data.aws_iam_policy_document.trusted_iam_entities",
            "module.cluster.module.role__control_plane.data.aws_iam_policy_document.trusted_oidc_providers",
            "module.cluster.module.role__control_plane.data.aws_iam_policy_document.trusted_saml_providers",
            "module.cluster.module.role__control_plane.data.aws_iam_policy_document.trusted_services",
            "module.cluster.module.role__control_plane.data.aws_partition.this",
            "module.cluster.module.security_group__control_plane.aws_security_group.this",
            "module.irsa__irsa_test.module.this.aws_iam_role.this",
            "module.irsa__irsa_test.module.this.data.aws_caller_identity.this",
            "module.irsa__irsa_test.module.this.data.aws_iam_policy_document.assume_role",
            "module.irsa__irsa_test.module.this.data.aws_iam_policy_document.trusted_iam_entities",
            "module.irsa__irsa_test.module.this.data.aws_iam_policy_document.trusted_oidc_providers",
            "module.irsa__irsa_test.module.this.data.aws_iam_policy_document.trusted_saml_providers",
            "module.irsa__irsa_test.module.this.data.aws_iam_policy_document.trusted_services",
            "module.irsa__irsa_test.module.this.data.aws_partition.this"
          ]
        }
      ]
    },
    {
      "module": "module.irsa__kubernetes_external_secrets",
      "mode": "managed",
      "type": "aws_resourcegroups_group",
      "name": "this",
      "provider": "provider[\"registry.terraform.io/hashicorp/aws\"]",
      "instances": [
        {
          "index_key": 0,
          "schema_version": 0,
          "attributes": {
            "arn": "arn:aws:resource-groups:ap-northeast-2:480936841767:group/terraform-aws-container.eks-irsa.irsa-interface-test-addon-kubernetes-external-secrets",
            "description": "Managed by Terraform.",
            "id": "terraform-aws-container.eks-irsa.irsa-interface-test-addon-kubernetes-external-secrets",
            "name": "terraform-aws-container.eks-irsa.irsa-interface-test-addon-kubernetes-external-secrets",
            "resource_query": [
              {
                "query": "{\n  \"ResourceTypeFilters\": [\n    \"AWS::AllSupported\"\n  ],\n  \"TagFilters\": [{\"Key\":\"module.terraform.io/full-name\",\"Values\":[\"terraform-aws-container/eks-irsa\"]},{\"Key\":\"module.terraform.io/instance\",\"Values\":[\"irsa-interface-test-addon-kubernetes-external-secrets\"]},{\"Key\":\"module.terraform.io/name\",\"Values\":[\"eks-irsa\"]},{\"Key\":\"module.terraform.io/package\",\"Values\":[\"terraform-aws-container\"]},{\"Key\":\"module.terraform.io/version\",\"Values\":[\"0.14.0\"]}]\n}\n",
                "type": "TAG_FILTERS_1_0"
              }
            ],
            "tags": {
              "Name": "terraform-aws-container.eks-irsa.irsa-interface-test-addon-kubernetes-external-secrets",
              "module.terraform.io/full-name": "terraform-aws-container/eks-irsa",
              "module.terraform.io/instance": "irsa-interface-test-addon-kubernetes-external-secrets",
              "module.terraform.io/name": "eks-irsa",
              "module.terraform.io/package": "terraform-aws-container",
              "module.terraform.io/version": "0.14.0"
            },
            "tags_all": {
              "Name": "terraform-aws-container.eks-irsa.irsa-interface-test-addon-kubernetes-external-secrets",
              "module.terraform.io/full-name": "terraform-aws-container/eks-irsa",
              "module.terraform.io/instance": "irsa-interface-test-addon-kubernetes-external-secrets",
              "module.terraform.io/name": "eks-irsa",
              "module.terraform.io/package": "terraform-aws-container",
              "module.terraform.io/version": "0.14.0"
            }
          },
          "sensitive_attributes": [],
          "private": "bnVsbA==",
          "dependencies": [
            "data.terraform_remote_state.network",
            "module.cluster.aws_cloudwatch_log_group.this",
            "module.cluster.aws_eks_cluster.this",
            "module.cluster.data.aws_subnet.selected",
            "module.cluster.module.role__control_plane.aws_iam_instance_profile.this",
            "module.cluster.module.role__control_plane.aws_iam_role.this",
            "module.cluster.module.role__control_plane.aws_iam_role_policy.inline",
            "module.cluster.module.role__control_plane.aws_iam_role_policy_attachment.managed",
            "module.cluster.module.role__control_plane.aws_resourcegroups_group.this",
            "module.cluster.module.role__control_plane.data.aws_caller_identity.this",
            "module.cluster.module.role__control_plane.data.aws_iam_policy_document.assume_role",
            "module.cluster.module.role__control_plane.data.aws_iam_policy_document.trusted_iam_entities",
            "module.cluster.module.role__control_plane.data.aws_iam_policy_document.trusted_oidc_providers",
            "module.cluster.module.role__control_plane.data.aws_iam_policy_document.trusted_saml_providers",
            "module.cluster.module.role__control_plane.data.aws_iam_policy_document.trusted_services",
            "module.cluster.module.role__control_plane.data.aws_partition.this",
            "module.cluster.module.security_group__control_plane.aws_security_group.this"
          ]
        }
      ]
    },
    {
      "module": "module.irsa__kubernetes_external_secrets.module.this",
      "mode": "data",
      "type": "aws_caller_identity",
      "name": "this",
      "provider": "provider[\"registry.terraform.io/hashicorp/aws\"]",
      "instances": [
        {
          "schema_version": 0,
          "attributes": {
            "account_id": "480936841767",
            "arn": "arn:aws:iam::480936841767:user/markyou",
            "id": "480936841767",
            "user_id": "AIDAW76QR2ITZZEBCNAEF"
          },
          "sensitive_attributes": []
        }
      ]
    },
    {
      "module": "module.irsa__kubernetes_external_secrets.module.this",
      "mode": "data",
      "type": "aws_iam_policy_document",
      "name": "assume_role",
      "provider": "provider[\"registry.terraform.io/hashicorp/aws\"]",
      "instances": [
        {
          "schema_version": 0,
          "attributes": {
            "id": "2001482234",
            "json": "{\n  \"Version\": \"2012-10-17\",\n  \"Statement\": [\n    {\n      \"Sid\": \"TrustedOidcProviders1\",\n      \"Effect\": \"Allow\",\n      \"Action\": \"sts:AssumeRoleWithWebIdentity\",\n      \"Principal\": {\n        \"Federated\": \"arn:aws:iam::480936841767:oidc-provider/oidc.eks.ap-northeast-2.amazonaws.com/id/E2F652A1469FF7207146A1587E9712DA\"\n      },\n      \"Condition\": {\n        \"StringEquals\": {\n          \"oidc.eks.ap-northeast-2.amazonaws.com/id/E2F652A1469FF7207146A1587E9712DA:aud\": [\n            \"sts.amazonaws.com\"\n          ]\n        },\n        \"StringLike\": {\n          \"oidc.eks.ap-northeast-2.amazonaws.com/id/E2F652A1469FF7207146A1587E9712DA:sub\": [\n            \"system:serviceaccount:kube-system:kubernetes-external-secrets\"\n          ]\n        }\n      }\n    }\n  ]\n}",
            "override_json": null,
            "override_policy_documents": null,
            "policy_id": null,
            "source_json": null,
            "source_policy_documents": [
              "{\n  \"Version\": \"2012-10-17\",\n  \"Statement\": [\n    {\n      \"Sid\": \"TrustedOidcProviders1\",\n      \"Effect\": \"Allow\",\n      \"Action\": \"sts:AssumeRoleWithWebIdentity\",\n      \"Principal\": {\n        \"Federated\": \"arn:aws:iam::480936841767:oidc-provider/oidc.eks.ap-northeast-2.amazonaws.com/id/E2F652A1469FF7207146A1587E9712DA\"\n      },\n      \"Condition\": {\n        \"StringEquals\": {\n          \"oidc.eks.ap-northeast-2.amazonaws.com/id/E2F652A1469FF7207146A1587E9712DA:aud\": \"sts.amazonaws.com\"\n        },\n        \"StringLike\": {\n          \"oidc.eks.ap-northeast-2.amazonaws.com/id/E2F652A1469FF7207146A1587E9712DA:sub\": \"system:serviceaccount:kube-system:kubernetes-external-secrets\"\n        }\n      }\n    }\n  ]\n}"
            ],
            "statement": null,
            "version": "2012-10-17"
          },
          "sensitive_attributes": []
        }
      ]
    },
    {
      "module": "module.irsa__kubernetes_external_secrets.module.this",
      "mode": "data",
      "type": "aws_iam_policy_document",
      "name": "trusted_oidc_providers",
      "provider": "provider[\"registry.terraform.io/hashicorp/aws\"]",
      "instances": [
        {
          "index_key": "1",
          "schema_version": 0,
          "attributes": {
            "id": "1557959093",
            "json": "{\n  \"Version\": \"2012-10-17\",\n  \"Statement\": [\n    {\n      \"Sid\": \"TrustedOidcProviders1\",\n      \"Effect\": \"Allow\",\n      \"Action\": \"sts:AssumeRoleWithWebIdentity\",\n      \"Principal\": {\n        \"Federated\": \"arn:aws:iam::480936841767:oidc-provider/oidc.eks.ap-northeast-2.amazonaws.com/id/E2F652A1469FF7207146A1587E9712DA\"\n      },\n      \"Condition\": {\n        \"StringEquals\": {\n          \"oidc.eks.ap-northeast-2.amazonaws.com/id/E2F652A1469FF7207146A1587E9712DA:aud\": \"sts.amazonaws.com\"\n        },\n        \"StringLike\": {\n          \"oidc.eks.ap-northeast-2.amazonaws.com/id/E2F652A1469FF7207146A1587E9712DA:sub\": \"system:serviceaccount:kube-system:kubernetes-external-secrets\"\n        }\n      }\n    }\n  ]\n}",
            "override_json": null,
            "override_policy_documents": null,
            "policy_id": null,
            "source_json": null,
            "source_policy_documents": null,
            "statement": [
              {
                "actions": [
                  "sts:AssumeRoleWithWebIdentity"
                ],
                "condition": [
                  {
                    "test": "StringEquals",
                    "values": [
                      "sts.amazonaws.com"
                    ],
                    "variable": "oidc.eks.ap-northeast-2.amazonaws.com/id/E2F652A1469FF7207146A1587E9712DA:aud"
                  },
                  {
                    "test": "StringLike",
                    "values": [
                      "system:serviceaccount:kube-system:kubernetes-external-secrets"
                    ],
                    "variable": "oidc.eks.ap-northeast-2.amazonaws.com/id/E2F652A1469FF7207146A1587E9712DA:sub"
                  }
                ],
                "effect": "Allow",
                "not_actions": [],
                "not_principals": [],
                "not_resources": [],
                "principals": [
                  {
                    "identifiers": [
                      "arn:aws:iam::480936841767:oidc-provider/oidc.eks.ap-northeast-2.amazonaws.com/id/E2F652A1469FF7207146A1587E9712DA"
                    ],
                    "type": "Federated"
                  }
                ],
                "resources": [],
                "sid": "TrustedOidcProviders1"
              }
            ],
            "version": "2012-10-17"
          },
          "sensitive_attributes": []
        }
      ]
    },
    {
      "module": "module.irsa__kubernetes_external_secrets.module.this",
      "mode": "data",
      "type": "aws_partition",
      "name": "this",
      "provider": "provider[\"registry.terraform.io/hashicorp/aws\"]",
      "instances": [
        {
          "schema_version": 0,
          "attributes": {
            "dns_suffix": "amazonaws.com",
            "id": "aws",
            "partition": "aws",
            "reverse_dns_prefix": "com.amazonaws"
          },
          "sensitive_attributes": []
        }
      ]
    },
    {
      "module": "module.irsa__kubernetes_external_secrets.module.this",
      "mode": "managed",
      "type": "aws_iam_role",
      "name": "this",
      "provider": "provider[\"registry.terraform.io/hashicorp/aws\"]",
      "instances": [
        {
          "schema_version": 0,
          "attributes": {
            "arn": "arn:aws:iam::480936841767:role/irsa-interface-test-addon-kubernetes-external-secrets",
            "assume_role_policy": "{\"Version\":\"2012-10-17\",\"Statement\":[{\"Sid\":\"TrustedOidcProviders1\",\"Effect\":\"Allow\",\"Principal\":{\"Federated\":\"arn:aws:iam::480936841767:oidc-provider/oidc.eks.ap-northeast-2.amazonaws.com/id/E2F652A1469FF7207146A1587E9712DA\"},\"Action\":\"sts:AssumeRoleWithWebIdentity\",\"Condition\":{\"StringEquals\":{\"oidc.eks.ap-northeast-2.amazonaws.com/id/E2F652A1469FF7207146A1587E9712DA:aud\":\"sts.amazonaws.com\"},\"StringLike\":{\"oidc.eks.ap-northeast-2.amazonaws.com/id/E2F652A1469FF7207146A1587E9712DA:sub\":\"system:serviceaccount:kube-system:kubernetes-external-secrets\"}}}]}",
            "create_date": "2023-07-20T13:01:04Z",
            "description": "EKS IAM Role for Service Account of Kubernetes External Secrets.",
            "force_detach_policies": false,
            "id": "irsa-interface-test-addon-kubernetes-external-secrets",
            "inline_policy": [
              {
                "name": "this",
                "policy": "{\r\n    \"Version\": \"2012-10-17\",\r\n    \"Statement\": [\r\n        {\r\n            \"Effect\": \"Allow\",\r\n            \"Action\": [\r\n                \"secretsmanager:GetResourcePolicy\",\r\n                \"secretsmanager:GetSecretValue\",\r\n                \"secretsmanager:DescribeSecret\",\r\n                \"secretsmanager:ListSecretVersionIds\"\r\n            ],\r\n            \"Resource\": \"*\"\r\n        },\r\n        {\r\n            \"Effect\": \"Allow\",\r\n            \"Action\": [\r\n                \"kms:GetParametersForImport\",\r\n                \"kms:GetPublicKey\",\r\n                \"kms:ListKeyPolicies\",\r\n                \"kms:ListRetirableGrants\",\r\n                \"kms:GetKeyRotationStatus\",\r\n                \"kms:GetKeyPolicy\",\r\n                \"kms:DescribeKey\",\r\n                \"kms:ListResourceTags\",\r\n                \"kms:ListGrants\",\r\n                \"kms:GenerateDataKey\",\r\n                \"kms:Encrypt\",\r\n                \"kms:Decrypt\"\r\n            ],\r\n            \"Resource\": \"*\"\r\n        }\r\n    ]\r\n}\r\n"
              }
            ],
            "managed_policy_arns": [],
            "max_session_duration": 3600,
            "name": "irsa-interface-test-addon-kubernetes-external-secrets",
            "name_prefix": "",
            "path": "/",
            "permissions_boundary": "",
            "tags": {
              "Name": "irsa-interface-test-addon-kubernetes-external-secrets",
              "module.terraform.io/full-name": "terraform-aws-container/eks-irsa",
              "module.terraform.io/instance": "irsa-interface-test-addon-kubernetes-external-secrets",
              "module.terraform.io/name": "eks-irsa",
              "module.terraform.io/package": "terraform-aws-container",
              "module.terraform.io/version": "0.14.0"
            },
            "tags_all": {
              "Name": "irsa-interface-test-addon-kubernetes-external-secrets",
              "module.terraform.io/full-name": "terraform-aws-container/eks-irsa",
              "module.terraform.io/instance": "irsa-interface-test-addon-kubernetes-external-secrets",
              "module.terraform.io/name": "eks-irsa",
              "module.terraform.io/package": "terraform-aws-container",
              "module.terraform.io/version": "0.14.0"
            },
            "unique_id": "AROAW76QR2IT5C2ZYBF6D"
          },
          "sensitive_attributes": [],
          "private": "bnVsbA==",
          "dependencies": [
            "data.terraform_remote_state.network",
            "module.cluster.aws_cloudwatch_log_group.this",
            "module.cluster.aws_eks_cluster.this",
            "module.cluster.aws_iam_openid_connect_provider.this",
            "module.cluster.data.aws_subnet.selected",
            "module.cluster.data.tls_certificate.this",
            "module.cluster.module.role__control_plane.aws_iam_instance_profile.this",
            "module.cluster.module.role__control_plane.aws_iam_role.this",
            "module.cluster.module.role__control_plane.aws_iam_role_policy.inline",
            "module.cluster.module.role__control_plane.aws_iam_role_policy_attachment.managed",
            "module.cluster.module.role__control_plane.aws_resourcegroups_group.this",
            "module.cluster.module.role__control_plane.data.aws_caller_identity.this",
            "module.cluster.module.role__control_plane.data.aws_iam_policy_document.assume_role",
            "module.cluster.module.role__control_plane.data.aws_iam_policy_document.trusted_iam_entities",
            "module.cluster.module.role__control_plane.data.aws_iam_policy_document.trusted_oidc_providers",
            "module.cluster.module.role__control_plane.data.aws_iam_policy_document.trusted_saml_providers",
            "module.cluster.module.role__control_plane.data.aws_iam_policy_document.trusted_services",
            "module.cluster.module.role__control_plane.data.aws_partition.this",
            "module.cluster.module.security_group__control_plane.aws_security_group.this",
            "module.irsa__kubernetes_external_secrets.module.this.data.aws_caller_identity.this",
            "module.irsa__kubernetes_external_secrets.module.this.data.aws_iam_policy_document.assume_role",
            "module.irsa__kubernetes_external_secrets.module.this.data.aws_iam_policy_document.trusted_iam_entities",
            "module.irsa__kubernetes_external_secrets.module.this.data.aws_iam_policy_document.trusted_oidc_providers",
            "module.irsa__kubernetes_external_secrets.module.this.data.aws_iam_policy_document.trusted_saml_providers",
            "module.irsa__kubernetes_external_secrets.module.this.data.aws_iam_policy_document.trusted_services",
            "module.irsa__kubernetes_external_secrets.module.this.data.aws_partition.this"
          ]
        }
      ]
    },
    {
      "module": "module.irsa__kubernetes_external_secrets.module.this",
      "mode": "managed",
      "type": "aws_iam_role_policy",
      "name": "inline",
      "provider": "provider[\"registry.terraform.io/hashicorp/aws\"]",
      "instances": [
        {
          "index_key": "this",
          "schema_version": 0,
          "attributes": {
            "id": "irsa-interface-test-addon-kubernetes-external-secrets:this",
            "name": "this",
            "name_prefix": null,
            "policy": "{\r\n    \"Version\": \"2012-10-17\",\r\n    \"Statement\": [\r\n        {\r\n            \"Effect\": \"Allow\",\r\n            \"Action\": [\r\n                \"secretsmanager:GetResourcePolicy\",\r\n                \"secretsmanager:GetSecretValue\",\r\n                \"secretsmanager:DescribeSecret\",\r\n                \"secretsmanager:ListSecretVersionIds\"\r\n            ],\r\n            \"Resource\": \"*\"\r\n        },\r\n        {\r\n            \"Effect\": \"Allow\",\r\n            \"Action\": [\r\n                \"kms:GetParametersForImport\",\r\n                \"kms:GetPublicKey\",\r\n                \"kms:ListKeyPolicies\",\r\n                \"kms:ListRetirableGrants\",\r\n                \"kms:GetKeyRotationStatus\",\r\n                \"kms:GetKeyPolicy\",\r\n                \"kms:DescribeKey\",\r\n                \"kms:ListResourceTags\",\r\n                \"kms:ListGrants\",\r\n                \"kms:GenerateDataKey\",\r\n                \"kms:Encrypt\",\r\n                \"kms:Decrypt\"\r\n            ],\r\n            \"Resource\": \"*\"\r\n        }\r\n    ]\r\n}\r\n",
            "role": "irsa-interface-test-addon-kubernetes-external-secrets"
          },
          "sensitive_attributes": [],
          "private": "bnVsbA==",
          "dependencies": [
            "data.terraform_remote_state.network",
            "module.cluster.aws_cloudwatch_log_group.this",
            "module.cluster.aws_eks_cluster.this",
            "module.cluster.aws_iam_openid_connect_provider.this",
            "module.cluster.data.aws_subnet.selected",
            "module.cluster.data.tls_certificate.this",
            "module.cluster.module.role__control_plane.aws_iam_instance_profile.this",
            "module.cluster.module.role__control_plane.aws_iam_role.this",
            "module.cluster.module.role__control_plane.aws_iam_role_policy.inline",
            "module.cluster.module.role__control_plane.aws_iam_role_policy_attachment.managed",
            "module.cluster.module.role__control_plane.aws_resourcegroups_group.this",
            "module.cluster.module.role__control_plane.data.aws_caller_identity.this",
            "module.cluster.module.role__control_plane.data.aws_iam_policy_document.assume_role",
            "module.cluster.module.role__control_plane.data.aws_iam_policy_document.trusted_iam_entities",
            "module.cluster.module.role__control_plane.data.aws_iam_policy_document.trusted_oidc_providers",
            "module.cluster.module.role__control_plane.data.aws_iam_policy_document.trusted_saml_providers",
            "module.cluster.module.role__control_plane.data.aws_iam_policy_document.trusted_services",
            "module.cluster.module.role__control_plane.data.aws_partition.this",
            "module.cluster.module.security_group__control_plane.aws_security_group.this",
            "module.irsa__kubernetes_external_secrets.module.this.aws_iam_role.this",
            "module.irsa__kubernetes_external_secrets.module.this.data.aws_caller_identity.this",
            "module.irsa__kubernetes_external_secrets.module.this.data.aws_iam_policy_document.assume_role",
            "module.irsa__kubernetes_external_secrets.module.this.data.aws_iam_policy_document.trusted_iam_entities",
            "module.irsa__kubernetes_external_secrets.module.this.data.aws_iam_policy_document.trusted_oidc_providers",
            "module.irsa__kubernetes_external_secrets.module.this.data.aws_iam_policy_document.trusted_saml_providers",
            "module.irsa__kubernetes_external_secrets.module.this.data.aws_iam_policy_document.trusted_services",
            "module.irsa__kubernetes_external_secrets.module.this.data.aws_partition.this"
          ]
        }
      ]
    },
    {
      "module": "module.node_group__app",
      "mode": "data",
      "type": "template_file",
      "name": "userdata",
      "provider": "provider[\"registry.terraform.io/hashicorp/template\"]",
      "instances": [
        {
          "schema_version": 0,
          "attributes": {
            "filename": null,
            "id": "d9cc5a5f60771ad3f9428904fe43549563cf3cd65c207288e97970e3e4f647d6",
            "rendered": "#!/usr/bin/env bash\n\nset -euf -o pipefail\n\n\n# Bootstrap and join the cluster\n# `--apiserver-endpoint` and `--b64-cluster-ca` are optional\n/etc/eks/bootstrap.sh \\\n     \\\n    --kubelet-extra-args \"--node-labels role=app,team=interface\" \\\n    'interface-test'\n",
            "template": "#!/usr/bin/env bash\n\nset -euf -o pipefail\n\n\n# Bootstrap and join the cluster\n# `--apiserver-endpoint` and `--b64-cluster-ca` are optional\n/etc/eks/bootstrap.sh \\\n    ${bootstrap_extra_args} \\\n    --kubelet-extra-args \"${kubelet_extra_args}\" \\\n    '${cluster_name}'\n",
            "vars": {
              "bootstrap_extra_args": "",
              "cluster_name": "interface-test",
              "kubelet_extra_args": "--node-labels role=app,team=interface"
            }
          },
          "sensitive_attributes": []
        }
      ]
    },
    {
      "module": "module.node_group__app",
      "mode": "managed",
      "type": "aws_autoscaling_group",
      "name": "this",
      "provider": "provider[\"registry.terraform.io/hashicorp/aws\"]",
      "instances": [
        {
          "schema_version": 0,
          "attributes": {
            "arn": "arn:aws:autoscaling:ap-northeast-2:480936841767:autoScalingGroup:391138d1-17ac-4b14-8415-d3027a470508:autoScalingGroupName/interface-test-app-v1.21-20230720130103304000000009",
            "availability_zones": [
              "ap-northeast-2a",
              "ap-northeast-2b"
            ],
            "capacity_rebalance": false,
            "default_cooldown": 300,
            "desired_capacity": 3,
            "enabled_metrics": [
              "GroupDesiredCapacity",
              "GroupInServiceCapacity",
              "GroupInServiceInstances",
              "GroupMaxSize",
              "GroupMinSize",
              "GroupPendingCapacity",
              "GroupPendingInstances",
              "GroupStandbyCapacity",
              "GroupStandbyInstances",
              "GroupTerminatingCapacity",
              "GroupTerminatingInstances",
              "GroupTotalCapacity",
              "GroupTotalInstances"
            ],
            "force_delete": false,
            "force_delete_warm_pool": false,
            "health_check_grace_period": 300,
            "health_check_type": "EC2",
            "id": "interface-test-app-v1.21-20230720130103304000000009",
            "initial_lifecycle_hook": [],
            "instance_refresh": [
              {
                "preferences": [
                  {
                    "checkpoint_delay": "",
                    "checkpoint_percentages": [],
                    "instance_warmup": "",
                    "min_healthy_percentage": 90
                  }
                ],
                "strategy": "Rolling",
                "triggers": []
              }
            ],
            "launch_configuration": "",
            "launch_template": [
              {
                "id": "lt-0e1de166bf78656b2",
                "name": "interface-test-app-v1.21-20230720130102739100000007",
                "version": "1"
              }
            ],
            "load_balancers": [],
            "max_instance_lifetime": 0,
            "max_size": 3,
            "metrics_granularity": "1Minute",
            "min_elb_capacity": null,
            "min_size": 1,
            "mixed_instances_policy": [],
            "name": "interface-test-app-v1.21-20230720130103304000000009",
            "name_prefix": "interface-test-app-v1.21-",
            "placement_group": "",
            "protect_from_scale_in": false,
            "service_linked_role_arn": "arn:aws:iam::480936841767:role/aws-service-role/autoscaling.amazonaws.com/AWSServiceRoleForAutoScaling",
            "suspended_processes": [],
            "tag": [],
            "tags": [
              {
                "key": "Name",
                "propagate_at_launch": "true",
                "value": "interface-test-app-v1.21"
              },
              {
                "key": "kubernetes.io/cluster/interface-test",
                "propagate_at_launch": "true",
                "value": "owned"
              },
              {
                "key": "module.terraform.io/full-name",
                "propagate_at_launch": "true",
                "value": "terraform-aws-container/eks-node-group"
              },
              {
                "key": "module.terraform.io/instance",
                "propagate_at_launch": "true",
                "value": "interface-test-app-v1.21"
              },
              {
                "key": "module.terraform.io/name",
                "propagate_at_launch": "true",
                "value": "eks-node-group"
              },
              {
                "key": "module.terraform.io/package",
                "propagate_at_launch": "true",
                "value": "terraform-aws-container"
              },
              {
                "key": "module.terraform.io/version",
                "propagate_at_launch": "true",
                "value": "0.14.0"
              }
            ],
            "target_group_arns": [],
            "termination_policies": [],
            "timeouts": null,
            "vpc_zone_identifier": [
              "subnet-039bbc479baf85052",
              "subnet-0d196beb5d59735f0"
            ],
            "wait_for_capacity_timeout": "10m",
            "wait_for_elb_capacity": null,
            "warm_pool": []
          },
          "sensitive_attributes": [],
          "private": "eyJlMmJmYjczMC1lY2FhLTExZTYtOGY4OC0zNDM2M2JjN2M0YzAiOnsiZGVsZXRlIjo2MDAwMDAwMDAwMDB9fQ==",
          "dependencies": [
            "data.terraform_remote_state.network",
            "module.cluster.aws_cloudwatch_log_group.this",
            "module.cluster.aws_eks_cluster.this",
            "module.cluster.data.aws_subnet.selected",
            "module.cluster.module.role__control_plane.aws_iam_instance_profile.this",
            "module.cluster.module.role__control_plane.aws_iam_role.this",
            "module.cluster.module.role__control_plane.aws_iam_role_policy.inline",
            "module.cluster.module.role__control_plane.aws_iam_role_policy_attachment.managed",
            "module.cluster.module.role__control_plane.aws_resourcegroups_group.this",
            "module.cluster.module.role__control_plane.data.aws_caller_identity.this",
            "module.cluster.module.role__control_plane.data.aws_iam_policy_document.assume_role",
            "module.cluster.module.role__control_plane.data.aws_iam_policy_document.trusted_iam_entities",
            "module.cluster.module.role__control_plane.data.aws_iam_policy_document.trusted_oidc_providers",
            "module.cluster.module.role__control_plane.data.aws_iam_policy_document.trusted_saml_providers",
            "module.cluster.module.role__control_plane.data.aws_iam_policy_document.trusted_services",
            "module.cluster.module.role__control_plane.data.aws_partition.this",
            "module.cluster.module.role__fargate_profile.aws_iam_instance_profile.this",
            "module.cluster.module.role__fargate_profile.aws_iam_role.this",
            "module.cluster.module.role__fargate_profile.aws_iam_role_policy.inline",
            "module.cluster.module.role__fargate_profile.aws_iam_role_policy_attachment.managed",
            "module.cluster.module.role__fargate_profile.aws_resourcegroups_group.this",
            "module.cluster.module.role__fargate_profile.data.aws_caller_identity.this",
            "module.cluster.module.role__fargate_profile.data.aws_iam_policy_document.assume_role",
            "module.cluster.module.role__fargate_profile.data.aws_iam_policy_document.trusted_iam_entities",
            "module.cluster.module.role__fargate_profile.data.aws_iam_policy_document.trusted_oidc_providers",
            "module.cluster.module.role__fargate_profile.data.aws_iam_policy_document.trusted_saml_providers",
            "module.cluster.module.role__fargate_profile.data.aws_iam_policy_document.trusted_services",
            "module.cluster.module.role__fargate_profile.data.aws_partition.this",
            "module.cluster.module.role__node.aws_iam_instance_profile.this",
            "module.cluster.module.role__node.aws_iam_role.this",
            "module.cluster.module.role__node.aws_iam_role_policy.inline",
            "module.cluster.module.role__node.aws_iam_role_policy_attachment.managed",
            "module.cluster.module.role__node.aws_resourcegroups_group.this",
            "module.cluster.module.role__node.data.aws_caller_identity.this",
            "module.cluster.module.role__node.data.aws_iam_policy_document.assume_role",
            "module.cluster.module.role__node.data.aws_iam_policy_document.trusted_iam_entities",
            "module.cluster.module.role__node.data.aws_iam_policy_document.trusted_oidc_providers",
            "module.cluster.module.role__node.data.aws_iam_policy_document.trusted_saml_providers",
            "module.cluster.module.role__node.data.aws_iam_policy_document.trusted_services",
            "module.cluster.module.role__node.data.aws_partition.this",
            "module.cluster.module.security_group__control_plane.aws_security_group.this",
            "module.cluster.module.security_group__node.aws_security_group.this",
            "module.cluster.module.security_group__pod.aws_security_group.this",
            "module.node_group__app.aws_launch_template.this",
            "module.node_group__app.data.template_file.userdata",
            "module.security_group__node.aws_security_group.this"
          ],
          "create_before_destroy": true
        }
      ]
    },
    {
      "module": "module.node_group__app",
      "mode": "managed",
      "type": "aws_launch_template",
      "name": "this",
      "provider": "provider[\"registry.terraform.io/hashicorp/aws\"]",
      "instances": [
        {
          "schema_version": 0,
          "attributes": {
            "arn": "arn:aws:ec2:ap-northeast-2:480936841767:launch-template/lt-0e1de166bf78656b2",
            "block_device_mappings": [
              {
                "device_name": "/dev/xvda",
                "ebs": [
                  {
                    "delete_on_termination": "true",
                    "encrypted": "false",
                    "iops": 0,
                    "kms_key_id": "",
                    "snapshot_id": "",
                    "throughput": 0,
                    "volume_size": 20,
                    "volume_type": "gp2"
                  }
                ],
                "no_device": "",
                "virtual_name": ""
              }
            ],
            "capacity_reservation_specification": [],
            "cpu_options": [],
            "credit_specification": [],
            "default_version": 1,
            "description": "Managed by Terraform.",
            "disable_api_termination": false,
            "ebs_optimized": "false",
            "elastic_gpu_specifications": [],
            "elastic_inference_accelerator": [],
            "enclave_options": [],
            "hibernation_options": [],
            "iam_instance_profile": [
              {
                "arn": "",
                "name": "eks-interface-test-node"
              }
            ],
            "id": "lt-0e1de166bf78656b2",
            "image_id": "ami-0073aeb06ceb4b0dc",
            "instance_initiated_shutdown_behavior": "terminate",
            "instance_market_options": [],
            "instance_type": "t3.small",
            "kernel_id": "",
            "key_name": "RSAinterface",
            "latest_version": 1,
            "license_specification": [],
            "metadata_options": [],
            "monitoring": [
              {
                "enabled": false
              }
            ],
            "name": "interface-test-app-v1.21-20230720130102739100000007",
            "name_prefix": "interface-test-app-v1.21-",
            "network_interfaces": [
              {
                "associate_carrier_ip_address": "",
                "associate_public_ip_address": "true",
                "delete_on_termination": "true",
                "description": "Managed by Terraform.",
                "device_index": 0,
                "interface_type": "",
                "ipv4_address_count": 0,
                "ipv4_addresses": [],
                "ipv6_address_count": 0,
                "ipv6_addresses": [],
                "network_card_index": 0,
                "network_interface_id": "",
                "private_ip_address": "",
                "security_groups": [
                  "sg-003b03756fa8f775f",
                  "sg-036691aa0243bcbaa"
                ],
                "subnet_id": ""
              }
            ],
            "placement": [],
            "ram_disk_id": "",
            "security_group_names": [],
            "tag_specifications": [
              {
                "resource_type": "instance",
                "tags": {
                  "Name": "interface-test-app-v1.21",
                  "kubernetes.io/cluster/interface-test": "owned",
                  "module.terraform.io/full-name": "terraform-aws-container/eks-node-group",
                  "module.terraform.io/instance": "interface-test-app-v1.21",
                  "module.terraform.io/name": "eks-node-group",
                  "module.terraform.io/package": "terraform-aws-container",
                  "module.terraform.io/version": "0.14.0"
                }
              },
              {
                "resource_type": "volume",
                "tags": {
                  "Name": "interface-test-app-v1.21",
                  "kubernetes.io/cluster/interface-test": "owned",
                  "module.terraform.io/full-name": "terraform-aws-container/eks-node-group",
                  "module.terraform.io/instance": "interface-test-app-v1.21",
                  "module.terraform.io/name": "eks-node-group",
                  "module.terraform.io/package": "terraform-aws-container",
                  "module.terraform.io/version": "0.14.0"
                }
              }
            ],
            "tags": {
              "Name": "interface-test-app-v1.21",
              "kubernetes.io/cluster/interface-test": "owned",
              "module.terraform.io/full-name": "terraform-aws-container/eks-node-group",
              "module.terraform.io/instance": "interface-test-app-v1.21",
              "module.terraform.io/name": "eks-node-group",
              "module.terraform.io/package": "terraform-aws-container",
              "module.terraform.io/version": "0.14.0"
            },
            "tags_all": {
              "Name": "interface-test-app-v1.21",
              "kubernetes.io/cluster/interface-test": "owned",
              "module.terraform.io/full-name": "terraform-aws-container/eks-node-group",
              "module.terraform.io/instance": "interface-test-app-v1.21",
              "module.terraform.io/name": "eks-node-group",
              "module.terraform.io/package": "terraform-aws-container",
              "module.terraform.io/version": "0.14.0"
            },
            "update_default_version": null,
            "user_data": "IyEvdXNyL2Jpbi9lbnYgYmFzaAoKc2V0IC1ldWYgLW8gcGlwZWZhaWwKCgojIEJvb3RzdHJhcCBhbmQgam9pbiB0aGUgY2x1c3RlcgojIGAtLWFwaXNlcnZlci1lbmRwb2ludGAgYW5kIGAtLWI2NC1jbHVzdGVyLWNhYCBhcmUgb3B0aW9uYWwKL2V0Yy9la3MvYm9vdHN0cmFwLnNoIFwKICAgICBcCiAgICAtLWt1YmVsZXQtZXh0cmEtYXJncyAiLS1ub2RlLWxhYmVscyByb2xlPWFwcCx0ZWFtPWludGVyZmFjZSIgXAogICAgJ2ludGVyZmFjZS10ZXN0Jwo=",
            "vpc_security_group_ids": []
          },
          "sensitive_attributes": [],
          "private": "bnVsbA==",
          "dependencies": [
            "data.terraform_remote_state.network",
            "module.cluster.aws_cloudwatch_log_group.this",
            "module.cluster.aws_eks_cluster.this",
            "module.cluster.data.aws_subnet.selected",
            "module.cluster.module.role__control_plane.aws_iam_instance_profile.this",
            "module.cluster.module.role__control_plane.aws_iam_role.this",
            "module.cluster.module.role__control_plane.aws_iam_role_policy.inline",
            "module.cluster.module.role__control_plane.aws_iam_role_policy_attachment.managed",
            "module.cluster.module.role__control_plane.aws_resourcegroups_group.this",
            "module.cluster.module.role__control_plane.data.aws_caller_identity.this",
            "module.cluster.module.role__control_plane.data.aws_iam_policy_document.assume_role",
            "module.cluster.module.role__control_plane.data.aws_iam_policy_document.trusted_iam_entities",
            "module.cluster.module.role__control_plane.data.aws_iam_policy_document.trusted_oidc_providers",
            "module.cluster.module.role__control_plane.data.aws_iam_policy_document.trusted_saml_providers",
            "module.cluster.module.role__control_plane.data.aws_iam_policy_document.trusted_services",
            "module.cluster.module.role__control_plane.data.aws_partition.this",
            "module.cluster.module.role__fargate_profile.aws_iam_instance_profile.this",
            "module.cluster.module.role__fargate_profile.aws_iam_role.this",
            "module.cluster.module.role__fargate_profile.aws_iam_role_policy.inline",
            "module.cluster.module.role__fargate_profile.aws_iam_role_policy_attachment.managed",
            "module.cluster.module.role__fargate_profile.aws_resourcegroups_group.this",
            "module.cluster.module.role__fargate_profile.data.aws_caller_identity.this",
            "module.cluster.module.role__fargate_profile.data.aws_iam_policy_document.assume_role",
            "module.cluster.module.role__fargate_profile.data.aws_iam_policy_document.trusted_iam_entities",
            "module.cluster.module.role__fargate_profile.data.aws_iam_policy_document.trusted_oidc_providers",
            "module.cluster.module.role__fargate_profile.data.aws_iam_policy_document.trusted_saml_providers",
            "module.cluster.module.role__fargate_profile.data.aws_iam_policy_document.trusted_services",
            "module.cluster.module.role__fargate_profile.data.aws_partition.this",
            "module.cluster.module.role__node.aws_iam_instance_profile.this",
            "module.cluster.module.role__node.aws_iam_role.this",
            "module.cluster.module.role__node.aws_iam_role_policy.inline",
            "module.cluster.module.role__node.aws_iam_role_policy_attachment.managed",
            "module.cluster.module.role__node.aws_resourcegroups_group.this",
            "module.cluster.module.role__node.data.aws_caller_identity.this",
            "module.cluster.module.role__node.data.aws_iam_policy_document.assume_role",
            "module.cluster.module.role__node.data.aws_iam_policy_document.trusted_iam_entities",
            "module.cluster.module.role__node.data.aws_iam_policy_document.trusted_oidc_providers",
            "module.cluster.module.role__node.data.aws_iam_policy_document.trusted_saml_providers",
            "module.cluster.module.role__node.data.aws_iam_policy_document.trusted_services",
            "module.cluster.module.role__node.data.aws_partition.this",
            "module.cluster.module.security_group__control_plane.aws_security_group.this",
            "module.cluster.module.security_group__node.aws_security_group.this",
            "module.cluster.module.security_group__pod.aws_security_group.this",
            "module.node_group__app.data.template_file.userdata",
            "module.security_group__node.aws_security_group.this"
          ],
          "create_before_destroy": true
        }
      ]
    },
    {
      "module": "module.node_group__app",
      "mode": "managed",
      "type": "aws_resourcegroups_group",
      "name": "this",
      "provider": "provider[\"registry.terraform.io/hashicorp/aws\"]",
      "instances": [
        {
          "index_key": 0,
          "schema_version": 0,
          "attributes": {
            "arn": "arn:aws:resource-groups:ap-northeast-2:480936841767:group/terraform-aws-container.eks-node-group.interface-test-app-v1.21",
            "description": "Managed by Terraform.",
            "id": "terraform-aws-container.eks-node-group.interface-test-app-v1.21",
            "name": "terraform-aws-container.eks-node-group.interface-test-app-v1.21",
            "resource_query": [
              {
                "query": "{\n  \"ResourceTypeFilters\": [\n    \"AWS::AllSupported\"\n  ],\n  \"TagFilters\": [{\"Key\":\"module.terraform.io/full-name\",\"Values\":[\"terraform-aws-container/eks-node-group\"]},{\"Key\":\"module.terraform.io/instance\",\"Values\":[\"interface-test-app-v1.21\"]},{\"Key\":\"module.terraform.io/name\",\"Values\":[\"eks-node-group\"]},{\"Key\":\"module.terraform.io/package\",\"Values\":[\"terraform-aws-container\"]},{\"Key\":\"module.terraform.io/version\",\"Values\":[\"0.14.0\"]}]\n}\n",
                "type": "TAG_FILTERS_1_0"
              }
            ],
            "tags": {
              "Name": "terraform-aws-container.eks-node-group.interface-test-app-v1.21",
              "module.terraform.io/full-name": "terraform-aws-container/eks-node-group",
              "module.terraform.io/instance": "interface-test-app-v1.21",
              "module.terraform.io/name": "eks-node-group",
              "module.terraform.io/package": "terraform-aws-container",
              "module.terraform.io/version": "0.14.0"
            },
            "tags_all": {
              "Name": "terraform-aws-container.eks-node-group.interface-test-app-v1.21",
              "module.terraform.io/full-name": "terraform-aws-container/eks-node-group",
              "module.terraform.io/instance": "interface-test-app-v1.21",
              "module.terraform.io/name": "eks-node-group",
              "module.terraform.io/package": "terraform-aws-container",
              "module.terraform.io/version": "0.14.0"
            }
          },
          "sensitive_attributes": [],
          "private": "bnVsbA==",
          "dependencies": [
            "data.terraform_remote_state.network",
            "module.cluster.aws_cloudwatch_log_group.this",
            "module.cluster.aws_eks_cluster.this",
            "module.cluster.data.aws_subnet.selected",
            "module.cluster.module.role__control_plane.aws_iam_instance_profile.this",
            "module.cluster.module.role__control_plane.aws_iam_role.this",
            "module.cluster.module.role__control_plane.aws_iam_role_policy.inline",
            "module.cluster.module.role__control_plane.aws_iam_role_policy_attachment.managed",
            "module.cluster.module.role__control_plane.aws_resourcegroups_group.this",
            "module.cluster.module.role__control_plane.data.aws_caller_identity.this",
            "module.cluster.module.role__control_plane.data.aws_iam_policy_document.assume_role",
            "module.cluster.module.role__control_plane.data.aws_iam_policy_document.trusted_iam_entities",
            "module.cluster.module.role__control_plane.data.aws_iam_policy_document.trusted_oidc_providers",
            "module.cluster.module.role__control_plane.data.aws_iam_policy_document.trusted_saml_providers",
            "module.cluster.module.role__control_plane.data.aws_iam_policy_document.trusted_services",
            "module.cluster.module.role__control_plane.data.aws_partition.this",
            "module.cluster.module.security_group__control_plane.aws_security_group.this"
          ]
        }
      ]
    },
    {
      "module": "module.security_group__node",
      "mode": "managed",
      "type": "aws_resourcegroups_group",
      "name": "this",
      "provider": "provider[\"registry.terraform.io/hashicorp/aws\"]",
      "instances": [
        {
          "index_key": 0,
          "schema_version": 0,
          "attributes": {
            "arn": "arn:aws:resource-groups:ap-northeast-2:480936841767:group/terraform-aws-network.security-group.interface-test-node-user",
            "description": "Managed by Terraform.",
            "id": "terraform-aws-network.security-group.interface-test-node-user",
            "name": "terraform-aws-network.security-group.interface-test-node-user",
            "resource_query": [
              {
                "query": "{\n  \"ResourceTypeFilters\": [\n    \"AWS::AllSupported\"\n  ],\n  \"TagFilters\": [{\"Key\":\"module.terraform.io/full-name\",\"Values\":[\"terraform-aws-network/security-group\"]},{\"Key\":\"module.terraform.io/instance\",\"Values\":[\"interface-test-node-user\"]},{\"Key\":\"module.terraform.io/name\",\"Values\":[\"security-group\"]},{\"Key\":\"module.terraform.io/package\",\"Values\":[\"terraform-aws-network\"]},{\"Key\":\"module.terraform.io/version\",\"Values\":[\"0.24.0\"]}]\n}\n",
                "type": "TAG_FILTERS_1_0"
              }
            ],
            "tags": {
              "Name": "terraform-aws-network.security-group.interface-test-node-user",
              "module.terraform.io/full-name": "terraform-aws-network/security-group",
              "module.terraform.io/instance": "interface-test-node-user",
              "module.terraform.io/name": "security-group",
              "module.terraform.io/package": "terraform-aws-network",
              "module.terraform.io/version": "0.24.0"
            },
            "tags_all": {
              "Name": "terraform-aws-network.security-group.interface-test-node-user",
              "module.terraform.io/full-name": "terraform-aws-network/security-group",
              "module.terraform.io/instance": "interface-test-node-user",
              "module.terraform.io/name": "security-group",
              "module.terraform.io/package": "terraform-aws-network",
              "module.terraform.io/version": "0.24.0"
            }
          },
          "sensitive_attributes": [],
          "private": "bnVsbA==",
          "dependencies": [
            "data.terraform_remote_state.network",
            "module.cluster.aws_cloudwatch_log_group.this",
            "module.cluster.aws_eks_cluster.this",
            "module.cluster.data.aws_subnet.selected",
            "module.cluster.module.role__control_plane.aws_iam_instance_profile.this",
            "module.cluster.module.role__control_plane.aws_iam_role.this",
            "module.cluster.module.role__control_plane.aws_iam_role_policy.inline",
            "module.cluster.module.role__control_plane.aws_iam_role_policy_attachment.managed",
            "module.cluster.module.role__control_plane.aws_resourcegroups_group.this",
            "module.cluster.module.role__control_plane.data.aws_caller_identity.this",
            "module.cluster.module.role__control_plane.data.aws_iam_policy_document.assume_role",
            "module.cluster.module.role__control_plane.data.aws_iam_policy_document.trusted_iam_entities",
            "module.cluster.module.role__control_plane.data.aws_iam_policy_document.trusted_oidc_providers",
            "module.cluster.module.role__control_plane.data.aws_iam_policy_document.trusted_saml_providers",
            "module.cluster.module.role__control_plane.data.aws_iam_policy_document.trusted_services",
            "module.cluster.module.role__control_plane.data.aws_partition.this",
            "module.cluster.module.security_group__control_plane.aws_security_group.this"
          ]
        }
      ]
    },
    {
      "module": "module.security_group__node",
      "mode": "managed",
      "type": "aws_security_group",
      "name": "this",
      "provider": "provider[\"registry.terraform.io/hashicorp/aws\"]",
      "instances": [
        {
          "schema_version": 1,
          "attributes": {
            "arn": "arn:aws:ec2:ap-northeast-2:480936841767:security-group/sg-003b03756fa8f775f",
            "description": "Security group for EKS nodes.",
            "egress": [
              {
                "cidr_blocks": [
                  "0.0.0.0/0"
                ],
                "description": "Allow nodes to communicate to the Internet.",
                "from_port": 0,
                "ipv6_cidr_blocks": [],
                "prefix_list_ids": [],
                "protocol": "-1",
                "security_groups": [],
                "self": false,
                "to_port": 0
              }
            ],
            "id": "sg-003b03756fa8f775f",
            "ingress": [
              {
                "cidr_blocks": [
                  "10.222.0.0/16"
                ],
                "description": "Allow CIDRs to communicate with MySQL Server.",
                "from_port": 22,
                "ipv6_cidr_blocks": [],
                "prefix_list_ids": [],
                "protocol": "tcp",
                "security_groups": [],
                "self": false,
                "to_port": 22
              }
            ],
            "name": "interface-test-node-user",
            "name_prefix": "",
            "owner_id": "480936841767",
            "revoke_rules_on_delete": false,
            "tags": {
              "Name": "interface-test-node-user",
              "module.terraform.io/full-name": "terraform-aws-network/security-group",
              "module.terraform.io/instance": "interface-test-node-user",
              "module.terraform.io/name": "security-group",
              "module.terraform.io/package": "terraform-aws-network",
              "module.terraform.io/version": "0.24.0"
            },
            "tags_all": {
              "Name": "interface-test-node-user",
              "module.terraform.io/full-name": "terraform-aws-network/security-group",
              "module.terraform.io/instance": "interface-test-node-user",
              "module.terraform.io/name": "security-group",
              "module.terraform.io/package": "terraform-aws-network",
              "module.terraform.io/version": "0.24.0"
            },
            "timeouts": null,
            "vpc_id": "vpc-061d391c2c51349fc"
          },
          "sensitive_attributes": [],
          "private": "eyJlMmJmYjczMC1lY2FhLTExZTYtOGY4OC0zNDM2M2JjN2M0YzAiOnsiY3JlYXRlIjo2MDAwMDAwMDAwMDAsImRlbGV0ZSI6OTAwMDAwMDAwMDAwfSwic2NoZW1hX3ZlcnNpb24iOiIxIn0=",
          "dependencies": [
            "data.terraform_remote_state.network",
            "module.cluster.aws_cloudwatch_log_group.this",
            "module.cluster.aws_eks_cluster.this",
            "module.cluster.data.aws_subnet.selected",
            "module.cluster.module.role__control_plane.aws_iam_instance_profile.this",
            "module.cluster.module.role__control_plane.aws_iam_role.this",
            "module.cluster.module.role__control_plane.aws_iam_role_policy.inline",
            "module.cluster.module.role__control_plane.aws_iam_role_policy_attachment.managed",
            "module.cluster.module.role__control_plane.aws_resourcegroups_group.this",
            "module.cluster.module.role__control_plane.data.aws_caller_identity.this",
            "module.cluster.module.role__control_plane.data.aws_iam_policy_document.assume_role",
            "module.cluster.module.role__control_plane.data.aws_iam_policy_document.trusted_iam_entities",
            "module.cluster.module.role__control_plane.data.aws_iam_policy_document.trusted_oidc_providers",
            "module.cluster.module.role__control_plane.data.aws_iam_policy_document.trusted_saml_providers",
            "module.cluster.module.role__control_plane.data.aws_iam_policy_document.trusted_services",
            "module.cluster.module.role__control_plane.data.aws_partition.this",
            "module.cluster.module.security_group__control_plane.aws_security_group.this"
          ],
          "create_before_destroy": true
        }
      ]
    },
    {
      "module": "module.security_group__node",
      "mode": "managed",
      "type": "aws_security_group_rule",
      "name": "egress",
      "provider": "provider[\"registry.terraform.io/hashicorp/aws\"]",
      "instances": [
        {
          "index_key": "all/all",
          "schema_version": 2,
          "attributes": {
            "cidr_blocks": [
              "0.0.0.0/0"
            ],
            "description": "Allow nodes to communicate to the Internet.",
            "from_port": 0,
            "id": "sgrule-1219934994",
            "ipv6_cidr_blocks": [],
            "prefix_list_ids": [],
            "protocol": "-1",
            "security_group_id": "sg-003b03756fa8f775f",
            "self": false,
            "source_security_group_id": null,
            "to_port": 0,
            "type": "egress"
          },
          "sensitive_attributes": [],
          "private": "eyJzY2hlbWFfdmVyc2lvbiI6IjIifQ==",
          "dependencies": [
            "data.terraform_remote_state.network",
            "module.cluster.aws_cloudwatch_log_group.this",
            "module.cluster.aws_eks_cluster.this",
            "module.cluster.data.aws_subnet.selected",
            "module.cluster.module.role__control_plane.aws_iam_instance_profile.this",
            "module.cluster.module.role__control_plane.aws_iam_role.this",
            "module.cluster.module.role__control_plane.aws_iam_role_policy.inline",
            "module.cluster.module.role__control_plane.aws_iam_role_policy_attachment.managed",
            "module.cluster.module.role__control_plane.aws_resourcegroups_group.this",
            "module.cluster.module.role__control_plane.data.aws_caller_identity.this",
            "module.cluster.module.role__control_plane.data.aws_iam_policy_document.assume_role",
            "module.cluster.module.role__control_plane.data.aws_iam_policy_document.trusted_iam_entities",
            "module.cluster.module.role__control_plane.data.aws_iam_policy_document.trusted_oidc_providers",
            "module.cluster.module.role__control_plane.data.aws_iam_policy_document.trusted_saml_providers",
            "module.cluster.module.role__control_plane.data.aws_iam_policy_document.trusted_services",
            "module.cluster.module.role__control_plane.data.aws_partition.this",
            "module.cluster.module.security_group__control_plane.aws_security_group.this",
            "module.security_group__node.aws_security_group.this"
          ]
        }
      ]
    },
    {
      "module": "module.security_group__node",
      "mode": "managed",
      "type": "aws_security_group_rule",
      "name": "ingress",
      "provider": "provider[\"registry.terraform.io/hashicorp/aws\"]",
      "instances": [
        {
          "index_key": "ssh/cidrs",
          "schema_version": 2,
          "attributes": {
            "cidr_blocks": [
              "10.222.0.0/16"
            ],
            "description": "Allow CIDRs to communicate with MySQL Server.",
            "from_port": 22,
            "id": "sgrule-4174569420",
            "ipv6_cidr_blocks": [],
            "prefix_list_ids": [],
            "protocol": "tcp",
            "security_group_id": "sg-003b03756fa8f775f",
            "self": false,
            "source_security_group_id": null,
            "to_port": 22,
            "type": "ingress"
          },
          "sensitive_attributes": [],
          "private": "eyJzY2hlbWFfdmVyc2lvbiI6IjIifQ==",
          "dependencies": [
            "data.terraform_remote_state.network",
            "module.cluster.aws_cloudwatch_log_group.this",
            "module.cluster.aws_eks_cluster.this",
            "module.cluster.data.aws_subnet.selected",
            "module.cluster.module.role__control_plane.aws_iam_instance_profile.this",
            "module.cluster.module.role__control_plane.aws_iam_role.this",
            "module.cluster.module.role__control_plane.aws_iam_role_policy.inline",
            "module.cluster.module.role__control_plane.aws_iam_role_policy_attachment.managed",
            "module.cluster.module.role__control_plane.aws_resourcegroups_group.this",
            "module.cluster.module.role__control_plane.data.aws_caller_identity.this",
            "module.cluster.module.role__control_plane.data.aws_iam_policy_document.assume_role",
            "module.cluster.module.role__control_plane.data.aws_iam_policy_document.trusted_iam_entities",
            "module.cluster.module.role__control_plane.data.aws_iam_policy_document.trusted_oidc_providers",
            "module.cluster.module.role__control_plane.data.aws_iam_policy_document.trusted_saml_providers",
            "module.cluster.module.role__control_plane.data.aws_iam_policy_document.trusted_services",
            "module.cluster.module.role__control_plane.data.aws_partition.this",
            "module.cluster.module.security_group__control_plane.aws_security_group.this",
            "module.security_group__node.aws_security_group.this"
          ]
        }
      ]
    }
  ],
  "check_results": null
}
